PODS:
  - Charts (3.2.1):
    - Charts/Core (= 3.2.1)
  - Charts/Core (3.2.1)
  - CocoaLumberjack (3.4.2):
    - CocoaLumberjack/Default (= 3.4.2)
    - CocoaLumberjack/Extensions (= 3.4.2)
  - CocoaLumberjack/Default (3.4.2)
  - CocoaLumberjack/Extensions (3.4.2):
    - CocoaLumberjack/Default
  - Crashlytics (3.12.0):
    - Fabric (~> 1.9.0)
  - Fabric (1.9.0)
  - Kingfisher (4.10.1)
  - SideMenu (5.0.3)
  - SQLite.swift (0.11.5):
    - SQLite.swift/standard (= 0.11.5)
  - SQLite.swift/standard (0.11.5)
  - SVGKit (2.1.0):
    - CocoaLumberjack (~> 3.0)

DEPENDENCIES:
  - Charts
  - Crashlytics
  - Fabric
  - Kingfisher (= 4.10.1)
  - SideMenu
  - SQLite.swift
  - SVGKit (from `https://github.com/SVGKit/SVGKit.git`, branch `3.x`)

SPEC REPOS:
  https://github.com/cocoapods/specs.git:
    - Charts
    - CocoaLumberjack
    - Crashlytics
    - Fabric
    - Kingfisher
    - SideMenu
    - SQLite.swift

EXTERNAL SOURCES:
  SVGKit:
    :branch: 3.x
    :git: https://github.com/SVGKit/SVGKit.git

CHECKOUT OPTIONS:
  SVGKit:
    :commit: cc0d7edf67af2bd10a6a895f1b4982b22a8b172a
    :git: https://github.com/SVGKit/SVGKit.git

SPEC CHECKSUMS:
  Charts: f122fb70b19847fa5817d018b77d6c5a2296ab25
  CocoaLumberjack: db7cc9e464771f12054c22ff6947c5a58d43a0fd
  Crashlytics: 07fb167b1694128c1c9a5a5cc319b0e9c3ca0933
  Fabric: f988e33c97f08930a413e08123064d2e5f68d655
  Kingfisher: c148cd7b47ebde9989f6bc7c27dcaa79d81279a0
  SideMenu: 1dcaabce84538c53325c287f7fe62999379a641c
  SQLite.swift: 6e5356850bb1791459f8c16d6ee9195b28714a2e
  SVGKit: 8a2fc74258bdb2abb54d3b65f3dd68b0277a9c4d

PODFILE CHECKSUM: b953248bef61e7169a449338deba6ec774286e3a

COCOAPODS: 1.5.3
