PODS:
  - Charts (3.2.2):
    - Charts/Core (= 3.2.2)
  - Charts/Core (3.2.2)
  - Crashlytics (3.12.0):
    - Fabric (~> 1.9.0)
  - Fabric (1.9.0)
  - Kingfisher (4.10.1)
  - Macaw (0.9.5):
    - SWXMLHash
  - NVActivityIndicatorView (4.6.1):
    - NVActivityIndicatorView/Presenter (= 4.6.1)
  - NVActivityIndicatorView/Presenter (4.6.1)
  - R.swift (5.0.3):
    - R.swift.Library (~> 5.0.0)
  - R.swift.Library (5.0.1)
  - SideMenu (5.0.3)
  - SnapKit (4.2.0)
  - SQLite.swift (0.11.5):
    - SQLite.swift/standard (= 0.11.5)
  - SQLite.swift/standard (0.11.5)
  - SWXMLHash (4.9.0)

DEPENDENCIES:
  - Charts
  - Crashlytics
  - Fabric
  - Kingfisher (= 4.10.1)
  - Macaw (= 0.9.5)
  - NVActivityIndicatorView
  - R.swift
  - SideMenu
  - SnapKit (~> 4.0)
  - SQLite.swift

SPEC REPOS:
  https://github.com/cocoapods/specs.git:
    - Charts
    - Crashlytics
    - Fabric
    - Kingfisher
    - Macaw
    - NVActivityIndicatorView
    - R.swift
    - R.swift.Library
    - SideMenu
    - SnapKit
    - SQLite.swift
    - SWXMLHash

SPEC CHECKSUMS:
  Charts: f69cf0518b6d1d62608ca504248f1bbe0b6ae77e
  Crashlytics: 07fb167b1694128c1c9a5a5cc319b0e9c3ca0933
  Fabric: f988e33c97f08930a413e08123064d2e5f68d655
  Kingfisher: c148cd7b47ebde9989f6bc7c27dcaa79d81279a0
  Macaw: 10bf9e327cb75f24e3225d5229a80ed544df85f0
  NVActivityIndicatorView: 4ca19fccc84595a78957336a086d00a49be6ce61
  R.swift: f5a87643b91ea569d23d6afb3eee9c743edde239
  R.swift.Library: cfe85d569d9bae6cb262922db130e7c3a7a5fad1
  SideMenu: 1dcaabce84538c53325c287f7fe62999379a641c
  SnapKit: fe8a619752f3f27075cc9a90244d75c6c3f27e2a
  SQLite.swift: 6e5356850bb1791459f8c16d6ee9195b28714a2e
  SWXMLHash: 87b0006848a548b7f9485b40bc71721b3ae39add

PODFILE CHECKSUM: 31fa87d53795bfdd20be354d97deffc16b5aa2fd

COCOAPODS: 1.6.1
