// !$*UTF8*$!
{
	archiveVersion = 1;
	classes = {
	};
	objectVersion = 50;
	objects = {

/* Begin PBXBuildFile section */
		0D28CE1432761D5C34F19CA4 /* Pods_DebugCryptotracker.framework in Frameworks */ = {isa = PBXBuildFile; fileRef = E5B2530050E251A72770FCB3 /* Pods_DebugCryptotracker.framework */; };
		B5276AAE21A00F59000A74A5 /* AppDelegate.swift in Sources */ = {isa = PBXBuildFile; fileRef = B5276AAD21A00F59000A74A5 /* AppDelegate.swift */; };
		B5276AB021A00F59000A74A5 /* ViewController.swift in Sources */ = {isa = PBXBuildFile; fileRef = B5276AAF21A00F59000A74A5 /* ViewController.swift */; };
		B5276AB521A00F5A000A74A5 /* Assets.xcassets in Resources */ = {isa = PBXBuildFile; fileRef = B5276AB421A00F5A000A74A5 /* Assets.xcassets */; };
		B5276AB821A00F5A000A74A5 /* LaunchScreen.storyboard in Resources */ = {isa = PBXBuildFile; fileRef = B5276AB621A00F5A000A74A5 /* LaunchScreen.storyboard */; };
		B5276AC221A00F9F000A74A5 /* ViewController.swift in Sources */ = {isa = PBXBuildFile; fileRef = B5276AAF21A00F59000A74A5 /* ViewController.swift */; };
		B5276AC321A00F9F000A74A5 /* AppDelegate.swift in Sources */ = {isa = PBXBuildFile; fileRef = B5276AAD21A00F59000A74A5 /* AppDelegate.swift */; };
		B5276AC621A00F9F000A74A5 /* LaunchScreen.storyboard in Resources */ = {isa = PBXBuildFile; fileRef = B5276AB621A00F5A000A74A5 /* LaunchScreen.storyboard */; };
		B5276AC721A00F9F000A74A5 /* Assets.xcassets in Resources */ = {isa = PBXBuildFile; fileRef = B5276AB421A00F5A000A74A5 /* Assets.xcassets */; };
		B5276AD021A00FAC000A74A5 /* ViewController.swift in Sources */ = {isa = PBXBuildFile; fileRef = B5276AAF21A00F59000A74A5 /* ViewController.swift */; };
		B5276AD121A00FAC000A74A5 /* AppDelegate.swift in Sources */ = {isa = PBXBuildFile; fileRef = B5276AAD21A00F59000A74A5 /* AppDelegate.swift */; };
		B5276AD421A00FAC000A74A5 /* LaunchScreen.storyboard in Resources */ = {isa = PBXBuildFile; fileRef = B5276AB621A00F5A000A74A5 /* LaunchScreen.storyboard */; };
		B5276AD521A00FAC000A74A5 /* Assets.xcassets in Resources */ = {isa = PBXBuildFile; fileRef = B5276AB421A00F5A000A74A5 /* Assets.xcassets */; };
		B5276AF521A0124D000A74A5 /* CurrenciesPresenter.swift in Sources */ = {isa = PBXBuildFile; fileRef = B5276AEF21A0124D000A74A5 /* CurrenciesPresenter.swift */; };
		B5276AF621A0124D000A74A5 /* CurrenciesWorker.swift in Sources */ = {isa = PBXBuildFile; fileRef = B5276AF021A0124D000A74A5 /* CurrenciesWorker.swift */; };
		B5276AF721A0124D000A74A5 /* CurrenciesRouter.swift in Sources */ = {isa = PBXBuildFile; fileRef = B5276AF121A0124D000A74A5 /* CurrenciesRouter.swift */; };
		B5276AF821A0124D000A74A5 /* CurrenciesModels.swift in Sources */ = {isa = PBXBuildFile; fileRef = B5276AF221A0124D000A74A5 /* CurrenciesModels.swift */; };
		B5276AF921A0124D000A74A5 /* CurrenciesViewController.swift in Sources */ = {isa = PBXBuildFile; fileRef = B5276AF321A0124D000A74A5 /* CurrenciesViewController.swift */; };
		B5276AFA21A0124D000A74A5 /* CurrenciesInteractor.swift in Sources */ = {isa = PBXBuildFile; fileRef = B5276AF421A0124D000A74A5 /* CurrenciesInteractor.swift */; };
		B5276B4021A27FDD000A74A5 /* PostsEndPoint.swift in Sources */ = {isa = PBXBuildFile; fileRef = B5276B3F21A27FDD000A74A5 /* PostsEndPoint.swift */; };
		B5276B4121A27FDD000A74A5 /* PostsEndPoint.swift in Sources */ = {isa = PBXBuildFile; fileRef = B5276B3F21A27FDD000A74A5 /* PostsEndPoint.swift */; };
		B5276B4221A27FDD000A74A5 /* PostsEndPoint.swift in Sources */ = {isa = PBXBuildFile; fileRef = B5276B3F21A27FDD000A74A5 /* PostsEndPoint.swift */; };
		B5276B4A21A28183000A74A5 /* PostsPresenter.swift in Sources */ = {isa = PBXBuildFile; fileRef = B5276B4421A28183000A74A5 /* PostsPresenter.swift */; };
		B5276B4B21A28183000A74A5 /* PostsPresenter.swift in Sources */ = {isa = PBXBuildFile; fileRef = B5276B4421A28183000A74A5 /* PostsPresenter.swift */; };
		B5276B4C21A28183000A74A5 /* PostsPresenter.swift in Sources */ = {isa = PBXBuildFile; fileRef = B5276B4421A28183000A74A5 /* PostsPresenter.swift */; };
		B5276B4D21A28183000A74A5 /* PostsWorker.swift in Sources */ = {isa = PBXBuildFile; fileRef = B5276B4521A28183000A74A5 /* PostsWorker.swift */; };
		B5276B4E21A28183000A74A5 /* PostsWorker.swift in Sources */ = {isa = PBXBuildFile; fileRef = B5276B4521A28183000A74A5 /* PostsWorker.swift */; };
		B5276B4F21A28183000A74A5 /* PostsWorker.swift in Sources */ = {isa = PBXBuildFile; fileRef = B5276B4521A28183000A74A5 /* PostsWorker.swift */; };
		B5276B5021A28183000A74A5 /* PostsRouter.swift in Sources */ = {isa = PBXBuildFile; fileRef = B5276B4621A28183000A74A5 /* PostsRouter.swift */; };
		B5276B5121A28183000A74A5 /* PostsRouter.swift in Sources */ = {isa = PBXBuildFile; fileRef = B5276B4621A28183000A74A5 /* PostsRouter.swift */; };
		B5276B5221A28183000A74A5 /* PostsRouter.swift in Sources */ = {isa = PBXBuildFile; fileRef = B5276B4621A28183000A74A5 /* PostsRouter.swift */; };
		B5276B5321A28183000A74A5 /* PostsModels.swift in Sources */ = {isa = PBXBuildFile; fileRef = B5276B4721A28183000A74A5 /* PostsModels.swift */; };
		B5276B5421A28183000A74A5 /* PostsModels.swift in Sources */ = {isa = PBXBuildFile; fileRef = B5276B4721A28183000A74A5 /* PostsModels.swift */; };
		B5276B5521A28183000A74A5 /* PostsModels.swift in Sources */ = {isa = PBXBuildFile; fileRef = B5276B4721A28183000A74A5 /* PostsModels.swift */; };
		B5276B5621A28183000A74A5 /* PostsViewController.swift in Sources */ = {isa = PBXBuildFile; fileRef = B5276B4821A28183000A74A5 /* PostsViewController.swift */; };
		B5276B5721A28183000A74A5 /* PostsViewController.swift in Sources */ = {isa = PBXBuildFile; fileRef = B5276B4821A28183000A74A5 /* PostsViewController.swift */; };
		B5276B5821A28183000A74A5 /* PostsViewController.swift in Sources */ = {isa = PBXBuildFile; fileRef = B5276B4821A28183000A74A5 /* PostsViewController.swift */; };
		B5276B5921A28183000A74A5 /* PostsInteractor.swift in Sources */ = {isa = PBXBuildFile; fileRef = B5276B4921A28183000A74A5 /* PostsInteractor.swift */; };
		B5276B5A21A28183000A74A5 /* PostsInteractor.swift in Sources */ = {isa = PBXBuildFile; fileRef = B5276B4921A28183000A74A5 /* PostsInteractor.swift */; };
		B5276B5B21A28183000A74A5 /* PostsInteractor.swift in Sources */ = {isa = PBXBuildFile; fileRef = B5276B4921A28183000A74A5 /* PostsInteractor.swift */; };
		B5276B5F21A29DD9000A74A5 /* Post.swift in Sources */ = {isa = PBXBuildFile; fileRef = B5276B5E21A29DD9000A74A5 /* Post.swift */; };
		B5276B6021A29DD9000A74A5 /* Post.swift in Sources */ = {isa = PBXBuildFile; fileRef = B5276B5E21A29DD9000A74A5 /* Post.swift */; };
		B5276B6121A29DD9000A74A5 /* Post.swift in Sources */ = {isa = PBXBuildFile; fileRef = B5276B5E21A29DD9000A74A5 /* Post.swift */; };
		B5276B6321A2A171000A74A5 /* PostsNetworkManager.swift in Sources */ = {isa = PBXBuildFile; fileRef = B5276B6221A2A171000A74A5 /* PostsNetworkManager.swift */; };
		B5276B6421A2A171000A74A5 /* PostsNetworkManager.swift in Sources */ = {isa = PBXBuildFile; fileRef = B5276B6221A2A171000A74A5 /* PostsNetworkManager.swift */; };
		B5276B6521A2A171000A74A5 /* PostsNetworkManager.swift in Sources */ = {isa = PBXBuildFile; fileRef = B5276B6221A2A171000A74A5 /* PostsNetworkManager.swift */; };
		B5276B6821A2A29B000A74A5 /* ParameterEncoding.swift in Sources */ = {isa = PBXBuildFile; fileRef = B5276B6721A2A29B000A74A5 /* ParameterEncoding.swift */; };
		B5276B6921A2A29B000A74A5 /* ParameterEncoding.swift in Sources */ = {isa = PBXBuildFile; fileRef = B5276B6721A2A29B000A74A5 /* ParameterEncoding.swift */; };
		B5276B6A21A2A29B000A74A5 /* ParameterEncoding.swift in Sources */ = {isa = PBXBuildFile; fileRef = B5276B6721A2A29B000A74A5 /* ParameterEncoding.swift */; };
		B5276B6C21A2A2C2000A74A5 /* URLParameterEncoder.swift in Sources */ = {isa = PBXBuildFile; fileRef = B5276B6B21A2A2C2000A74A5 /* URLParameterEncoder.swift */; };
		B5276B6D21A2A2C2000A74A5 /* URLParameterEncoder.swift in Sources */ = {isa = PBXBuildFile; fileRef = B5276B6B21A2A2C2000A74A5 /* URLParameterEncoder.swift */; };
		B5276B6E21A2A2C2000A74A5 /* URLParameterEncoder.swift in Sources */ = {isa = PBXBuildFile; fileRef = B5276B6B21A2A2C2000A74A5 /* URLParameterEncoder.swift */; };
		B5276B7021A2A2D7000A74A5 /* JSONParameterEncoder.swift in Sources */ = {isa = PBXBuildFile; fileRef = B5276B6F21A2A2D7000A74A5 /* JSONParameterEncoder.swift */; };
		B5276B7121A2A2D7000A74A5 /* JSONParameterEncoder.swift in Sources */ = {isa = PBXBuildFile; fileRef = B5276B6F21A2A2D7000A74A5 /* JSONParameterEncoder.swift */; };
		B5276B7221A2A2D7000A74A5 /* JSONParameterEncoder.swift in Sources */ = {isa = PBXBuildFile; fileRef = B5276B6F21A2A2D7000A74A5 /* JSONParameterEncoder.swift */; };
		B5276B7521A2A2FD000A74A5 /* EndPointType.swift in Sources */ = {isa = PBXBuildFile; fileRef = B5276B7421A2A2FD000A74A5 /* EndPointType.swift */; };
		B5276B7621A2A2FD000A74A5 /* EndPointType.swift in Sources */ = {isa = PBXBuildFile; fileRef = B5276B7421A2A2FD000A74A5 /* EndPointType.swift */; };
		B5276B7721A2A2FD000A74A5 /* EndPointType.swift in Sources */ = {isa = PBXBuildFile; fileRef = B5276B7421A2A2FD000A74A5 /* EndPointType.swift */; };
		B5276B7921A2A313000A74A5 /* HTTPMethod.swift in Sources */ = {isa = PBXBuildFile; fileRef = B5276B7821A2A313000A74A5 /* HTTPMethod.swift */; };
		B5276B7A21A2A313000A74A5 /* HTTPMethod.swift in Sources */ = {isa = PBXBuildFile; fileRef = B5276B7821A2A313000A74A5 /* HTTPMethod.swift */; };
		B5276B7B21A2A313000A74A5 /* HTTPMethod.swift in Sources */ = {isa = PBXBuildFile; fileRef = B5276B7821A2A313000A74A5 /* HTTPMethod.swift */; };
		B5276B7D21A2A32A000A74A5 /* HTTPTask.swift in Sources */ = {isa = PBXBuildFile; fileRef = B5276B7C21A2A32A000A74A5 /* HTTPTask.swift */; };
		B5276B7E21A2A32A000A74A5 /* HTTPTask.swift in Sources */ = {isa = PBXBuildFile; fileRef = B5276B7C21A2A32A000A74A5 /* HTTPTask.swift */; };
		B5276B7F21A2A32A000A74A5 /* HTTPTask.swift in Sources */ = {isa = PBXBuildFile; fileRef = B5276B7C21A2A32A000A74A5 /* HTTPTask.swift */; };
		B5276B8121A2A33F000A74A5 /* NetworkError.swift in Sources */ = {isa = PBXBuildFile; fileRef = B5276B8021A2A33F000A74A5 /* NetworkError.swift */; };
		B5276B8221A2A33F000A74A5 /* NetworkError.swift in Sources */ = {isa = PBXBuildFile; fileRef = B5276B8021A2A33F000A74A5 /* NetworkError.swift */; };
		B5276B8321A2A33F000A74A5 /* NetworkError.swift in Sources */ = {isa = PBXBuildFile; fileRef = B5276B8021A2A33F000A74A5 /* NetworkError.swift */; };
		B5276B8521A2A353000A74A5 /* NetworkRouter.swift in Sources */ = {isa = PBXBuildFile; fileRef = B5276B8421A2A353000A74A5 /* NetworkRouter.swift */; };
		B5276B8621A2A353000A74A5 /* NetworkRouter.swift in Sources */ = {isa = PBXBuildFile; fileRef = B5276B8421A2A353000A74A5 /* NetworkRouter.swift */; };
		B5276B8721A2A353000A74A5 /* NetworkRouter.swift in Sources */ = {isa = PBXBuildFile; fileRef = B5276B8421A2A353000A74A5 /* NetworkRouter.swift */; };
		B5276B8921A2A369000A74A5 /* Router.swift in Sources */ = {isa = PBXBuildFile; fileRef = B5276B8821A2A369000A74A5 /* Router.swift */; };
		B5276B8A21A2A369000A74A5 /* Router.swift in Sources */ = {isa = PBXBuildFile; fileRef = B5276B8821A2A369000A74A5 /* Router.swift */; };
		B5276B8B21A2A369000A74A5 /* Router.swift in Sources */ = {isa = PBXBuildFile; fileRef = B5276B8821A2A369000A74A5 /* Router.swift */; };
		B5276B8D21A2A37E000A74A5 /* NetworkManager.swift in Sources */ = {isa = PBXBuildFile; fileRef = B5276B8C21A2A37E000A74A5 /* NetworkManager.swift */; };
		B5276B8E21A2A37E000A74A5 /* NetworkManager.swift in Sources */ = {isa = PBXBuildFile; fileRef = B5276B8C21A2A37E000A74A5 /* NetworkManager.swift */; };
		B5276B8F21A2A37E000A74A5 /* NetworkManager.swift in Sources */ = {isa = PBXBuildFile; fileRef = B5276B8C21A2A37E000A74A5 /* NetworkManager.swift */; };
		B5E93CF021A6A3AE00D1705A /* Constants.swift in Sources */ = {isa = PBXBuildFile; fileRef = B5E93CEF21A6A3AE00D1705A /* Constants.swift */; };
		B5E93CF121A6A3AE00D1705A /* Constants.swift in Sources */ = {isa = PBXBuildFile; fileRef = B5E93CEF21A6A3AE00D1705A /* Constants.swift */; };
		B5E93CF221A6A3AE00D1705A /* Constants.swift in Sources */ = {isa = PBXBuildFile; fileRef = B5E93CEF21A6A3AE00D1705A /* Constants.swift */; };
		B5E93CF621A6A42900D1705A /* SFUIDisplay-Heavy.otf in Resources */ = {isa = PBXBuildFile; fileRef = B5E93CF521A6A42900D1705A /* SFUIDisplay-Heavy.otf */; };
		B5E93CF721A6A42900D1705A /* SFUIDisplay-Heavy.otf in Resources */ = {isa = PBXBuildFile; fileRef = B5E93CF521A6A42900D1705A /* SFUIDisplay-Heavy.otf */; };
		B5E93CF821A6A42900D1705A /* SFUIDisplay-Heavy.otf in Resources */ = {isa = PBXBuildFile; fileRef = B5E93CF521A6A42900D1705A /* SFUIDisplay-Heavy.otf */; };
		B5E93D0021A6A73500D1705A /* PostPreviewPresenter.swift in Sources */ = {isa = PBXBuildFile; fileRef = B5E93CFA21A6A73500D1705A /* PostPreviewPresenter.swift */; };
		B5E93D0121A6A73500D1705A /* PostPreviewPresenter.swift in Sources */ = {isa = PBXBuildFile; fileRef = B5E93CFA21A6A73500D1705A /* PostPreviewPresenter.swift */; };
		B5E93D0221A6A73500D1705A /* PostPreviewPresenter.swift in Sources */ = {isa = PBXBuildFile; fileRef = B5E93CFA21A6A73500D1705A /* PostPreviewPresenter.swift */; };
		B5E93D0321A6A73500D1705A /* PostPreviewWorker.swift in Sources */ = {isa = PBXBuildFile; fileRef = B5E93CFB21A6A73500D1705A /* PostPreviewWorker.swift */; };
		B5E93D0421A6A73500D1705A /* PostPreviewWorker.swift in Sources */ = {isa = PBXBuildFile; fileRef = B5E93CFB21A6A73500D1705A /* PostPreviewWorker.swift */; };
		B5E93D0521A6A73500D1705A /* PostPreviewWorker.swift in Sources */ = {isa = PBXBuildFile; fileRef = B5E93CFB21A6A73500D1705A /* PostPreviewWorker.swift */; };
		B5E93D0621A6A73500D1705A /* PostPreviewRouter.swift in Sources */ = {isa = PBXBuildFile; fileRef = B5E93CFC21A6A73500D1705A /* PostPreviewRouter.swift */; };
		B5E93D0721A6A73500D1705A /* PostPreviewRouter.swift in Sources */ = {isa = PBXBuildFile; fileRef = B5E93CFC21A6A73500D1705A /* PostPreviewRouter.swift */; };
		B5E93D0821A6A73500D1705A /* PostPreviewRouter.swift in Sources */ = {isa = PBXBuildFile; fileRef = B5E93CFC21A6A73500D1705A /* PostPreviewRouter.swift */; };
		B5E93D0921A6A73500D1705A /* PostPreviewModels.swift in Sources */ = {isa = PBXBuildFile; fileRef = B5E93CFD21A6A73500D1705A /* PostPreviewModels.swift */; };
		B5E93D0A21A6A73500D1705A /* PostPreviewModels.swift in Sources */ = {isa = PBXBuildFile; fileRef = B5E93CFD21A6A73500D1705A /* PostPreviewModels.swift */; };
		B5E93D0B21A6A73500D1705A /* PostPreviewModels.swift in Sources */ = {isa = PBXBuildFile; fileRef = B5E93CFD21A6A73500D1705A /* PostPreviewModels.swift */; };
		B5E93D0C21A6A73500D1705A /* PostPreviewViewController.swift in Sources */ = {isa = PBXBuildFile; fileRef = B5E93CFE21A6A73500D1705A /* PostPreviewViewController.swift */; };
		B5E93D0D21A6A73500D1705A /* PostPreviewViewController.swift in Sources */ = {isa = PBXBuildFile; fileRef = B5E93CFE21A6A73500D1705A /* PostPreviewViewController.swift */; };
		B5E93D0E21A6A73500D1705A /* PostPreviewViewController.swift in Sources */ = {isa = PBXBuildFile; fileRef = B5E93CFE21A6A73500D1705A /* PostPreviewViewController.swift */; };
		B5E93D0F21A6A73500D1705A /* PostPreviewInteractor.swift in Sources */ = {isa = PBXBuildFile; fileRef = B5E93CFF21A6A73500D1705A /* PostPreviewInteractor.swift */; };
		B5E93D1021A6A73500D1705A /* PostPreviewInteractor.swift in Sources */ = {isa = PBXBuildFile; fileRef = B5E93CFF21A6A73500D1705A /* PostPreviewInteractor.swift */; };
		B5E93D1121A6A73500D1705A /* PostPreviewInteractor.swift in Sources */ = {isa = PBXBuildFile; fileRef = B5E93CFF21A6A73500D1705A /* PostPreviewInteractor.swift */; };
		B5E93D2E21A6B90F00D1705A /* SQLiteDataStore.swift in Sources */ = {isa = PBXBuildFile; fileRef = B5E93D2D21A6B90F00D1705A /* SQLiteDataStore.swift */; };
		B5E93D2F21A6B90F00D1705A /* SQLiteDataStore.swift in Sources */ = {isa = PBXBuildFile; fileRef = B5E93D2D21A6B90F00D1705A /* SQLiteDataStore.swift */; };
		B5E93D3021A6B90F00D1705A /* SQLiteDataStore.swift in Sources */ = {isa = PBXBuildFile; fileRef = B5E93D2D21A6B90F00D1705A /* SQLiteDataStore.swift */; };
		B5E93D3221A6B98E00D1705A /* DataHelperProtocol.swift in Sources */ = {isa = PBXBuildFile; fileRef = B5E93D3121A6B98E00D1705A /* DataHelperProtocol.swift */; };
		B5E93D3321A6B98E00D1705A /* DataHelperProtocol.swift in Sources */ = {isa = PBXBuildFile; fileRef = B5E93D3121A6B98E00D1705A /* DataHelperProtocol.swift */; };
		B5E93D3421A6B98E00D1705A /* DataHelperProtocol.swift in Sources */ = {isa = PBXBuildFile; fileRef = B5E93D3121A6B98E00D1705A /* DataHelperProtocol.swift */; };
		B5E93D3621A6B9B000D1705A /* DataAccessError.swift in Sources */ = {isa = PBXBuildFile; fileRef = B5E93D3521A6B9B000D1705A /* DataAccessError.swift */; };
		B5E93D3721A6B9B000D1705A /* DataAccessError.swift in Sources */ = {isa = PBXBuildFile; fileRef = B5E93D3521A6B9B000D1705A /* DataAccessError.swift */; };
		B5E93D3821A6B9B000D1705A /* DataAccessError.swift in Sources */ = {isa = PBXBuildFile; fileRef = B5E93D3521A6B9B000D1705A /* DataAccessError.swift */; };
		B5E93D3A21A6B9DD00D1705A /* PostDataHelper.swift in Sources */ = {isa = PBXBuildFile; fileRef = B5E93D3921A6B9DD00D1705A /* PostDataHelper.swift */; };
		B5E93D3B21A6B9DD00D1705A /* PostDataHelper.swift in Sources */ = {isa = PBXBuildFile; fileRef = B5E93D3921A6B9DD00D1705A /* PostDataHelper.swift */; };
		B5E93D3C21A6B9DD00D1705A /* PostDataHelper.swift in Sources */ = {isa = PBXBuildFile; fileRef = B5E93D3921A6B9DD00D1705A /* PostDataHelper.swift */; };
		B5E93D3E21A6CEFC00D1705A /* CategoryDataHelper.swift in Sources */ = {isa = PBXBuildFile; fileRef = B5E93D3D21A6CEFC00D1705A /* CategoryDataHelper.swift */; };
		B5E93D3F21A6CEFC00D1705A /* CategoryDataHelper.swift in Sources */ = {isa = PBXBuildFile; fileRef = B5E93D3D21A6CEFC00D1705A /* CategoryDataHelper.swift */; };
		B5E93D4021A6CEFC00D1705A /* CategoryDataHelper.swift in Sources */ = {isa = PBXBuildFile; fileRef = B5E93D3D21A6CEFC00D1705A /* CategoryDataHelper.swift */; };
		B5E93D4221A6D83200D1705A /* PostCategoryDataHelper.swift in Sources */ = {isa = PBXBuildFile; fileRef = B5E93D4121A6D83200D1705A /* PostCategoryDataHelper.swift */; };
		B5E93D4321A6D83200D1705A /* PostCategoryDataHelper.swift in Sources */ = {isa = PBXBuildFile; fileRef = B5E93D4121A6D83200D1705A /* PostCategoryDataHelper.swift */; };
		B5E93D4421A6D83200D1705A /* PostCategoryDataHelper.swift in Sources */ = {isa = PBXBuildFile; fileRef = B5E93D4121A6D83200D1705A /* PostCategoryDataHelper.swift */; };
		B5E93D4621A6E64200D1705A /* DataStore.swift in Sources */ = {isa = PBXBuildFile; fileRef = B5E93D4521A6E64200D1705A /* DataStore.swift */; };
		B5E93D4721A6E64200D1705A /* DataStore.swift in Sources */ = {isa = PBXBuildFile; fileRef = B5E93D4521A6E64200D1705A /* DataStore.swift */; };
		B5E93D4821A6E64200D1705A /* DataStore.swift in Sources */ = {isa = PBXBuildFile; fileRef = B5E93D4521A6E64200D1705A /* DataStore.swift */; };
		B5F5BFA721A426680012599B /* PostsCell.swift in Sources */ = {isa = PBXBuildFile; fileRef = B5F5BFA621A426680012599B /* PostsCell.swift */; };
		B5F5BFA821A426680012599B /* PostsCell.swift in Sources */ = {isa = PBXBuildFile; fileRef = B5F5BFA621A426680012599B /* PostsCell.swift */; };
		B5F5BFA921A426680012599B /* PostsCell.swift in Sources */ = {isa = PBXBuildFile; fileRef = B5F5BFA621A426680012599B /* PostsCell.swift */; };
		C07B6C3481306E5A4E4462D0 /* Pods_StagingCryptotracker.framework in Frameworks */ = {isa = PBXBuildFile; fileRef = 084EF5BB3FCB474B5135431A /* Pods_StagingCryptotracker.framework */; };
		C0CE4935DE67B38D9BD096C9 /* Pods_Cryptotracker.framework in Frameworks */ = {isa = PBXBuildFile; fileRef = 8D2C2A8FD287D294CF24F89F /* Pods_Cryptotracker.framework */; };
/* End PBXBuildFile section */

/* Begin PBXFileReference section */
		084EF5BB3FCB474B5135431A /* Pods_StagingCryptotracker.framework */ = {isa = PBXFileReference; explicitFileType = wrapper.framework; includeInIndex = 0; path = Pods_StagingCryptotracker.framework; sourceTree = BUILT_PRODUCTS_DIR; };
		5FCA7E08A6E532B728A4A8C5 /* Pods-StagingCryptotracker.release.xcconfig */ = {isa = PBXFileReference; includeInIndex = 1; lastKnownFileType = text.xcconfig; name = "Pods-StagingCryptotracker.release.xcconfig"; path = "Pods/Target Support Files/Pods-StagingCryptotracker/Pods-StagingCryptotracker.release.xcconfig"; sourceTree = "<group>"; };
		8D2C2A8FD287D294CF24F89F /* Pods_Cryptotracker.framework */ = {isa = PBXFileReference; explicitFileType = wrapper.framework; includeInIndex = 0; path = Pods_Cryptotracker.framework; sourceTree = BUILT_PRODUCTS_DIR; };
		A0CC2CCCAA2E062ED9822C81 /* Pods-DebugCryptotracker.release.xcconfig */ = {isa = PBXFileReference; includeInIndex = 1; lastKnownFileType = text.xcconfig; name = "Pods-DebugCryptotracker.release.xcconfig"; path = "Pods/Target Support Files/Pods-DebugCryptotracker/Pods-DebugCryptotracker.release.xcconfig"; sourceTree = "<group>"; };
		A987954D56EDBE59FCFB0C3C /* Pods-Cryptotracker.release.xcconfig */ = {isa = PBXFileReference; includeInIndex = 1; lastKnownFileType = text.xcconfig; name = "Pods-Cryptotracker.release.xcconfig"; path = "Pods/Target Support Files/Pods-Cryptotracker/Pods-Cryptotracker.release.xcconfig"; sourceTree = "<group>"; };
		B3C7929EE344E49051F23381 /* Pods-StagingCryptotracker.debug.xcconfig */ = {isa = PBXFileReference; includeInIndex = 1; lastKnownFileType = text.xcconfig; name = "Pods-StagingCryptotracker.debug.xcconfig"; path = "Pods/Target Support Files/Pods-StagingCryptotracker/Pods-StagingCryptotracker.debug.xcconfig"; sourceTree = "<group>"; };
		B5276AAA21A00F59000A74A5 /* Cryptotracker.app */ = {isa = PBXFileReference; explicitFileType = wrapper.application; includeInIndex = 0; path = Cryptotracker.app; sourceTree = BUILT_PRODUCTS_DIR; };
		B5276AAD21A00F59000A74A5 /* AppDelegate.swift */ = {isa = PBXFileReference; lastKnownFileType = sourcecode.swift; path = AppDelegate.swift; sourceTree = "<group>"; };
		B5276AAF21A00F59000A74A5 /* ViewController.swift */ = {isa = PBXFileReference; lastKnownFileType = sourcecode.swift; path = ViewController.swift; sourceTree = "<group>"; };
		B5276AB421A00F5A000A74A5 /* Assets.xcassets */ = {isa = PBXFileReference; lastKnownFileType = folder.assetcatalog; path = Assets.xcassets; sourceTree = "<group>"; };
		B5276AB721A00F5A000A74A5 /* Base */ = {isa = PBXFileReference; lastKnownFileType = file.storyboard; name = Base; path = Base.lproj/LaunchScreen.storyboard; sourceTree = "<group>"; };
		B5276AB921A00F5A000A74A5 /* Info.plist */ = {isa = PBXFileReference; lastKnownFileType = text.plist.xml; path = Info.plist; sourceTree = "<group>"; };
		B5276ACC21A00F9F000A74A5 /* DebugCryptotracker.app */ = {isa = PBXFileReference; explicitFileType = wrapper.application; includeInIndex = 0; path = DebugCryptotracker.app; sourceTree = BUILT_PRODUCTS_DIR; };
		B5276ACD21A00F9F000A74A5 /* Info.plist */ = {isa = PBXFileReference; lastKnownFileType = text.plist.xml; name = Info.plist; path = /Users/abaikirov/WORK/MakeUseOf/Cryptotracker/Cryptotracker/CryptotrackerDebug/Info.plist; sourceTree = "<absolute>"; };
		B5276ADA21A00FAC000A74A5 /* StagingCryptotracker.app */ = {isa = PBXFileReference; explicitFileType = wrapper.application; includeInIndex = 0; path = StagingCryptotracker.app; sourceTree = BUILT_PRODUCTS_DIR; };
		B5276ADB21A00FAC000A74A5 /* Info.plist */ = {isa = PBXFileReference; lastKnownFileType = text.plist.xml; name = Info.plist; path = /Users/abaikirov/WORK/MakeUseOf/Cryptotracker/Cryptotracker/CryptotrackerStaging/Info.plist; sourceTree = "<absolute>"; };
		B5276AEF21A0124D000A74A5 /* CurrenciesPresenter.swift */ = {isa = PBXFileReference; lastKnownFileType = sourcecode.swift; path = CurrenciesPresenter.swift; sourceTree = "<group>"; };
		B5276AF021A0124D000A74A5 /* CurrenciesWorker.swift */ = {isa = PBXFileReference; lastKnownFileType = sourcecode.swift; path = CurrenciesWorker.swift; sourceTree = "<group>"; };
		B5276AF121A0124D000A74A5 /* CurrenciesRouter.swift */ = {isa = PBXFileReference; lastKnownFileType = sourcecode.swift; path = CurrenciesRouter.swift; sourceTree = "<group>"; };
		B5276AF221A0124D000A74A5 /* CurrenciesModels.swift */ = {isa = PBXFileReference; lastKnownFileType = sourcecode.swift; path = CurrenciesModels.swift; sourceTree = "<group>"; };
		B5276AF321A0124D000A74A5 /* CurrenciesViewController.swift */ = {isa = PBXFileReference; lastKnownFileType = sourcecode.swift; path = CurrenciesViewController.swift; sourceTree = "<group>"; };
		B5276AF421A0124D000A74A5 /* CurrenciesInteractor.swift */ = {isa = PBXFileReference; lastKnownFileType = sourcecode.swift; path = CurrenciesInteractor.swift; sourceTree = "<group>"; };
		B5276B3F21A27FDD000A74A5 /* PostsEndPoint.swift */ = {isa = PBXFileReference; lastKnownFileType = sourcecode.swift; path = PostsEndPoint.swift; sourceTree = "<group>"; };
		B5276B4421A28183000A74A5 /* PostsPresenter.swift */ = {isa = PBXFileReference; lastKnownFileType = sourcecode.swift; path = PostsPresenter.swift; sourceTree = "<group>"; };
		B5276B4521A28183000A74A5 /* PostsWorker.swift */ = {isa = PBXFileReference; lastKnownFileType = sourcecode.swift; path = PostsWorker.swift; sourceTree = "<group>"; };
		B5276B4621A28183000A74A5 /* PostsRouter.swift */ = {isa = PBXFileReference; lastKnownFileType = sourcecode.swift; path = PostsRouter.swift; sourceTree = "<group>"; };
		B5276B4721A28183000A74A5 /* PostsModels.swift */ = {isa = PBXFileReference; lastKnownFileType = sourcecode.swift; path = PostsModels.swift; sourceTree = "<group>"; };
		B5276B4821A28183000A74A5 /* PostsViewController.swift */ = {isa = PBXFileReference; lastKnownFileType = sourcecode.swift; path = PostsViewController.swift; sourceTree = "<group>"; };
		B5276B4921A28183000A74A5 /* PostsInteractor.swift */ = {isa = PBXFileReference; lastKnownFileType = sourcecode.swift; path = PostsInteractor.swift; sourceTree = "<group>"; };
		B5276B5E21A29DD9000A74A5 /* Post.swift */ = {isa = PBXFileReference; lastKnownFileType = sourcecode.swift; path = Post.swift; sourceTree = "<group>"; };
		B5276B6221A2A171000A74A5 /* PostsNetworkManager.swift */ = {isa = PBXFileReference; lastKnownFileType = sourcecode.swift; path = PostsNetworkManager.swift; sourceTree = "<group>"; };
		B5276B6721A2A29B000A74A5 /* ParameterEncoding.swift */ = {isa = PBXFileReference; lastKnownFileType = sourcecode.swift; path = ParameterEncoding.swift; sourceTree = "<group>"; };
		B5276B6B21A2A2C2000A74A5 /* URLParameterEncoder.swift */ = {isa = PBXFileReference; lastKnownFileType = sourcecode.swift; path = URLParameterEncoder.swift; sourceTree = "<group>"; };
		B5276B6F21A2A2D7000A74A5 /* JSONParameterEncoder.swift */ = {isa = PBXFileReference; lastKnownFileType = sourcecode.swift; path = JSONParameterEncoder.swift; sourceTree = "<group>"; };
		B5276B7421A2A2FD000A74A5 /* EndPointType.swift */ = {isa = PBXFileReference; lastKnownFileType = sourcecode.swift; path = EndPointType.swift; sourceTree = "<group>"; };
		B5276B7821A2A313000A74A5 /* HTTPMethod.swift */ = {isa = PBXFileReference; lastKnownFileType = sourcecode.swift; path = HTTPMethod.swift; sourceTree = "<group>"; };
		B5276B7C21A2A32A000A74A5 /* HTTPTask.swift */ = {isa = PBXFileReference; lastKnownFileType = sourcecode.swift; path = HTTPTask.swift; sourceTree = "<group>"; };
		B5276B8021A2A33F000A74A5 /* NetworkError.swift */ = {isa = PBXFileReference; lastKnownFileType = sourcecode.swift; path = NetworkError.swift; sourceTree = "<group>"; };
		B5276B8421A2A353000A74A5 /* NetworkRouter.swift */ = {isa = PBXFileReference; lastKnownFileType = sourcecode.swift; path = NetworkRouter.swift; sourceTree = "<group>"; };
		B5276B8821A2A369000A74A5 /* Router.swift */ = {isa = PBXFileReference; lastKnownFileType = sourcecode.swift; path = Router.swift; sourceTree = "<group>"; };
		B5276B8C21A2A37E000A74A5 /* NetworkManager.swift */ = {isa = PBXFileReference; lastKnownFileType = sourcecode.swift; path = NetworkManager.swift; sourceTree = "<group>"; };
		B5E93CEF21A6A3AE00D1705A /* Constants.swift */ = {isa = PBXFileReference; lastKnownFileType = sourcecode.swift; path = Constants.swift; sourceTree = "<group>"; };
		B5E93CF521A6A42900D1705A /* SFUIDisplay-Heavy.otf */ = {isa = PBXFileReference; lastKnownFileType = file; path = "SFUIDisplay-Heavy.otf"; sourceTree = "<group>"; };
		B5E93CFA21A6A73500D1705A /* PostPreviewPresenter.swift */ = {isa = PBXFileReference; lastKnownFileType = sourcecode.swift; path = PostPreviewPresenter.swift; sourceTree = "<group>"; };
		B5E93CFB21A6A73500D1705A /* PostPreviewWorker.swift */ = {isa = PBXFileReference; lastKnownFileType = sourcecode.swift; path = PostPreviewWorker.swift; sourceTree = "<group>"; };
		B5E93CFC21A6A73500D1705A /* PostPreviewRouter.swift */ = {isa = PBXFileReference; lastKnownFileType = sourcecode.swift; path = PostPreviewRouter.swift; sourceTree = "<group>"; };
		B5E93CFD21A6A73500D1705A /* PostPreviewModels.swift */ = {isa = PBXFileReference; lastKnownFileType = sourcecode.swift; path = PostPreviewModels.swift; sourceTree = "<group>"; };
		B5E93CFE21A6A73500D1705A /* PostPreviewViewController.swift */ = {isa = PBXFileReference; lastKnownFileType = sourcecode.swift; path = PostPreviewViewController.swift; sourceTree = "<group>"; };
		B5E93CFF21A6A73500D1705A /* PostPreviewInteractor.swift */ = {isa = PBXFileReference; lastKnownFileType = sourcecode.swift; path = PostPreviewInteractor.swift; sourceTree = "<group>"; };
		B5E93D2D21A6B90F00D1705A /* SQLiteDataStore.swift */ = {isa = PBXFileReference; lastKnownFileType = sourcecode.swift; path = SQLiteDataStore.swift; sourceTree = "<group>"; };
		B5E93D3121A6B98E00D1705A /* DataHelperProtocol.swift */ = {isa = PBXFileReference; lastKnownFileType = sourcecode.swift; path = DataHelperProtocol.swift; sourceTree = "<group>"; };
		B5E93D3521A6B9B000D1705A /* DataAccessError.swift */ = {isa = PBXFileReference; lastKnownFileType = sourcecode.swift; path = DataAccessError.swift; sourceTree = "<group>"; };
		B5E93D3921A6B9DD00D1705A /* PostDataHelper.swift */ = {isa = PBXFileReference; lastKnownFileType = sourcecode.swift; path = PostDataHelper.swift; sourceTree = "<group>"; };
		B5E93D3D21A6CEFC00D1705A /* CategoryDataHelper.swift */ = {isa = PBXFileReference; lastKnownFileType = sourcecode.swift; path = CategoryDataHelper.swift; sourceTree = "<group>"; };
		B5E93D4121A6D83200D1705A /* PostCategoryDataHelper.swift */ = {isa = PBXFileReference; lastKnownFileType = sourcecode.swift; path = PostCategoryDataHelper.swift; sourceTree = "<group>"; };
		B5E93D4521A6E64200D1705A /* DataStore.swift */ = {isa = PBXFileReference; lastKnownFileType = sourcecode.swift; path = DataStore.swift; sourceTree = "<group>"; };
		B5F5BFA621A426680012599B /* PostsCell.swift */ = {isa = PBXFileReference; lastKnownFileType = sourcecode.swift; path = PostsCell.swift; sourceTree = "<group>"; };
		BE5699FBAB6541F8D8B098DF /* Pods-DebugCryptotracker.debug.xcconfig */ = {isa = PBXFileReference; includeInIndex = 1; lastKnownFileType = text.xcconfig; name = "Pods-DebugCryptotracker.debug.xcconfig"; path = "Pods/Target Support Files/Pods-DebugCryptotracker/Pods-DebugCryptotracker.debug.xcconfig"; sourceTree = "<group>"; };
		C89D204088B1CE9DA386B707 /* Pods-Cryptotracker.debug.xcconfig */ = {isa = PBXFileReference; includeInIndex = 1; lastKnownFileType = text.xcconfig; name = "Pods-Cryptotracker.debug.xcconfig"; path = "Pods/Target Support Files/Pods-Cryptotracker/Pods-Cryptotracker.debug.xcconfig"; sourceTree = "<group>"; };
		E5B2530050E251A72770FCB3 /* Pods_DebugCryptotracker.framework */ = {isa = PBXFileReference; explicitFileType = wrapper.framework; includeInIndex = 0; path = Pods_DebugCryptotracker.framework; sourceTree = BUILT_PRODUCTS_DIR; };
/* End PBXFileReference section */

/* Begin PBXFrameworksBuildPhase section */
		B5276AA721A00F59000A74A5 /* Frameworks */ = {
			isa = PBXFrameworksBuildPhase;
			buildActionMask = 2147483647;
			files = (
				C0CE4935DE67B38D9BD096C9 /* Pods_Cryptotracker.framework in Frameworks */,
			);
			runOnlyForDeploymentPostprocessing = 0;
		};
		B5276AC421A00F9F000A74A5 /* Frameworks */ = {
			isa = PBXFrameworksBuildPhase;
			buildActionMask = 2147483647;
			files = (
				0D28CE1432761D5C34F19CA4 /* Pods_DebugCryptotracker.framework in Frameworks */,
			);
			runOnlyForDeploymentPostprocessing = 0;
		};
		B5276AD221A00FAC000A74A5 /* Frameworks */ = {
			isa = PBXFrameworksBuildPhase;
			buildActionMask = 2147483647;
			files = (
				C07B6C3481306E5A4E4462D0 /* Pods_StagingCryptotracker.framework in Frameworks */,
			);
			runOnlyForDeploymentPostprocessing = 0;
		};
/* End PBXFrameworksBuildPhase section */

/* Begin PBXGroup section */
		4B779F8A4C99F81D4831474B /* Frameworks */ = {
			isa = PBXGroup;
			children = (
				8D2C2A8FD287D294CF24F89F /* Pods_Cryptotracker.framework */,
				E5B2530050E251A72770FCB3 /* Pods_DebugCryptotracker.framework */,
				084EF5BB3FCB474B5135431A /* Pods_StagingCryptotracker.framework */,
			);
			name = Frameworks;
			sourceTree = "<group>";
		};
		B5276AA121A00F59000A74A5 = {
			isa = PBXGroup;
			children = (
				B5276AE121A01094000A74A5 /* CryptotrackerRelease */,
				B5276ADD21A00FFC000A74A5 /* CryptotrackerStaging */,
				B5276ADC21A00FEE000A74A5 /* CryptotrackerDebug */,
				B5276ABF21A00F83000A74A5 /* Source */,
				B5276AAC21A00F59000A74A5 /* Cryptotracker */,
				B5276AAB21A00F59000A74A5 /* Products */,
				C507AE03D095A52756BA7150 /* Pods */,
				4B779F8A4C99F81D4831474B /* Frameworks */,
			);
			sourceTree = "<group>";
		};
		B5276AAB21A00F59000A74A5 /* Products */ = {
			isa = PBXGroup;
			children = (
				B5276AAA21A00F59000A74A5 /* Cryptotracker.app */,
				B5276ACC21A00F9F000A74A5 /* DebugCryptotracker.app */,
				B5276ADA21A00FAC000A74A5 /* StagingCryptotracker.app */,
			);
			name = Products;
			sourceTree = "<group>";
		};
		B5276AAC21A00F59000A74A5 /* Cryptotracker */ = {
			isa = PBXGroup;
			children = (
				B5276AAD21A00F59000A74A5 /* AppDelegate.swift */,
				B5276AAF21A00F59000A74A5 /* ViewController.swift */,
				B5276AB421A00F5A000A74A5 /* Assets.xcassets */,
				B5276AB621A00F5A000A74A5 /* LaunchScreen.storyboard */,
			);
			path = Cryptotracker;
			sourceTree = "<group>";
		};
		B5276ABF21A00F83000A74A5 /* Source */ = {
			isa = PBXGroup;
			children = (
				B5E93D2B21A6B44B00D1705A /* DataStore */,
				B5E93CF321A6A40C00D1705A /* Assets */,
				B5E93CEE21A6A39800D1705A /* Common */,
				B5276B5D21A29DC9000A74A5 /* Models */,
				B5276B5C21A29DB8000A74A5 /* Scenes */,
				B5276B3E21A27F17000A74A5 /* Network */,
			);
			path = Source;
			sourceTree = "<group>";
		};
		B5276ADC21A00FEE000A74A5 /* CryptotrackerDebug */ = {
			isa = PBXGroup;
			children = (
				B5276ACD21A00F9F000A74A5 /* Info.plist */,
			);
			path = CryptotrackerDebug;
			sourceTree = "<group>";
		};
		B5276ADD21A00FFC000A74A5 /* CryptotrackerStaging */ = {
			isa = PBXGroup;
			children = (
				B5276ADB21A00FAC000A74A5 /* Info.plist */,
			);
			path = CryptotrackerStaging;
			sourceTree = "<group>";
		};
		B5276AE121A01094000A74A5 /* CryptotrackerRelease */ = {
			isa = PBXGroup;
			children = (
				B5276AB921A00F5A000A74A5 /* Info.plist */,
			);
			path = CryptotrackerRelease;
			sourceTree = "<group>";
		};
		B5276AEE21A011ED000A74A5 /* Currencies */ = {
			isa = PBXGroup;
			children = (
				B5276AEF21A0124D000A74A5 /* CurrenciesPresenter.swift */,
				B5276AF021A0124D000A74A5 /* CurrenciesWorker.swift */,
				B5276AF121A0124D000A74A5 /* CurrenciesRouter.swift */,
				B5276AF221A0124D000A74A5 /* CurrenciesModels.swift */,
				B5276AF321A0124D000A74A5 /* CurrenciesViewController.swift */,
				B5276AF421A0124D000A74A5 /* CurrenciesInteractor.swift */,
			);
			path = Currencies;
			sourceTree = "<group>";
		};
		B5276B3E21A27F17000A74A5 /* Network */ = {
			isa = PBXGroup;
			children = (
				B5276B7321A2A2EB000A74A5 /* Service */,
				B5276B6621A2A288000A74A5 /* Encoding */,
				B5276B3F21A27FDD000A74A5 /* PostsEndPoint.swift */,
				B5276B6221A2A171000A74A5 /* PostsNetworkManager.swift */,
			);
			path = Network;
			sourceTree = "<group>";
		};
		B5276B4321A2816F000A74A5 /* Posts */ = {
			isa = PBXGroup;
			children = (
				B5276B4421A28183000A74A5 /* PostsPresenter.swift */,
				B5276B4521A28183000A74A5 /* PostsWorker.swift */,
				B5276B4621A28183000A74A5 /* PostsRouter.swift */,
				B5276B4721A28183000A74A5 /* PostsModels.swift */,
				B5276B4821A28183000A74A5 /* PostsViewController.swift */,
				B5276B4921A28183000A74A5 /* PostsInteractor.swift */,
				B5F5BFA621A426680012599B /* PostsCell.swift */,
			);
			path = Posts;
			sourceTree = "<group>";
		};
		B5276B5C21A29DB8000A74A5 /* Scenes */ = {
			isa = PBXGroup;
			children = (
				B5E93CF921A6A71A00D1705A /* PostPreview */,
				B5276AEE21A011ED000A74A5 /* Currencies */,
				B5276B4321A2816F000A74A5 /* Posts */,
			);
			path = Scenes;
			sourceTree = "<group>";
		};
		B5276B5D21A29DC9000A74A5 /* Models */ = {
			isa = PBXGroup;
			children = (
				B5276B5E21A29DD9000A74A5 /* Post.swift */,
			);
			path = Models;
			sourceTree = "<group>";
		};
		B5276B6621A2A288000A74A5 /* Encoding */ = {
			isa = PBXGroup;
			children = (
				B5276B6721A2A29B000A74A5 /* ParameterEncoding.swift */,
				B5276B6B21A2A2C2000A74A5 /* URLParameterEncoder.swift */,
				B5276B6F21A2A2D7000A74A5 /* JSONParameterEncoder.swift */,
			);
			path = Encoding;
			sourceTree = "<group>";
		};
		B5276B7321A2A2EB000A74A5 /* Service */ = {
			isa = PBXGroup;
			children = (
				B5276B7421A2A2FD000A74A5 /* EndPointType.swift */,
				B5276B7821A2A313000A74A5 /* HTTPMethod.swift */,
				B5276B7C21A2A32A000A74A5 /* HTTPTask.swift */,
				B5276B8021A2A33F000A74A5 /* NetworkError.swift */,
				B5276B8421A2A353000A74A5 /* NetworkRouter.swift */,
				B5276B8821A2A369000A74A5 /* Router.swift */,
				B5276B8C21A2A37E000A74A5 /* NetworkManager.swift */,
			);
			path = Service;
			sourceTree = "<group>";
		};
		B5E93CEE21A6A39800D1705A /* Common */ = {
			isa = PBXGroup;
			children = (
				B5E93CEF21A6A3AE00D1705A /* Constants.swift */,
			);
			path = Common;
			sourceTree = "<group>";
		};
		B5E93CF321A6A40C00D1705A /* Assets */ = {
			isa = PBXGroup;
			children = (
				B5E93CF421A6A41200D1705A /* Fonts */,
			);
			path = Assets;
			sourceTree = "<group>";
		};
		B5E93CF421A6A41200D1705A /* Fonts */ = {
			isa = PBXGroup;
			children = (
				B5E93CF521A6A42900D1705A /* SFUIDisplay-Heavy.otf */,
			);
			path = Fonts;
			sourceTree = "<group>";
		};
		B5E93CF921A6A71A00D1705A /* PostPreview */ = {
			isa = PBXGroup;
			children = (
				B5E93CFA21A6A73500D1705A /* PostPreviewPresenter.swift */,
				B5E93CFB21A6A73500D1705A /* PostPreviewWorker.swift */,
				B5E93CFC21A6A73500D1705A /* PostPreviewRouter.swift */,
				B5E93CFD21A6A73500D1705A /* PostPreviewModels.swift */,
				B5E93CFE21A6A73500D1705A /* PostPreviewViewController.swift */,
				B5E93CFF21A6A73500D1705A /* PostPreviewInteractor.swift */,
			);
			path = PostPreview;
			sourceTree = "<group>";
		};
		B5E93D2B21A6B44B00D1705A /* DataStore */ = {
			isa = PBXGroup;
			children = (
				B5E93D2C21A6B8DB00D1705A /* SQLite */,
				B5E93D4521A6E64200D1705A /* DataStore.swift */,
			);
			path = DataStore;
			sourceTree = "<group>";
		};
		B5E93D2C21A6B8DB00D1705A /* SQLite */ = {
			isa = PBXGroup;
			children = (
				B5E93D2D21A6B90F00D1705A /* SQLiteDataStore.swift */,
				B5E93D3121A6B98E00D1705A /* DataHelperProtocol.swift */,
				B5E93D3521A6B9B000D1705A /* DataAccessError.swift */,
				B5E93D3921A6B9DD00D1705A /* PostDataHelper.swift */,
				B5E93D3D21A6CEFC00D1705A /* CategoryDataHelper.swift */,
				B5E93D4121A6D83200D1705A /* PostCategoryDataHelper.swift */,
			);
			path = SQLite;
			sourceTree = "<group>";
		};
		C507AE03D095A52756BA7150 /* Pods */ = {
			isa = PBXGroup;
			children = (
				C89D204088B1CE9DA386B707 /* Pods-Cryptotracker.debug.xcconfig */,
				A987954D56EDBE59FCFB0C3C /* Pods-Cryptotracker.release.xcconfig */,
				BE5699FBAB6541F8D8B098DF /* Pods-DebugCryptotracker.debug.xcconfig */,
				A0CC2CCCAA2E062ED9822C81 /* Pods-DebugCryptotracker.release.xcconfig */,
				B3C7929EE344E49051F23381 /* Pods-StagingCryptotracker.debug.xcconfig */,
				5FCA7E08A6E532B728A4A8C5 /* Pods-StagingCryptotracker.release.xcconfig */,
			);
			name = Pods;
			sourceTree = "<group>";
		};
/* End PBXGroup section */

/* Begin PBXNativeTarget section */
		B5276AA921A00F59000A74A5 /* Cryptotracker */ = {
			isa = PBXNativeTarget;
			buildConfigurationList = B5276ABC21A00F5A000A74A5 /* Build configuration list for PBXNativeTarget "Cryptotracker" */;
			buildPhases = (
				4120CDEE9F183875376742D0 /* [CP] Check Pods Manifest.lock */,
				B5276AA621A00F59000A74A5 /* Sources */,
				B5276AA721A00F59000A74A5 /* Frameworks */,
				B5276AA821A00F59000A74A5 /* Resources */,
				B5276AFB21A01E5F000A74A5 /* SwiftLint */,
				1910188A9C07FC0D5A335470 /* [CP] Embed Pods Frameworks */,
			);
			buildRules = (
			);
			dependencies = (
			);
			name = Cryptotracker;
			productName = Cryptotracker;
			productReference = B5276AAA21A00F59000A74A5 /* Cryptotracker.app */;
			productType = "com.apple.product-type.application";
		};
		B5276AC021A00F9F000A74A5 /* DebugCryptotracker */ = {
			isa = PBXNativeTarget;
			buildConfigurationList = B5276AC921A00F9F000A74A5 /* Build configuration list for PBXNativeTarget "DebugCryptotracker" */;
			buildPhases = (
				D5DE15271E9E4ADFBBFD7F37 /* [CP] Check Pods Manifest.lock */,
				B5276AC121A00F9F000A74A5 /* Sources */,
				B5276AC421A00F9F000A74A5 /* Frameworks */,
				B5276AC521A00F9F000A74A5 /* Resources */,
				B5276AFC21A01E75000A74A5 /* SwiftLint */,
				1140D5DCFD36090EEB79F467 /* [CP] Embed Pods Frameworks */,
			);
			buildRules = (
			);
			dependencies = (
			);
			name = DebugCryptotracker;
			productName = Cryptotracker;
			productReference = B5276ACC21A00F9F000A74A5 /* DebugCryptotracker.app */;
			productType = "com.apple.product-type.application";
		};
		B5276ACE21A00FAC000A74A5 /* StagingCryptotracker */ = {
			isa = PBXNativeTarget;
			buildConfigurationList = B5276AD721A00FAC000A74A5 /* Build configuration list for PBXNativeTarget "StagingCryptotracker" */;
			buildPhases = (
				4E74F52B6754A456CDD97F3F /* [CP] Check Pods Manifest.lock */,
				B5276ACF21A00FAC000A74A5 /* Sources */,
				B5276AD221A00FAC000A74A5 /* Frameworks */,
				B5276AD321A00FAC000A74A5 /* Resources */,
				B5276AFD21A01E84000A74A5 /* SwiftLint */,
				3CE6D051AC8F0AAF4511CCA1 /* [CP] Embed Pods Frameworks */,
			);
			buildRules = (
			);
			dependencies = (
			);
			name = StagingCryptotracker;
			productName = Cryptotracker;
			productReference = B5276ADA21A00FAC000A74A5 /* StagingCryptotracker.app */;
			productType = "com.apple.product-type.application";
		};
/* End PBXNativeTarget section */

/* Begin PBXProject section */
		B5276AA221A00F59000A74A5 /* Project object */ = {
			isa = PBXProject;
			attributes = {
				LastSwiftUpdateCheck = 0940;
				LastUpgradeCheck = 0940;
				ORGANIZATIONNAME = makeuseof;
				TargetAttributes = {
					B5276AA921A00F59000A74A5 = {
						CreatedOnToolsVersion = 9.4.1;
					};
				};
			};
			buildConfigurationList = B5276AA521A00F59000A74A5 /* Build configuration list for PBXProject "Cryptotracker" */;
			compatibilityVersion = "Xcode 9.3";
			developmentRegion = en;
			hasScannedForEncodings = 0;
			knownRegions = (
				en,
				Base,
			);
			mainGroup = B5276AA121A00F59000A74A5;
			productRefGroup = B5276AAB21A00F59000A74A5 /* Products */;
			projectDirPath = "";
			projectRoot = "";
			targets = (
				B5276AA921A00F59000A74A5 /* Cryptotracker */,
				B5276AC021A00F9F000A74A5 /* DebugCryptotracker */,
				B5276ACE21A00FAC000A74A5 /* StagingCryptotracker */,
			);
		};
/* End PBXProject section */

/* Begin PBXResourcesBuildPhase section */
		B5276AA821A00F59000A74A5 /* Resources */ = {
			isa = PBXResourcesBuildPhase;
			buildActionMask = 2147483647;
			files = (
				B5276AB821A00F5A000A74A5 /* LaunchScreen.storyboard in Resources */,
				B5E93CF621A6A42900D1705A /* SFUIDisplay-Heavy.otf in Resources */,
				B5276AB521A00F5A000A74A5 /* Assets.xcassets in Resources */,
			);
			runOnlyForDeploymentPostprocessing = 0;
		};
		B5276AC521A00F9F000A74A5 /* Resources */ = {
			isa = PBXResourcesBuildPhase;
			buildActionMask = 2147483647;
			files = (
				B5276AC621A00F9F000A74A5 /* LaunchScreen.storyboard in Resources */,
				B5E93CF721A6A42900D1705A /* SFUIDisplay-Heavy.otf in Resources */,
				B5276AC721A00F9F000A74A5 /* Assets.xcassets in Resources */,
			);
			runOnlyForDeploymentPostprocessing = 0;
		};
		B5276AD321A00FAC000A74A5 /* Resources */ = {
			isa = PBXResourcesBuildPhase;
			buildActionMask = 2147483647;
			files = (
				B5276AD421A00FAC000A74A5 /* LaunchScreen.storyboard in Resources */,
				B5E93CF821A6A42900D1705A /* SFUIDisplay-Heavy.otf in Resources */,
				B5276AD521A00FAC000A74A5 /* Assets.xcassets in Resources */,
			);
			runOnlyForDeploymentPostprocessing = 0;
		};
/* End PBXResourcesBuildPhase section */

/* Begin PBXShellScriptBuildPhase section */
		1140D5DCFD36090EEB79F467 /* [CP] Embed Pods Frameworks */ = {
			isa = PBXShellScriptBuildPhase;
			buildActionMask = 2147483647;
			files = (
			);
			inputFileListPaths = (
			);
			inputPaths = (
				"${SRCROOT}/Pods/Target Support Files/Pods-DebugCryptotracker/Pods-DebugCryptotracker-frameworks.sh",
				"${BUILT_PRODUCTS_DIR}/Kingfisher/Kingfisher.framework",
				"${BUILT_PRODUCTS_DIR}/SQLite.swift/SQLite.framework",
			);
			name = "[CP] Embed Pods Frameworks";
			outputFileListPaths = (
			);
			outputPaths = (
				"${TARGET_BUILD_DIR}/${FRAMEWORKS_FOLDER_PATH}/Kingfisher.framework",
				"${TARGET_BUILD_DIR}/${FRAMEWORKS_FOLDER_PATH}/SQLite.framework",
			);
			runOnlyForDeploymentPostprocessing = 0;
			shellPath = /bin/sh;
			shellScript = "\"${SRCROOT}/Pods/Target Support Files/Pods-DebugCryptotracker/Pods-DebugCryptotracker-frameworks.sh\"\n";
			showEnvVarsInLog = 0;
		};
		1910188A9C07FC0D5A335470 /* [CP] Embed Pods Frameworks */ = {
			isa = PBXShellScriptBuildPhase;
			buildActionMask = 2147483647;
			files = (
			);
			inputFileListPaths = (
			);
			inputPaths = (
				"${SRCROOT}/Pods/Target Support Files/Pods-Cryptotracker/Pods-Cryptotracker-frameworks.sh",
				"${BUILT_PRODUCTS_DIR}/Kingfisher/Kingfisher.framework",
				"${BUILT_PRODUCTS_DIR}/SQLite.swift/SQLite.framework",
			);
			name = "[CP] Embed Pods Frameworks";
			outputFileListPaths = (
			);
			outputPaths = (
				"${TARGET_BUILD_DIR}/${FRAMEWORKS_FOLDER_PATH}/Kingfisher.framework",
				"${TARGET_BUILD_DIR}/${FRAMEWORKS_FOLDER_PATH}/SQLite.framework",
			);
			runOnlyForDeploymentPostprocessing = 0;
			shellPath = /bin/sh;
			shellScript = "\"${SRCROOT}/Pods/Target Support Files/Pods-Cryptotracker/Pods-Cryptotracker-frameworks.sh\"\n";
			showEnvVarsInLog = 0;
		};
		3CE6D051AC8F0AAF4511CCA1 /* [CP] Embed Pods Frameworks */ = {
			isa = PBXShellScriptBuildPhase;
			buildActionMask = 2147483647;
			files = (
			);
			inputFileListPaths = (
			);
			inputPaths = (
				"${SRCROOT}/Pods/Target Support Files/Pods-StagingCryptotracker/Pods-StagingCryptotracker-frameworks.sh",
				"${BUILT_PRODUCTS_DIR}/Kingfisher/Kingfisher.framework",
				"${BUILT_PRODUCTS_DIR}/SQLite.swift/SQLite.framework",
			);
			name = "[CP] Embed Pods Frameworks";
			outputFileListPaths = (
			);
			outputPaths = (
				"${TARGET_BUILD_DIR}/${FRAMEWORKS_FOLDER_PATH}/Kingfisher.framework",
				"${TARGET_BUILD_DIR}/${FRAMEWORKS_FOLDER_PATH}/SQLite.framework",
			);
			runOnlyForDeploymentPostprocessing = 0;
			shellPath = /bin/sh;
			shellScript = "\"${SRCROOT}/Pods/Target Support Files/Pods-StagingCryptotracker/Pods-StagingCryptotracker-frameworks.sh\"\n";
			showEnvVarsInLog = 0;
		};
		4120CDEE9F183875376742D0 /* [CP] Check Pods Manifest.lock */ = {
			isa = PBXShellScriptBuildPhase;
			buildActionMask = 2147483647;
			files = (
			);
			inputPaths = (
				"${PODS_PODFILE_DIR_PATH}/Podfile.lock",
				"${PODS_ROOT}/Manifest.lock",
			);
			name = "[CP] Check Pods Manifest.lock";
			outputPaths = (
				"$(DERIVED_FILE_DIR)/Pods-Cryptotracker-checkManifestLockResult.txt",
			);
			runOnlyForDeploymentPostprocessing = 0;
			shellPath = /bin/sh;
			shellScript = "diff \"${PODS_PODFILE_DIR_PATH}/Podfile.lock\" \"${PODS_ROOT}/Manifest.lock\" > /dev/null\nif [ $? != 0 ] ; then\n    # print error to STDERR\n    echo \"error: The sandbox is not in sync with the Podfile.lock. Run 'pod install' or update your CocoaPods installation.\" >&2\n    exit 1\nfi\n# This output is used by Xcode 'outputs' to avoid re-running this script phase.\necho \"SUCCESS\" > \"${SCRIPT_OUTPUT_FILE_0}\"\n";
			showEnvVarsInLog = 0;
		};
		4E74F52B6754A456CDD97F3F /* [CP] Check Pods Manifest.lock */ = {
			isa = PBXShellScriptBuildPhase;
			buildActionMask = 2147483647;
			files = (
			);
			inputPaths = (
				"${PODS_PODFILE_DIR_PATH}/Podfile.lock",
				"${PODS_ROOT}/Manifest.lock",
			);
			name = "[CP] Check Pods Manifest.lock";
			outputPaths = (
				"$(DERIVED_FILE_DIR)/Pods-StagingCryptotracker-checkManifestLockResult.txt",
			);
			runOnlyForDeploymentPostprocessing = 0;
			shellPath = /bin/sh;
			shellScript = "diff \"${PODS_PODFILE_DIR_PATH}/Podfile.lock\" \"${PODS_ROOT}/Manifest.lock\" > /dev/null\nif [ $? != 0 ] ; then\n    # print error to STDERR\n    echo \"error: The sandbox is not in sync with the Podfile.lock. Run 'pod install' or update your CocoaPods installation.\" >&2\n    exit 1\nfi\n# This output is used by Xcode 'outputs' to avoid re-running this script phase.\necho \"SUCCESS\" > \"${SCRIPT_OUTPUT_FILE_0}\"\n";
			showEnvVarsInLog = 0;
		};
		B5276AFB21A01E5F000A74A5 /* SwiftLint */ = {
			isa = PBXShellScriptBuildPhase;
			buildActionMask = 2147483647;
			files = (
			);
			inputPaths = (
			);
			name = SwiftLint;
			outputPaths = (
			);
			runOnlyForDeploymentPostprocessing = 0;
			shellPath = /bin/sh;
			shellScript = "if which swiftlint >/dev/null; then\nswiftlint\nelse\necho \"warning: SwiftLint not installed, download from https://github.com/realm/SwiftLint\"\nfi";
		};
		B5276AFC21A01E75000A74A5 /* SwiftLint */ = {
			isa = PBXShellScriptBuildPhase;
			buildActionMask = 2147483647;
			files = (
			);
			inputPaths = (
			);
			name = SwiftLint;
			outputPaths = (
			);
			runOnlyForDeploymentPostprocessing = 0;
			shellPath = /bin/sh;
			shellScript = "if which swiftlint >/dev/null; then\nswiftlint\nelse\necho \"warning: SwiftLint not installed, download from https://github.com/realm/SwiftLint\"\nfi\n";
		};
		B5276AFD21A01E84000A74A5 /* SwiftLint */ = {
			isa = PBXShellScriptBuildPhase;
			buildActionMask = 2147483647;
			files = (
			);
			inputPaths = (
			);
			name = SwiftLint;
			outputPaths = (
			);
			runOnlyForDeploymentPostprocessing = 0;
			shellPath = /bin/sh;
			shellScript = "if which swiftlint >/dev/null; then\nswiftlint\nelse\necho \"warning: SwiftLint not installed, download from https://github.com/realm/SwiftLint\"\nfi";
		};
		D5DE15271E9E4ADFBBFD7F37 /* [CP] Check Pods Manifest.lock */ = {
			isa = PBXShellScriptBuildPhase;
			buildActionMask = 2147483647;
			files = (
			);
			inputPaths = (
				"${PODS_PODFILE_DIR_PATH}/Podfile.lock",
				"${PODS_ROOT}/Manifest.lock",
			);
			name = "[CP] Check Pods Manifest.lock";
			outputPaths = (
				"$(DERIVED_FILE_DIR)/Pods-DebugCryptotracker-checkManifestLockResult.txt",
			);
			runOnlyForDeploymentPostprocessing = 0;
			shellPath = /bin/sh;
			shellScript = "diff \"${PODS_PODFILE_DIR_PATH}/Podfile.lock\" \"${PODS_ROOT}/Manifest.lock\" > /dev/null\nif [ $? != 0 ] ; then\n    # print error to STDERR\n    echo \"error: The sandbox is not in sync with the Podfile.lock. Run 'pod install' or update your CocoaPods installation.\" >&2\n    exit 1\nfi\n# This output is used by Xcode 'outputs' to avoid re-running this script phase.\necho \"SUCCESS\" > \"${SCRIPT_OUTPUT_FILE_0}\"\n";
			showEnvVarsInLog = 0;
		};
/* End PBXShellScriptBuildPhase section */

/* Begin PBXSourcesBuildPhase section */
		B5276AA621A00F59000A74A5 /* Sources */ = {
			isa = PBXSourcesBuildPhase;
			buildActionMask = 2147483647;
			files = (
				B5E93D4621A6E64200D1705A /* DataStore.swift in Sources */,
				B5276B8D21A2A37E000A74A5 /* NetworkManager.swift in Sources */,
				B5276B7021A2A2D7000A74A5 /* JSONParameterEncoder.swift in Sources */,
				B5276B6C21A2A2C2000A74A5 /* URLParameterEncoder.swift in Sources */,
				B5276B6821A2A29B000A74A5 /* ParameterEncoding.swift in Sources */,
				B5276B5621A28183000A74A5 /* PostsViewController.swift in Sources */,
				B5E93D0321A6A73500D1705A /* PostPreviewWorker.swift in Sources */,
				B5E93CF021A6A3AE00D1705A /* Constants.swift in Sources */,
				B5276AB021A00F59000A74A5 /* ViewController.swift in Sources */,
				B5E93D0921A6A73500D1705A /* PostPreviewModels.swift in Sources */,
				B5276AAE21A00F59000A74A5 /* AppDelegate.swift in Sources */,
				B5276B5921A28183000A74A5 /* PostsInteractor.swift in Sources */,
				B5276B8521A2A353000A74A5 /* NetworkRouter.swift in Sources */,
				B5276AF621A0124D000A74A5 /* CurrenciesWorker.swift in Sources */,
				B5E93D0F21A6A73500D1705A /* PostPreviewInteractor.swift in Sources */,
				B5E93D3621A6B9B000D1705A /* DataAccessError.swift in Sources */,
				B5276B4D21A28183000A74A5 /* PostsWorker.swift in Sources */,
				B5276B8121A2A33F000A74A5 /* NetworkError.swift in Sources */,
				B5276B5321A28183000A74A5 /* PostsModels.swift in Sources */,
				B5276B8921A2A369000A74A5 /* Router.swift in Sources */,
				B5276B6321A2A171000A74A5 /* PostsNetworkManager.swift in Sources */,
				B5276AFA21A0124D000A74A5 /* CurrenciesInteractor.swift in Sources */,
				B5276B7D21A2A32A000A74A5 /* HTTPTask.swift in Sources */,
				B5276AF921A0124D000A74A5 /* CurrenciesViewController.swift in Sources */,
				B5E93D0C21A6A73500D1705A /* PostPreviewViewController.swift in Sources */,
				B5276B5021A28183000A74A5 /* PostsRouter.swift in Sources */,
				B5E93D3A21A6B9DD00D1705A /* PostDataHelper.swift in Sources */,
				B5F5BFA721A426680012599B /* PostsCell.swift in Sources */,
				B5E93D3E21A6CEFC00D1705A /* CategoryDataHelper.swift in Sources */,
				B5E93D2E21A6B90F00D1705A /* SQLiteDataStore.swift in Sources */,
				B5276B7921A2A313000A74A5 /* HTTPMethod.swift in Sources */,
				B5276AF721A0124D000A74A5 /* CurrenciesRouter.swift in Sources */,
				B5276B5F21A29DD9000A74A5 /* Post.swift in Sources */,
				B5276AF821A0124D000A74A5 /* CurrenciesModels.swift in Sources */,
				B5276AF521A0124D000A74A5 /* CurrenciesPresenter.swift in Sources */,
				B5E93D4221A6D83200D1705A /* PostCategoryDataHelper.swift in Sources */,
				B5E93D0621A6A73500D1705A /* PostPreviewRouter.swift in Sources */,
				B5276B4A21A28183000A74A5 /* PostsPresenter.swift in Sources */,
				B5E93D3221A6B98E00D1705A /* DataHelperProtocol.swift in Sources */,
				B5E93D0021A6A73500D1705A /* PostPreviewPresenter.swift in Sources */,
				B5276B4021A27FDD000A74A5 /* PostsEndPoint.swift in Sources */,
				B5276B7521A2A2FD000A74A5 /* EndPointType.swift in Sources */,
			);
			runOnlyForDeploymentPostprocessing = 0;
		};
		B5276AC121A00F9F000A74A5 /* Sources */ = {
			isa = PBXSourcesBuildPhase;
			buildActionMask = 2147483647;
			files = (
				B5276B7E21A2A32A000A74A5 /* HTTPTask.swift in Sources */,
				B5276B5121A28183000A74A5 /* PostsRouter.swift in Sources */,
				B5276B4B21A28183000A74A5 /* PostsPresenter.swift in Sources */,
				B5276B8E21A2A37E000A74A5 /* NetworkManager.swift in Sources */,
				B5276AC221A00F9F000A74A5 /* ViewController.swift in Sources */,
				B5276B5421A28183000A74A5 /* PostsModels.swift in Sources */,
				B5E93D3721A6B9B000D1705A /* DataAccessError.swift in Sources */,
				B5E93CF121A6A3AE00D1705A /* Constants.swift in Sources */,
				B5E93D1021A6A73500D1705A /* PostPreviewInteractor.swift in Sources */,
				B5E93D3321A6B98E00D1705A /* DataHelperProtocol.swift in Sources */,
				B5276B5721A28183000A74A5 /* PostsViewController.swift in Sources */,
				B5276AC321A00F9F000A74A5 /* AppDelegate.swift in Sources */,
				B5E93D0D21A6A73500D1705A /* PostPreviewViewController.swift in Sources */,
				B5276B6921A2A29B000A74A5 /* ParameterEncoding.swift in Sources */,
				B5276B5A21A28183000A74A5 /* PostsInteractor.swift in Sources */,
				B5E93D2F21A6B90F00D1705A /* SQLiteDataStore.swift in Sources */,
				B5276B7621A2A2FD000A74A5 /* EndPointType.swift in Sources */,
				B5276B6D21A2A2C2000A74A5 /* URLParameterEncoder.swift in Sources */,
				B5276B4121A27FDD000A74A5 /* PostsEndPoint.swift in Sources */,
				B5276B8A21A2A369000A74A5 /* Router.swift in Sources */,
				B5276B6421A2A171000A74A5 /* PostsNetworkManager.swift in Sources */,
				B5276B7A21A2A313000A74A5 /* HTTPMethod.swift in Sources */,
				B5276B4E21A28183000A74A5 /* PostsWorker.swift in Sources */,
				B5F5BFA821A426680012599B /* PostsCell.swift in Sources */,
				B5276B8221A2A33F000A74A5 /* NetworkError.swift in Sources */,
				B5276B8621A2A353000A74A5 /* NetworkRouter.swift in Sources */,
				B5E93D0721A6A73500D1705A /* PostPreviewRouter.swift in Sources */,
				B5E93D0421A6A73500D1705A /* PostPreviewWorker.swift in Sources */,
				B5E93D3B21A6B9DD00D1705A /* PostDataHelper.swift in Sources */,
				B5E93D3F21A6CEFC00D1705A /* CategoryDataHelper.swift in Sources */,
				B5E93D4721A6E64200D1705A /* DataStore.swift in Sources */,
				B5E93D0A21A6A73500D1705A /* PostPreviewModels.swift in Sources */,
				B5E93D0121A6A73500D1705A /* PostPreviewPresenter.swift in Sources */,
				B5276B7121A2A2D7000A74A5 /* JSONParameterEncoder.swift in Sources */,
				B5276B6021A29DD9000A74A5 /* Post.swift in Sources */,
				B5E93D4321A6D83200D1705A /* PostCategoryDataHelper.swift in Sources */,
			);
			runOnlyForDeploymentPostprocessing = 0;
		};
		B5276ACF21A00FAC000A74A5 /* Sources */ = {
			isa = PBXSourcesBuildPhase;
			buildActionMask = 2147483647;
			files = (
				B5276B7F21A2A32A000A74A5 /* HTTPTask.swift in Sources */,
				B5276B5221A28183000A74A5 /* PostsRouter.swift in Sources */,
				B5276B4C21A28183000A74A5 /* PostsPresenter.swift in Sources */,
				B5276B8F21A2A37E000A74A5 /* NetworkManager.swift in Sources */,
				B5276AD021A00FAC000A74A5 /* ViewController.swift in Sources */,
				B5276B5521A28183000A74A5 /* PostsModels.swift in Sources */,
				B5E93D3821A6B9B000D1705A /* DataAccessError.swift in Sources */,
				B5E93CF221A6A3AE00D1705A /* Constants.swift in Sources */,
				B5E93D1121A6A73500D1705A /* PostPreviewInteractor.swift in Sources */,
				B5E93D3421A6B98E00D1705A /* DataHelperProtocol.swift in Sources */,
				B5276B5821A28183000A74A5 /* PostsViewController.swift in Sources */,
				B5276AD121A00FAC000A74A5 /* AppDelegate.swift in Sources */,
				B5E93D0E21A6A73500D1705A /* PostPreviewViewController.swift in Sources */,
				B5276B6A21A2A29B000A74A5 /* ParameterEncoding.swift in Sources */,
				B5276B5B21A28183000A74A5 /* PostsInteractor.swift in Sources */,
				B5E93D3021A6B90F00D1705A /* SQLiteDataStore.swift in Sources */,
				B5276B7721A2A2FD000A74A5 /* EndPointType.swift in Sources */,
				B5276B6E21A2A2C2000A74A5 /* URLParameterEncoder.swift in Sources */,
				B5276B4221A27FDD000A74A5 /* PostsEndPoint.swift in Sources */,
				B5276B8B21A2A369000A74A5 /* Router.swift in Sources */,
				B5276B6521A2A171000A74A5 /* PostsNetworkManager.swift in Sources */,
				B5276B7B21A2A313000A74A5 /* HTTPMethod.swift in Sources */,
				B5276B4F21A28183000A74A5 /* PostsWorker.swift in Sources */,
				B5F5BFA921A426680012599B /* PostsCell.swift in Sources */,
				B5276B8321A2A33F000A74A5 /* NetworkError.swift in Sources */,
				B5276B8721A2A353000A74A5 /* NetworkRouter.swift in Sources */,
				B5E93D0821A6A73500D1705A /* PostPreviewRouter.swift in Sources */,
				B5E93D0521A6A73500D1705A /* PostPreviewWorker.swift in Sources */,
				B5E93D3C21A6B9DD00D1705A /* PostDataHelper.swift in Sources */,
				B5E93D4021A6CEFC00D1705A /* CategoryDataHelper.swift in Sources */,
				B5E93D4821A6E64200D1705A /* DataStore.swift in Sources */,
				B5E93D0B21A6A73500D1705A /* PostPreviewModels.swift in Sources */,
				B5E93D0221A6A73500D1705A /* PostPreviewPresenter.swift in Sources */,
				B5276B7221A2A2D7000A74A5 /* JSONParameterEncoder.swift in Sources */,
				B5276B6121A29DD9000A74A5 /* Post.swift in Sources */,
				B5E93D4421A6D83200D1705A /* PostCategoryDataHelper.swift in Sources */,
			);
			runOnlyForDeploymentPostprocessing = 0;
		};
/* End PBXSourcesBuildPhase section */

/* Begin PBXVariantGroup section */
		B5276AB621A00F5A000A74A5 /* LaunchScreen.storyboard */ = {
			isa = PBXVariantGroup;
			children = (
				B5276AB721A00F5A000A74A5 /* Base */,
			);
			name = LaunchScreen.storyboard;
			sourceTree = "<group>";
		};
/* End PBXVariantGroup section */

/* Begin XCBuildConfiguration section */
		B5276ABA21A00F5A000A74A5 /* Debug */ = {
			isa = XCBuildConfiguration;
			buildSettings = {
				ALWAYS_SEARCH_USER_PATHS = NO;
				CLANG_ANALYZER_NONNULL = YES;
				CLANG_ANALYZER_NUMBER_OBJECT_CONVERSION = YES_AGGRESSIVE;
				CLANG_CXX_LANGUAGE_STANDARD = "gnu++14";
				CLANG_CXX_LIBRARY = "libc++";
				CLANG_ENABLE_MODULES = YES;
				CLANG_ENABLE_OBJC_ARC = YES;
				CLANG_ENABLE_OBJC_WEAK = YES;
				CLANG_WARN_BLOCK_CAPTURE_AUTORELEASING = YES;
				CLANG_WARN_BOOL_CONVERSION = YES;
				CLANG_WARN_COMMA = YES;
				CLANG_WARN_CONSTANT_CONVERSION = YES;
				CLANG_WARN_DEPRECATED_OBJC_IMPLEMENTATIONS = YES;
				CLANG_WARN_DIRECT_OBJC_ISA_USAGE = YES_ERROR;
				CLANG_WARN_DOCUMENTATION_COMMENTS = YES;
				CLANG_WARN_EMPTY_BODY = YES;
				CLANG_WARN_ENUM_CONVERSION = YES;
				CLANG_WARN_INFINITE_RECURSION = YES;
				CLANG_WARN_INT_CONVERSION = YES;
				CLANG_WARN_NON_LITERAL_NULL_CONVERSION = YES;
				CLANG_WARN_OBJC_IMPLICIT_RETAIN_SELF = YES;
				CLANG_WARN_OBJC_LITERAL_CONVERSION = YES;
				CLANG_WARN_OBJC_ROOT_CLASS = YES_ERROR;
				CLANG_WARN_RANGE_LOOP_ANALYSIS = YES;
				CLANG_WARN_STRICT_PROTOTYPES = YES;
				CLANG_WARN_SUSPICIOUS_MOVE = YES;
				CLANG_WARN_UNGUARDED_AVAILABILITY = YES_AGGRESSIVE;
				CLANG_WARN_UNREACHABLE_CODE = YES;
				CLANG_WARN__DUPLICATE_METHOD_MATCH = YES;
				CODE_SIGN_IDENTITY = "iPhone Developer";
				COPY_PHASE_STRIP = NO;
				CURRENT_PROJECT_VERSION = 1;
				DEBUG_INFORMATION_FORMAT = dwarf;
				ENABLE_STRICT_OBJC_MSGSEND = YES;
				ENABLE_TESTABILITY = YES;
				GCC_C_LANGUAGE_STANDARD = gnu11;
				GCC_DYNAMIC_NO_PIC = NO;
				GCC_NO_COMMON_BLOCKS = YES;
				GCC_OPTIMIZATION_LEVEL = 0;
				GCC_PREPROCESSOR_DEFINITIONS = (
					"DEBUG=1",
					"$(inherited)",
				);
				GCC_WARN_64_TO_32_BIT_CONVERSION = YES;
				GCC_WARN_ABOUT_RETURN_TYPE = YES_ERROR;
				GCC_WARN_UNDECLARED_SELECTOR = YES;
				GCC_WARN_UNINITIALIZED_AUTOS = YES_AGGRESSIVE;
				GCC_WARN_UNUSED_FUNCTION = YES;
				GCC_WARN_UNUSED_VARIABLE = YES;
				IPHONEOS_DEPLOYMENT_TARGET = 11.4;
				MTL_ENABLE_DEBUG_INFO = YES;
				ONLY_ACTIVE_ARCH = YES;
				SDKROOT = iphoneos;
				SWIFT_ACTIVE_COMPILATION_CONDITIONS = DEBUG;
				SWIFT_OPTIMIZATION_LEVEL = "-Onone";
				SWIFT_VERSION = 4.2;
				VERSIONING_SYSTEM = "apple-generic";
			};
			name = Debug;
		};
		B5276ABB21A00F5A000A74A5 /* Release */ = {
			isa = XCBuildConfiguration;
			buildSettings = {
				ALWAYS_SEARCH_USER_PATHS = NO;
				CLANG_ANALYZER_NONNULL = YES;
				CLANG_ANALYZER_NUMBER_OBJECT_CONVERSION = YES_AGGRESSIVE;
				CLANG_CXX_LANGUAGE_STANDARD = "gnu++14";
				CLANG_CXX_LIBRARY = "libc++";
				CLANG_ENABLE_MODULES = YES;
				CLANG_ENABLE_OBJC_ARC = YES;
				CLANG_ENABLE_OBJC_WEAK = YES;
				CLANG_WARN_BLOCK_CAPTURE_AUTORELEASING = YES;
				CLANG_WARN_BOOL_CONVERSION = YES;
				CLANG_WARN_COMMA = YES;
				CLANG_WARN_CONSTANT_CONVERSION = YES;
				CLANG_WARN_DEPRECATED_OBJC_IMPLEMENTATIONS = YES;
				CLANG_WARN_DIRECT_OBJC_ISA_USAGE = YES_ERROR;
				CLANG_WARN_DOCUMENTATION_COMMENTS = YES;
				CLANG_WARN_EMPTY_BODY = YES;
				CLANG_WARN_ENUM_CONVERSION = YES;
				CLANG_WARN_INFINITE_RECURSION = YES;
				CLANG_WARN_INT_CONVERSION = YES;
				CLANG_WARN_NON_LITERAL_NULL_CONVERSION = YES;
				CLANG_WARN_OBJC_IMPLICIT_RETAIN_SELF = YES;
				CLANG_WARN_OBJC_LITERAL_CONVERSION = YES;
				CLANG_WARN_OBJC_ROOT_CLASS = YES_ERROR;
				CLANG_WARN_RANGE_LOOP_ANALYSIS = YES;
				CLANG_WARN_STRICT_PROTOTYPES = YES;
				CLANG_WARN_SUSPICIOUS_MOVE = YES;
				CLANG_WARN_UNGUARDED_AVAILABILITY = YES_AGGRESSIVE;
				CLANG_WARN_UNREACHABLE_CODE = YES;
				CLANG_WARN__DUPLICATE_METHOD_MATCH = YES;
				CODE_SIGN_IDENTITY = "iPhone Developer";
				COPY_PHASE_STRIP = NO;
				CURRENT_PROJECT_VERSION = 1;
				DEBUG_INFORMATION_FORMAT = "dwarf-with-dsym";
				ENABLE_NS_ASSERTIONS = NO;
				ENABLE_STRICT_OBJC_MSGSEND = YES;
				GCC_C_LANGUAGE_STANDARD = gnu11;
				GCC_NO_COMMON_BLOCKS = YES;
				GCC_WARN_64_TO_32_BIT_CONVERSION = YES;
				GCC_WARN_ABOUT_RETURN_TYPE = YES_ERROR;
				GCC_WARN_UNDECLARED_SELECTOR = YES;
				GCC_WARN_UNINITIALIZED_AUTOS = YES_AGGRESSIVE;
				GCC_WARN_UNUSED_FUNCTION = YES;
				GCC_WARN_UNUSED_VARIABLE = YES;
				IPHONEOS_DEPLOYMENT_TARGET = 11.4;
				MTL_ENABLE_DEBUG_INFO = NO;
				SDKROOT = iphoneos;
				SWIFT_COMPILATION_MODE = wholemodule;
				SWIFT_OPTIMIZATION_LEVEL = "-O";
				SWIFT_VERSION = 4.2;
				VALIDATE_PRODUCT = YES;
				VERSIONING_SYSTEM = "apple-generic";
			};
			name = Release;
		};
		B5276ABD21A00F5A000A74A5 /* Debug */ = {
			isa = XCBuildConfiguration;
			baseConfigurationReference = C89D204088B1CE9DA386B707 /* Pods-Cryptotracker.debug.xcconfig */;
			buildSettings = {
				ASSETCATALOG_COMPILER_APPICON_NAME = AppIcon;
				CODE_SIGN_STYLE = Automatic;
				CURRENT_PROJECT_VERSION = 1;
				DEVELOPMENT_TEAM = U4R65QQKZ7;
				INFOPLIST_FILE = CryptotrackerRelease/Info.plist;
				LD_RUNPATH_SEARCH_PATHS = (
					"$(inherited)",
					"@executable_path/Frameworks",
				);
				PRODUCT_BUNDLE_IDENTIFIER = com.makeuseof.cryptotracker;
				PRODUCT_NAME = "$(TARGET_NAME)";
				SWIFT_VERSION = 4.2;
				TARGETED_DEVICE_FAMILY = "1,2";
				VERSIONING_SYSTEM = "apple-generic";
			};
			name = Debug;
		};
		B5276ABE21A00F5A000A74A5 /* Release */ = {
			isa = XCBuildConfiguration;
			baseConfigurationReference = A987954D56EDBE59FCFB0C3C /* Pods-Cryptotracker.release.xcconfig */;
			buildSettings = {
				ASSETCATALOG_COMPILER_APPICON_NAME = AppIcon;
				CODE_SIGN_STYLE = Automatic;
				CURRENT_PROJECT_VERSION = 1;
				DEVELOPMENT_TEAM = U4R65QQKZ7;
				INFOPLIST_FILE = CryptotrackerRelease/Info.plist;
				LD_RUNPATH_SEARCH_PATHS = (
					"$(inherited)",
					"@executable_path/Frameworks",
				);
				PRODUCT_BUNDLE_IDENTIFIER = com.makeuseof.cryptotracker;
				PRODUCT_NAME = "$(TARGET_NAME)";
				SWIFT_VERSION = 4.2;
				TARGETED_DEVICE_FAMILY = "1,2";
				VERSIONING_SYSTEM = "apple-generic";
			};
			name = Release;
		};
		B5276ACA21A00F9F000A74A5 /* Debug */ = {
			isa = XCBuildConfiguration;
			baseConfigurationReference = BE5699FBAB6541F8D8B098DF /* Pods-DebugCryptotracker.debug.xcconfig */;
			buildSettings = {
				ASSETCATALOG_COMPILER_APPICON_NAME = AppIcon;
				CODE_SIGN_STYLE = Automatic;
				DEVELOPMENT_TEAM = U4R65QQKZ7;
				INFOPLIST_FILE = CryptotrackerDebug/Info.plist;
				LD_RUNPATH_SEARCH_PATHS = (
					"$(inherited)",
					"@executable_path/Frameworks",
				);
				PRODUCT_BUNDLE_IDENTIFIER = com.makeuseof.cryptotracker.debug;
				PRODUCT_NAME = "$(TARGET_NAME)";
				SWIFT_VERSION = 4.2;
				TARGETED_DEVICE_FAMILY = "1,2";
			};
			name = Debug;
		};
		B5276ACB21A00F9F000A74A5 /* Release */ = {
			isa = XCBuildConfiguration;
			baseConfigurationReference = A0CC2CCCAA2E062ED9822C81 /* Pods-DebugCryptotracker.release.xcconfig */;
			buildSettings = {
				ASSETCATALOG_COMPILER_APPICON_NAME = AppIcon;
				CODE_SIGN_STYLE = Automatic;
				DEVELOPMENT_TEAM = U4R65QQKZ7;
				INFOPLIST_FILE = CryptotrackerDebug/Info.plist;
				LD_RUNPATH_SEARCH_PATHS = (
					"$(inherited)",
					"@executable_path/Frameworks",
				);
				PRODUCT_BUNDLE_IDENTIFIER = com.makeuseof.cryptotracker.debug;
				PRODUCT_NAME = "$(TARGET_NAME)";
				SWIFT_VERSION = 4.2;
				TARGETED_DEVICE_FAMILY = "1,2";
			};
			name = Release;
		};
		B5276AD821A00FAC000A74A5 /* Debug */ = {
			isa = XCBuildConfiguration;
			baseConfigurationReference = B3C7929EE344E49051F23381 /* Pods-StagingCryptotracker.debug.xcconfig */;
			buildSettings = {
				ASSETCATALOG_COMPILER_APPICON_NAME = AppIcon;
				CODE_SIGN_STYLE = Automatic;
				DEVELOPMENT_TEAM = U4R65QQKZ7;
				INFOPLIST_FILE = CryptotrackerStaging/Info.plist;
				LD_RUNPATH_SEARCH_PATHS = (
					"$(inherited)",
					"@executable_path/Frameworks",
				);
				PRODUCT_BUNDLE_IDENTIFIER = com.makeuseof.cryptotracker.staging;
				PRODUCT_NAME = "$(TARGET_NAME)";
				SWIFT_VERSION = 4.2;
				TARGETED_DEVICE_FAMILY = "1,2";
			};
			name = Debug;
		};
		B5276AD921A00FAC000A74A5 /* Release */ = {
			isa = XCBuildConfiguration;
			baseConfigurationReference = 5FCA7E08A6E532B728A4A8C5 /* Pods-StagingCryptotracker.release.xcconfig */;
			buildSettings = {
				ASSETCATALOG_COMPILER_APPICON_NAME = AppIcon;
				CODE_SIGN_STYLE = Automatic;
				DEVELOPMENT_TEAM = U4R65QQKZ7;
				INFOPLIST_FILE = CryptotrackerStaging/Info.plist;
				LD_RUNPATH_SEARCH_PATHS = (
					"$(inherited)",
					"@executable_path/Frameworks",
				);
				PRODUCT_BUNDLE_IDENTIFIER = com.makeuseof.cryptotracker.staging;
				PRODUCT_NAME = "$(TARGET_NAME)";
				SWIFT_VERSION = 4.2;
				TARGETED_DEVICE_FAMILY = "1,2";
			};
			name = Release;
		};
/* End XCBuildConfiguration section */

/* Begin XCConfigurationList section */
		B5276AA521A00F59000A74A5 /* Build configuration list for PBXProject "Cryptotracker" */ = {
			isa = XCConfigurationList;
			buildConfigurations = (
				B5276ABA21A00F5A000A74A5 /* Debug */,
				B5276ABB21A00F5A000A74A5 /* Release */,
			);
			defaultConfigurationIsVisible = 0;
			defaultConfigurationName = Release;
		};
		B5276ABC21A00F5A000A74A5 /* Build configuration list for PBXNativeTarget "Cryptotracker" */ = {
			isa = XCConfigurationList;
			buildConfigurations = (
				B5276ABD21A00F5A000A74A5 /* Debug */,
				B5276ABE21A00F5A000A74A5 /* Release */,
			);
			defaultConfigurationIsVisible = 0;
			defaultConfigurationName = Release;
		};
		B5276AC921A00F9F000A74A5 /* Build configuration list for PBXNativeTarget "DebugCryptotracker" */ = {
			isa = XCConfigurationList;
			buildConfigurations = (
				B5276ACA21A00F9F000A74A5 /* Debug */,
				B5276ACB21A00F9F000A74A5 /* Release */,
			);
			defaultConfigurationIsVisible = 0;
			defaultConfigurationName = Release;
		};
		B5276AD721A00FAC000A74A5 /* Build configuration list for PBXNativeTarget "StagingCryptotracker" */ = {
			isa = XCConfigurationList;
			buildConfigurations = (
				B5276AD821A00FAC000A74A5 /* Debug */,
				B5276AD921A00FAC000A74A5 /* Release */,
			);
			defaultConfigurationIsVisible = 0;
			defaultConfigurationName = Release;
		};
/* End XCConfigurationList section */
	};
	rootObject = B5276AA221A00F59000A74A5 /* Project object */;
}
