// !$*UTF8*$!
{
	archiveVersion = 1;
	classes = {
	};
	objectVersion = 50;
	objects = {

/* Begin PBXBuildFile section */
		B501297821A940DA001B6A04 /* WatchlistModels.swift in Sources */ = {isa = PBXBuildFile; fileRef = B501296C21A940DA001B6A04 /* WatchlistModels.swift */; };
		B501297B21A940DA001B6A04 /* WatchlistViewController.swift in Sources */ = {isa = PBXBuildFile; fileRef = B501296D21A940DA001B6A04 /* WatchlistViewController.swift */; };
		B501297E21A940DA001B6A04 /* WatchlistViewModel.swift in Sources */ = {isa = PBXBuildFile; fileRef = B501296E21A940DA001B6A04 /* WatchlistViewModel.swift */; };
		B501298821A94BC0001B6A04 /* CurrencyDetailsPresenter.swift in Sources */ = {isa = PBXBuildFile; fileRef = B501298221A94BC0001B6A04 /* CurrencyDetailsPresenter.swift */; };
		B501298E21A94BC0001B6A04 /* CurrencyDetailsRouter.swift in Sources */ = {isa = PBXBuildFile; fileRef = B501298421A94BC0001B6A04 /* CurrencyDetailsRouter.swift */; };
		B501299121A94BC0001B6A04 /* CurrencyDetailsModels.swift in Sources */ = {isa = PBXBuildFile; fileRef = B501298521A94BC0001B6A04 /* CurrencyDetailsModels.swift */; };
		B501299421A94BC0001B6A04 /* CurrencyDetailsViewController.swift in Sources */ = {isa = PBXBuildFile; fileRef = B501298621A94BC0001B6A04 /* CurrencyDetailsViewController.swift */; };
		B501299721A94BC0001B6A04 /* CurrencyDetailsInteractor.swift in Sources */ = {isa = PBXBuildFile; fileRef = B501298721A94BC0001B6A04 /* CurrencyDetailsInteractor.swift */; };
		B501299C21A9600E001B6A04 /* CurrencyChart.swift in Sources */ = {isa = PBXBuildFile; fileRef = B501299B21A9600E001B6A04 /* CurrencyChart.swift */; };
		B50129AD21ABE1FB001B6A04 /* CurrencyDetailsCell.swift in Sources */ = {isa = PBXBuildFile; fileRef = B50129AC21ABE1FB001B6A04 /* CurrencyDetailsCell.swift */; };
		B51ECC6422253F69006CE6FC /* SFProText-Semibold.otf in Resources */ = {isa = PBXBuildFile; fileRef = B51ECC6322253F68006CE6FC /* SFProText-Semibold.otf */; };
		B51ECC6A22253FB5006CE6FC /* SFProText-Bold.otf in Resources */ = {isa = PBXBuildFile; fileRef = B51ECC6722253FB4006CE6FC /* SFProText-Bold.otf */; };
		B51ECC6D22253FB5006CE6FC /* SFProText-Heavy.otf in Resources */ = {isa = PBXBuildFile; fileRef = B51ECC6822253FB5006CE6FC /* SFProText-Heavy.otf */; };
		B51ECC7022253FB5006CE6FC /* SFProText-Regular.otf in Resources */ = {isa = PBXBuildFile; fileRef = B51ECC6922253FB5006CE6FC /* SFProText-Regular.otf */; };
		B5217EAD2205948C00FF6DD5 /* CRTimeframe.swift in Sources */ = {isa = PBXBuildFile; fileRef = B5217EAC2205948C00FF6DD5 /* CRTimeframe.swift */; };
		B5217EB12205960100FF6DD5 /* CRDataHistory.swift in Sources */ = {isa = PBXBuildFile; fileRef = B5217EB02205960100FF6DD5 /* CRDataHistory.swift */; };
		B527120C2238CF4D00D57639 /* ConfigEndPoint.swift in Sources */ = {isa = PBXBuildFile; fileRef = B527120B2238CF4D00D57639 /* ConfigEndPoint.swift */; };
		B52712102238D33800D57639 /* ConfigNetworkManager.swift in Sources */ = {isa = PBXBuildFile; fileRef = B527120F2238D33800D57639 /* ConfigNetworkManager.swift */; };
		B52712142238D38900D57639 /* Bootstrap.swift in Sources */ = {isa = PBXBuildFile; fileRef = B52712132238D38900D57639 /* Bootstrap.swift */; };
		B52712272238DA1A00D57639 /* ConfigPresenter.swift in Sources */ = {isa = PBXBuildFile; fileRef = B52712212238DA1A00D57639 /* ConfigPresenter.swift */; };
		B527122A2238DA1A00D57639 /* ConfigWorker.swift in Sources */ = {isa = PBXBuildFile; fileRef = B52712222238DA1A00D57639 /* ConfigWorker.swift */; };
		B527122D2238DA1A00D57639 /* ConfigRouter.swift in Sources */ = {isa = PBXBuildFile; fileRef = B52712232238DA1A00D57639 /* ConfigRouter.swift */; };
		B52712332238DA1A00D57639 /* ConfigViewController.swift in Sources */ = {isa = PBXBuildFile; fileRef = B52712252238DA1A00D57639 /* ConfigViewController.swift */; };
		B52712362238DA1A00D57639 /* ConfigInteractor.swift in Sources */ = {isa = PBXBuildFile; fileRef = B52712262238DA1A00D57639 /* ConfigInteractor.swift */; };
		B5271260223A365D00D57639 /* RateUsAssets.xcassets in Resources */ = {isa = PBXBuildFile; fileRef = B527125B223A365D00D57639 /* RateUsAssets.xcassets */; };
		B5271261223A365D00D57639 /* RatingController.swift in Sources */ = {isa = PBXBuildFile; fileRef = B527125C223A365D00D57639 /* RatingController.swift */; };
		B5271262223A365D00D57639 /* VRoundView.swift in Sources */ = {isa = PBXBuildFile; fileRef = B527125D223A365D00D57639 /* VRoundView.swift */; };
		B5271263223A365D00D57639 /* VRateBar.swift in Sources */ = {isa = PBXBuildFile; fileRef = B527125E223A365D00D57639 /* VRateBar.swift */; };
		B5271264223A365D00D57639 /* RatingController.storyboard in Resources */ = {isa = PBXBuildFile; fileRef = B527125F223A365D00D57639 /* RatingController.storyboard */; };
		B5276AAE21A00F59000A74A5 /* AppDelegate.swift in Sources */ = {isa = PBXBuildFile; fileRef = B5276AAD21A00F59000A74A5 /* AppDelegate.swift */; };
		B5276AB521A00F5A000A74A5 /* Assets.xcassets in Resources */ = {isa = PBXBuildFile; fileRef = B5276AB421A00F5A000A74A5 /* Assets.xcassets */; };
		B5276AB821A00F5A000A74A5 /* LaunchScreen.storyboard in Resources */ = {isa = PBXBuildFile; fileRef = B5276AB621A00F5A000A74A5 /* LaunchScreen.storyboard */; };
		B5276AF921A0124D000A74A5 /* CoinsViewController.swift in Sources */ = {isa = PBXBuildFile; fileRef = B5276AF321A0124D000A74A5 /* CoinsViewController.swift */; };
		B5276B4021A27FDD000A74A5 /* PostsEndPoint.swift in Sources */ = {isa = PBXBuildFile; fileRef = B5276B3F21A27FDD000A74A5 /* PostsEndPoint.swift */; };
		B5276B4D21A28183000A74A5 /* PostsWorker.swift in Sources */ = {isa = PBXBuildFile; fileRef = B5276B4521A28183000A74A5 /* PostsWorker.swift */; };
		B5276B5321A28183000A74A5 /* PostsModels.swift in Sources */ = {isa = PBXBuildFile; fileRef = B5276B4721A28183000A74A5 /* PostsModels.swift */; };
		B5276B5621A28183000A74A5 /* PostsViewController.swift in Sources */ = {isa = PBXBuildFile; fileRef = B5276B4821A28183000A74A5 /* PostsViewController.swift */; };
		B5276B5921A28183000A74A5 /* PostsViewModel.swift in Sources */ = {isa = PBXBuildFile; fileRef = B5276B4921A28183000A74A5 /* PostsViewModel.swift */; };
		B5276B5F21A29DD9000A74A5 /* Post.swift in Sources */ = {isa = PBXBuildFile; fileRef = B5276B5E21A29DD9000A74A5 /* Post.swift */; };
		B5276B6321A2A171000A74A5 /* PostsNetworkManager.swift in Sources */ = {isa = PBXBuildFile; fileRef = B5276B6221A2A171000A74A5 /* PostsNetworkManager.swift */; };
		B5276B6821A2A29B000A74A5 /* ParameterEncoding.swift in Sources */ = {isa = PBXBuildFile; fileRef = B5276B6721A2A29B000A74A5 /* ParameterEncoding.swift */; };
		B5276B6C21A2A2C2000A74A5 /* URLParameterEncoder.swift in Sources */ = {isa = PBXBuildFile; fileRef = B5276B6B21A2A2C2000A74A5 /* URLParameterEncoder.swift */; };
		B5276B7021A2A2D7000A74A5 /* JSONParameterEncoder.swift in Sources */ = {isa = PBXBuildFile; fileRef = B5276B6F21A2A2D7000A74A5 /* JSONParameterEncoder.swift */; };
		B5276B7521A2A2FD000A74A5 /* EndPointType.swift in Sources */ = {isa = PBXBuildFile; fileRef = B5276B7421A2A2FD000A74A5 /* EndPointType.swift */; };
		B5276B7921A2A313000A74A5 /* HTTPMethod.swift in Sources */ = {isa = PBXBuildFile; fileRef = B5276B7821A2A313000A74A5 /* HTTPMethod.swift */; };
		B5276B7D21A2A32A000A74A5 /* HTTPTask.swift in Sources */ = {isa = PBXBuildFile; fileRef = B5276B7C21A2A32A000A74A5 /* HTTPTask.swift */; };
		B5276B8121A2A33F000A74A5 /* NetworkError.swift in Sources */ = {isa = PBXBuildFile; fileRef = B5276B8021A2A33F000A74A5 /* NetworkError.swift */; };
		B5276B8521A2A353000A74A5 /* NetworkRouter.swift in Sources */ = {isa = PBXBuildFile; fileRef = B5276B8421A2A353000A74A5 /* NetworkRouter.swift */; };
		B5276B8921A2A369000A74A5 /* Router.swift in Sources */ = {isa = PBXBuildFile; fileRef = B5276B8821A2A369000A74A5 /* Router.swift */; };
		B5276B8D21A2A37E000A74A5 /* NetworkManager.swift in Sources */ = {isa = PBXBuildFile; fileRef = B5276B8C21A2A37E000A74A5 /* NetworkManager.swift */; };
		B54CACE7225635B400BE7127 /* CWError.swift in Sources */ = {isa = PBXBuildFile; fileRef = B54CACE6225635B400BE7127 /* CWError.swift */; };
		B54CACE92256587200BE7127 /* Sortable.swift in Sources */ = {isa = PBXBuildFile; fileRef = B54CACE82256587200BE7127 /* Sortable.swift */; };
		B54CACEB2257068E00BE7127 /* DSError.swift in Sources */ = {isa = PBXBuildFile; fileRef = B54CACEA2257068E00BE7127 /* DSError.swift */; };
		B54CACEE225B411700BE7127 /* R.generated.swift in Sources */ = {isa = PBXBuildFile; fileRef = B54CACED225B411700BE7127 /* R.generated.swift */; };
		B54CACF0225B44D400BE7127 /* CoinsListView.swift in Sources */ = {isa = PBXBuildFile; fileRef = B54CACEF225B44D400BE7127 /* CoinsListView.swift */; };
		B54CACF2225B463800BE7127 /* CoinsListHeaderView.swift in Sources */ = {isa = PBXBuildFile; fileRef = B54CACF1225B463800BE7127 /* CoinsListHeaderView.swift */; };
		B54CACF7225B473700BE7127 /* Localizable.strings in Resources */ = {isa = PBXBuildFile; fileRef = B54CACF9225B473700BE7127 /* Localizable.strings */; };
		B55500FD2237953B00FB7165 /* Price.swift in Sources */ = {isa = PBXBuildFile; fileRef = B55500FC2237953B00FB7165 /* Price.swift */; };
		B55501012237A89C00FB7165 /* SVGKFastImageView+Extensions.swift in Sources */ = {isa = PBXBuildFile; fileRef = B55501002237A89C00FB7165 /* SVGKFastImageView+Extensions.swift */; };
		B572E93F2202AD4F00778DA8 /* CRRoot.swift in Sources */ = {isa = PBXBuildFile; fileRef = B572E93E2202AD4F00778DA8 /* CRRoot.swift */; };
		B572E9432202AF0F00778DA8 /* CRDataList.swift in Sources */ = {isa = PBXBuildFile; fileRef = B572E9422202AF0F00778DA8 /* CRDataList.swift */; };
		B572E9472202AFBA00778DA8 /* CRStats.swift in Sources */ = {isa = PBXBuildFile; fileRef = B572E9462202AFBA00778DA8 /* CRStats.swift */; };
		B572E94B2202AFDF00778DA8 /* CRBase.swift in Sources */ = {isa = PBXBuildFile; fileRef = B572E94A2202AFDF00778DA8 /* CRBase.swift */; };
		B572E94F2202AFF700778DA8 /* CRCoin.swift in Sources */ = {isa = PBXBuildFile; fileRef = B572E94E2202AFF700778DA8 /* CRCoin.swift */; };
		B572E9532202B31900778DA8 /* CRPrice.swift in Sources */ = {isa = PBXBuildFile; fileRef = B572E9522202B31900778DA8 /* CRPrice.swift */; };
		B572E9572202B7A300778DA8 /* CRCoinDataHelper.swift in Sources */ = {isa = PBXBuildFile; fileRef = B572E9562202B7A300778DA8 /* CRCoinDataHelper.swift */; };
		B572E95B2202F34900778DA8 /* DataCache.swift in Sources */ = {isa = PBXBuildFile; fileRef = B572E95A2202F34900778DA8 /* DataCache.swift */; };
		B5737D4B2244E74A00C6A687 /* DateTests.swift in Sources */ = {isa = PBXBuildFile; fileRef = B5737D4A2244E74A00C6A687 /* DateTests.swift */; };
		B5737D4D2244E76E00C6A687 /* DateTimeService.swift in Sources */ = {isa = PBXBuildFile; fileRef = B5737D4C2244E76E00C6A687 /* DateTimeService.swift */; };
		B594F044223D3E85005B8566 /* PriceTests.swift in Sources */ = {isa = PBXBuildFile; fileRef = B594F043223D3E85005B8566 /* PriceTests.swift */; };
		B594F046223D43EC005B8566 /* CRCoinPriceTest.swift in Sources */ = {isa = PBXBuildFile; fileRef = B594F045223D43EC005B8566 /* CRCoinPriceTest.swift */; };
		B594F049223D46BB005B8566 /* NormalCRCoin.json in Resources */ = {isa = PBXBuildFile; fileRef = B594F048223D46BB005B8566 /* NormalCRCoin.json */; };
		B594F04B223D55D2005B8566 /* CRCoinPrice.json in Resources */ = {isa = PBXBuildFile; fileRef = B594F04A223D55D2005B8566 /* CRCoinPrice.json */; };
		B594F04D223E1DB6005B8566 /* SortableWorker.swift in Sources */ = {isa = PBXBuildFile; fileRef = B594F04C223E1DB6005B8566 /* SortableWorker.swift */; };
		B5A1FE02225BC43300341CCC /* CoinsViewModel.swift in Sources */ = {isa = PBXBuildFile; fileRef = B5A1FE01225BC43300341CCC /* CoinsViewModel.swift */; };
		B5A1FE07225C5E4400341CCC /* SortableProtocols.swift in Sources */ = {isa = PBXBuildFile; fileRef = B5A1FE06225C5E4400341CCC /* SortableProtocols.swift */; };
		B5A1FE09225C637600341CCC /* CoinsProtocols.swift in Sources */ = {isa = PBXBuildFile; fileRef = B5A1FE08225C637600341CCC /* CoinsProtocols.swift */; };
		B5A1FE0C225C666E00341CCC /* CoinsWorkerLogic.swift in Sources */ = {isa = PBXBuildFile; fileRef = B5A1FE0B225C666E00341CCC /* CoinsWorkerLogic.swift */; };
		B5A1FE0E225C899900341CCC /* SortableViewModel.swift in Sources */ = {isa = PBXBuildFile; fileRef = B5A1FE0D225C899900341CCC /* SortableViewModel.swift */; };
		B5A1FE10225C9C0300341CCC /* WatchlistProtocols.swift in Sources */ = {isa = PBXBuildFile; fileRef = B5A1FE0F225C9C0300341CCC /* WatchlistProtocols.swift */; };
		B5A1FE12225CBB0C00341CCC /* PostsProtocols.swift in Sources */ = {isa = PBXBuildFile; fileRef = B5A1FE11225CBB0C00341CCC /* PostsProtocols.swift */; };
		B5BFC89922537350000DD490 /* InvalidUrlCRCoin.json in Resources */ = {isa = PBXBuildFile; fileRef = B5BFC89822537350000DD490 /* InvalidUrlCRCoin.json */; };
		B5BFC89B225373F5000DD490 /* CRCoinWebsiteURLTests.swift in Sources */ = {isa = PBXBuildFile; fileRef = B5BFC89A225373F5000DD490 /* CRCoinWebsiteURLTests.swift */; };
		B5CB3660221422ED00087C41 /* AddToWatchlistCell.swift in Sources */ = {isa = PBXBuildFile; fileRef = B5CB365F221422ED00087C41 /* AddToWatchlistCell.swift */; };
		B5E1D6BF221D6CCB005419C8 /* ErrorView.swift in Sources */ = {isa = PBXBuildFile; fileRef = B5E1D6BE221D6CCB005419C8 /* ErrorView.swift */; };
		B5E1D6C5221EDC2A005419C8 /* CoinsWorker.swift in Sources */ = {isa = PBXBuildFile; fileRef = B5E1D6C4221EDC2A005419C8 /* CoinsWorker.swift */; };
		B5E93CF021A6A3AE00D1705A /* Constants.swift in Sources */ = {isa = PBXBuildFile; fileRef = B5E93CEF21A6A3AE00D1705A /* Constants.swift */; };
		B5E93D2E21A6B90F00D1705A /* SQLiteDataStore.swift in Sources */ = {isa = PBXBuildFile; fileRef = B5E93D2D21A6B90F00D1705A /* SQLiteDataStore.swift */; };
		B5E93D3221A6B98E00D1705A /* DataHelperProtocol.swift in Sources */ = {isa = PBXBuildFile; fileRef = B5E93D3121A6B98E00D1705A /* DataHelperProtocol.swift */; };
		B5E93D3621A6B9B000D1705A /* DataAccessError.swift in Sources */ = {isa = PBXBuildFile; fileRef = B5E93D3521A6B9B000D1705A /* DataAccessError.swift */; };
		B5E93D3A21A6B9DD00D1705A /* PostDataHelper.swift in Sources */ = {isa = PBXBuildFile; fileRef = B5E93D3921A6B9DD00D1705A /* PostDataHelper.swift */; };
		B5E93D3E21A6CEFC00D1705A /* CategoryDataHelper.swift in Sources */ = {isa = PBXBuildFile; fileRef = B5E93D3D21A6CEFC00D1705A /* CategoryDataHelper.swift */; };
		B5E93D4221A6D83200D1705A /* PostCategoryDataHelper.swift in Sources */ = {isa = PBXBuildFile; fileRef = B5E93D4121A6D83200D1705A /* PostCategoryDataHelper.swift */; };
		B5E93D4621A6E64200D1705A /* DataStore.swift in Sources */ = {isa = PBXBuildFile; fileRef = B5E93D4521A6E64200D1705A /* DataStore.swift */; };
		B5E93D4B21A6FCE600D1705A /* MainTabBarController.swift in Sources */ = {isa = PBXBuildFile; fileRef = B5E93D4A21A6FCE600D1705A /* MainTabBarController.swift */; };
		B5E93D5121A7C0BC00D1705A /* FontSelectorView.swift in Sources */ = {isa = PBXBuildFile; fileRef = B5E93D5021A7C0BC00D1705A /* FontSelectorView.swift */; };
		B5E93D5521A7E68000D1705A /* PostNavigationView.swift in Sources */ = {isa = PBXBuildFile; fileRef = B5E93D5421A7E68000D1705A /* PostNavigationView.swift */; };
		B5E93D6421A8213500D1705A /* CurrenciesEndPoint.swift in Sources */ = {isa = PBXBuildFile; fileRef = B5E93D6321A8213500D1705A /* CurrenciesEndPoint.swift */; };
		B5E93D6821A8214600D1705A /* CurrenciesNetworkManager.swift in Sources */ = {isa = PBXBuildFile; fileRef = B5E93D6721A8214600D1705A /* CurrenciesNetworkManager.swift */; };
		B5E93D8721A82C5900D1705A /* TVCCrypto.swift in Sources */ = {isa = PBXBuildFile; fileRef = B5E93D8521A82C5900D1705A /* TVCCrypto.swift */; };
		B5E93D8A21A82C5900D1705A /* TVCCrypto.xib in Resources */ = {isa = PBXBuildFile; fileRef = B5E93D8621A82C5900D1705A /* TVCCrypto.xib */; };
		B5E93D8E21A90A6F00D1705A /* WidgetFactory.swift in Sources */ = {isa = PBXBuildFile; fileRef = B5E93D8D21A90A6F00D1705A /* WidgetFactory.swift */; };
		B5F046EF2207EFA5007B7C0D /* CurrencyChartInfoView.swift in Sources */ = {isa = PBXBuildFile; fileRef = B5F046EE2207EFA5007B7C0D /* CurrencyChartInfoView.swift */; };
		B5F14D2B22040B5300DE5E62 /* CRDataCoin.swift in Sources */ = {isa = PBXBuildFile; fileRef = B5F14D2A22040B5300DE5E62 /* CRDataCoin.swift */; };
		B5F3D3E92248FFDF00B69295 /* CRPriceInitTests.swift in Sources */ = {isa = PBXBuildFile; fileRef = B5F3D3E82248FFDF00B69295 /* CRPriceInitTests.swift */; };
		B5F3D3EB224900C100B69295 /* CRPriceInitFromJsonTests.swift in Sources */ = {isa = PBXBuildFile; fileRef = B5F3D3EA224900C100B69295 /* CRPriceInitFromJsonTests.swift */; };
		B5F3D3ED2249013500B69295 /* CRPrice.json in Resources */ = {isa = PBXBuildFile; fileRef = B5F3D3EC2249013500B69295 /* CRPrice.json */; };
		B5F3D3F02249262900B69295 /* CRCoin+Extensions.swift in Sources */ = {isa = PBXBuildFile; fileRef = B5F3D3EF2249262900B69295 /* CRCoin+Extensions.swift */; };
		B5F3D3F22249DEEB00B69295 /* Theme.swift in Sources */ = {isa = PBXBuildFile; fileRef = B5F3D3F12249DEEB00B69295 /* Theme.swift */; };
		B5F5BFA721A426680012599B /* PostsCell.swift in Sources */ = {isa = PBXBuildFile; fileRef = B5F5BFA621A426680012599B /* PostsCell.swift */; };
		B5F6F13D2240D03D00E2D130 /* CRCoinTests.swift in Sources */ = {isa = PBXBuildFile; fileRef = B5F6F13C2240D03D00E2D130 /* CRCoinTests.swift */; };
		B5F6F143224111A100E2D130 /* StoreKit.framework in Frameworks */ = {isa = PBXBuildFile; fileRef = B5F6F142224111A100E2D130 /* StoreKit.framework */; };
		B5F6F145224111AA00E2D130 /* GameKit.framework in Frameworks */ = {isa = PBXBuildFile; fileRef = B5F6F144224111AA00E2D130 /* GameKit.framework */; };
		B5FCEA88220B05FB00E4B433 /* CurrencyDetailsBottomCell.swift in Sources */ = {isa = PBXBuildFile; fileRef = B5FCEA87220B05FB00E4B433 /* CurrencyDetailsBottomCell.swift */; };
		B5FCEA8C220D6B4200E4B433 /* VCMenu.swift in Sources */ = {isa = PBXBuildFile; fileRef = B5FCEA8B220D6B4200E4B433 /* VCMenu.swift */; };
		B5FCEA90220D900800E4B433 /* SFProText-Light.otf in Resources */ = {isa = PBXBuildFile; fileRef = B5FCEA8F220D900700E4B433 /* SFProText-Light.otf */; };
		B5FCEA94220DA2D700E4B433 /* UIColor+Extensions.swift in Sources */ = {isa = PBXBuildFile; fileRef = B5FCEA93220DA2D700E4B433 /* UIColor+Extensions.swift */; };
		B5FCEA98220DB0C400E4B433 /* SEmail.swift in Sources */ = {isa = PBXBuildFile; fileRef = B5FCEA97220DB0C400E4B433 /* SEmail.swift */; };
		B5FCEA9D220EB77100E4B433 /* BDHamburger.swift in Sources */ = {isa = PBXBuildFile; fileRef = B5FCEA9C220EB77100E4B433 /* BDHamburger.swift */; };
		B5FCEAB62212D8FC00E4B433 /* AddToWatchlistPresenter.swift in Sources */ = {isa = PBXBuildFile; fileRef = B5FCEAB02212D8FC00E4B433 /* AddToWatchlistPresenter.swift */; };
		B5FCEABC2212D8FC00E4B433 /* AddToWatchlistRouter.swift in Sources */ = {isa = PBXBuildFile; fileRef = B5FCEAB22212D8FC00E4B433 /* AddToWatchlistRouter.swift */; };
		B5FCEABF2212D8FC00E4B433 /* AddToWatchlistModels.swift in Sources */ = {isa = PBXBuildFile; fileRef = B5FCEAB32212D8FC00E4B433 /* AddToWatchlistModels.swift */; };
		B5FCEAC22212D8FC00E4B433 /* AddToWatchlistViewController.swift in Sources */ = {isa = PBXBuildFile; fileRef = B5FCEAB42212D8FC00E4B433 /* AddToWatchlistViewController.swift */; };
		B5FCEAC52212D8FC00E4B433 /* AddToWatchlistInteractor.swift in Sources */ = {isa = PBXBuildFile; fileRef = B5FCEAB52212D8FC00E4B433 /* AddToWatchlistInteractor.swift */; };
		C0CE4935DE67B38D9BD096C9 /* Pods_Cryptotracker.framework in Frameworks */ = {isa = PBXBuildFile; fileRef = 8D2C2A8FD287D294CF24F89F /* Pods_Cryptotracker.framework */; };
/* End PBXBuildFile section */

/* Begin PBXContainerItemProxy section */
		B594F03C223D3DBE005B8566 /* PBXContainerItemProxy */ = {
			isa = PBXContainerItemProxy;
			containerPortal = B5276AA221A00F59000A74A5 /* Project object */;
			proxyType = 1;
			remoteGlobalIDString = B5276AA921A00F59000A74A5;
			remoteInfo = Cryptotracker;
		};
/* End PBXContainerItemProxy section */

/* Begin PBXFileReference section */
		084EF5BB3FCB474B5135431A /* Pods_StagingCryptotracker.framework */ = {isa = PBXFileReference; explicitFileType = wrapper.framework; includeInIndex = 0; path = Pods_StagingCryptotracker.framework; sourceTree = BUILT_PRODUCTS_DIR; };
		5FCA7E08A6E532B728A4A8C5 /* Pods-StagingCryptotracker.release.xcconfig */ = {isa = PBXFileReference; includeInIndex = 1; lastKnownFileType = text.xcconfig; name = "Pods-StagingCryptotracker.release.xcconfig"; path = "Pods/Target Support Files/Pods-StagingCryptotracker/Pods-StagingCryptotracker.release.xcconfig"; sourceTree = "<group>"; };
		8D2C2A8FD287D294CF24F89F /* Pods_Cryptotracker.framework */ = {isa = PBXFileReference; explicitFileType = wrapper.framework; includeInIndex = 0; path = Pods_Cryptotracker.framework; sourceTree = BUILT_PRODUCTS_DIR; };
		968AB835B3B98751D5272D8F /* Pods-Cryptotracker.staging.xcconfig */ = {isa = PBXFileReference; includeInIndex = 1; lastKnownFileType = text.xcconfig; name = "Pods-Cryptotracker.staging.xcconfig"; path = "Pods/Target Support Files/Pods-Cryptotracker/Pods-Cryptotracker.staging.xcconfig"; sourceTree = "<group>"; };
		A0CC2CCCAA2E062ED9822C81 /* Pods-DebugCryptotracker.release.xcconfig */ = {isa = PBXFileReference; includeInIndex = 1; lastKnownFileType = text.xcconfig; name = "Pods-DebugCryptotracker.release.xcconfig"; path = "Pods/Target Support Files/Pods-DebugCryptotracker/Pods-DebugCryptotracker.release.xcconfig"; sourceTree = "<group>"; };
		A987954D56EDBE59FCFB0C3C /* Pods-Cryptotracker.release.xcconfig */ = {isa = PBXFileReference; includeInIndex = 1; lastKnownFileType = text.xcconfig; name = "Pods-Cryptotracker.release.xcconfig"; path = "Pods/Target Support Files/Pods-Cryptotracker/Pods-Cryptotracker.release.xcconfig"; sourceTree = "<group>"; };
		B3C7929EE344E49051F23381 /* Pods-StagingCryptotracker.debug.xcconfig */ = {isa = PBXFileReference; includeInIndex = 1; lastKnownFileType = text.xcconfig; name = "Pods-StagingCryptotracker.debug.xcconfig"; path = "Pods/Target Support Files/Pods-StagingCryptotracker/Pods-StagingCryptotracker.debug.xcconfig"; sourceTree = "<group>"; };
		B501296C21A940DA001B6A04 /* WatchlistModels.swift */ = {isa = PBXFileReference; lastKnownFileType = sourcecode.swift; path = WatchlistModels.swift; sourceTree = "<group>"; };
		B501296D21A940DA001B6A04 /* WatchlistViewController.swift */ = {isa = PBXFileReference; lastKnownFileType = sourcecode.swift; path = WatchlistViewController.swift; sourceTree = "<group>"; };
		B501296E21A940DA001B6A04 /* WatchlistViewModel.swift */ = {isa = PBXFileReference; lastKnownFileType = sourcecode.swift; path = WatchlistViewModel.swift; sourceTree = "<group>"; };
		B501298221A94BC0001B6A04 /* CurrencyDetailsPresenter.swift */ = {isa = PBXFileReference; lastKnownFileType = sourcecode.swift; path = CurrencyDetailsPresenter.swift; sourceTree = "<group>"; };
		B501298421A94BC0001B6A04 /* CurrencyDetailsRouter.swift */ = {isa = PBXFileReference; lastKnownFileType = sourcecode.swift; path = CurrencyDetailsRouter.swift; sourceTree = "<group>"; };
		B501298521A94BC0001B6A04 /* CurrencyDetailsModels.swift */ = {isa = PBXFileReference; lastKnownFileType = sourcecode.swift; path = CurrencyDetailsModels.swift; sourceTree = "<group>"; };
		B501298621A94BC0001B6A04 /* CurrencyDetailsViewController.swift */ = {isa = PBXFileReference; lastKnownFileType = sourcecode.swift; path = CurrencyDetailsViewController.swift; sourceTree = "<group>"; };
		B501298721A94BC0001B6A04 /* CurrencyDetailsInteractor.swift */ = {isa = PBXFileReference; lastKnownFileType = sourcecode.swift; path = CurrencyDetailsInteractor.swift; sourceTree = "<group>"; };
		B501299B21A9600E001B6A04 /* CurrencyChart.swift */ = {isa = PBXFileReference; lastKnownFileType = sourcecode.swift; path = CurrencyChart.swift; sourceTree = "<group>"; };
		B50129AC21ABE1FB001B6A04 /* CurrencyDetailsCell.swift */ = {isa = PBXFileReference; lastKnownFileType = sourcecode.swift; path = CurrencyDetailsCell.swift; sourceTree = "<group>"; };
		B51ECC6322253F68006CE6FC /* SFProText-Semibold.otf */ = {isa = PBXFileReference; lastKnownFileType = file; path = "SFProText-Semibold.otf"; sourceTree = "<group>"; };
		B51ECC6722253FB4006CE6FC /* SFProText-Bold.otf */ = {isa = PBXFileReference; lastKnownFileType = file; path = "SFProText-Bold.otf"; sourceTree = "<group>"; };
		B51ECC6822253FB5006CE6FC /* SFProText-Heavy.otf */ = {isa = PBXFileReference; lastKnownFileType = file; path = "SFProText-Heavy.otf"; sourceTree = "<group>"; };
		B51ECC6922253FB5006CE6FC /* SFProText-Regular.otf */ = {isa = PBXFileReference; lastKnownFileType = file; path = "SFProText-Regular.otf"; sourceTree = "<group>"; };
		B5217EAC2205948C00FF6DD5 /* CRTimeframe.swift */ = {isa = PBXFileReference; lastKnownFileType = sourcecode.swift; path = CRTimeframe.swift; sourceTree = "<group>"; };
		B5217EB02205960100FF6DD5 /* CRDataHistory.swift */ = {isa = PBXFileReference; lastKnownFileType = sourcecode.swift; path = CRDataHistory.swift; sourceTree = "<group>"; };
		B527120B2238CF4D00D57639 /* ConfigEndPoint.swift */ = {isa = PBXFileReference; lastKnownFileType = sourcecode.swift; path = ConfigEndPoint.swift; sourceTree = "<group>"; };
		B527120F2238D33800D57639 /* ConfigNetworkManager.swift */ = {isa = PBXFileReference; lastKnownFileType = sourcecode.swift; path = ConfigNetworkManager.swift; sourceTree = "<group>"; };
		B52712132238D38900D57639 /* Bootstrap.swift */ = {isa = PBXFileReference; lastKnownFileType = sourcecode.swift; path = Bootstrap.swift; sourceTree = "<group>"; };
		B52712212238DA1A00D57639 /* ConfigPresenter.swift */ = {isa = PBXFileReference; lastKnownFileType = sourcecode.swift; path = ConfigPresenter.swift; sourceTree = "<group>"; };
		B52712222238DA1A00D57639 /* ConfigWorker.swift */ = {isa = PBXFileReference; lastKnownFileType = sourcecode.swift; path = ConfigWorker.swift; sourceTree = "<group>"; };
		B52712232238DA1A00D57639 /* ConfigRouter.swift */ = {isa = PBXFileReference; lastKnownFileType = sourcecode.swift; path = ConfigRouter.swift; sourceTree = "<group>"; };
		B52712252238DA1A00D57639 /* ConfigViewController.swift */ = {isa = PBXFileReference; lastKnownFileType = sourcecode.swift; path = ConfigViewController.swift; sourceTree = "<group>"; };
		B52712262238DA1A00D57639 /* ConfigInteractor.swift */ = {isa = PBXFileReference; lastKnownFileType = sourcecode.swift; path = ConfigInteractor.swift; sourceTree = "<group>"; };
		B5271254223922BE00D57639 /* DebugConfig.xcconfig */ = {isa = PBXFileReference; lastKnownFileType = text.xcconfig; path = DebugConfig.xcconfig; sourceTree = "<group>"; };
		B5271255223922CE00D57639 /* StagingConfig.xcconfig */ = {isa = PBXFileReference; lastKnownFileType = text.xcconfig; path = StagingConfig.xcconfig; sourceTree = "<group>"; };
		B5271256223922DB00D57639 /* ReleaseConfig.xcconfig */ = {isa = PBXFileReference; lastKnownFileType = text.xcconfig; path = ReleaseConfig.xcconfig; sourceTree = "<group>"; };
		B527125B223A365D00D57639 /* RateUsAssets.xcassets */ = {isa = PBXFileReference; lastKnownFileType = folder.assetcatalog; path = RateUsAssets.xcassets; sourceTree = "<group>"; };
		B527125C223A365D00D57639 /* RatingController.swift */ = {isa = PBXFileReference; fileEncoding = 4; lastKnownFileType = sourcecode.swift; path = RatingController.swift; sourceTree = "<group>"; };
		B527125D223A365D00D57639 /* VRoundView.swift */ = {isa = PBXFileReference; fileEncoding = 4; lastKnownFileType = sourcecode.swift; path = VRoundView.swift; sourceTree = "<group>"; };
		B527125E223A365D00D57639 /* VRateBar.swift */ = {isa = PBXFileReference; fileEncoding = 4; lastKnownFileType = sourcecode.swift; path = VRateBar.swift; sourceTree = "<group>"; };
		B527125F223A365D00D57639 /* RatingController.storyboard */ = {isa = PBXFileReference; fileEncoding = 4; lastKnownFileType = file.storyboard; path = RatingController.storyboard; sourceTree = "<group>"; };
		B5276AAA21A00F59000A74A5 /* Cryptotracker.app */ = {isa = PBXFileReference; explicitFileType = wrapper.application; includeInIndex = 0; path = Cryptotracker.app; sourceTree = BUILT_PRODUCTS_DIR; };
		B5276AAD21A00F59000A74A5 /* AppDelegate.swift */ = {isa = PBXFileReference; lastKnownFileType = sourcecode.swift; path = AppDelegate.swift; sourceTree = "<group>"; };
		B5276AB421A00F5A000A74A5 /* Assets.xcassets */ = {isa = PBXFileReference; lastKnownFileType = folder.assetcatalog; path = Assets.xcassets; sourceTree = "<group>"; };
		B5276AB721A00F5A000A74A5 /* Base */ = {isa = PBXFileReference; lastKnownFileType = file.storyboard; name = Base; path = Base.lproj/LaunchScreen.storyboard; sourceTree = "<group>"; };
		B5276AB921A00F5A000A74A5 /* Info.plist */ = {isa = PBXFileReference; lastKnownFileType = text.plist.xml; path = Info.plist; sourceTree = "<group>"; };
		B5276AF321A0124D000A74A5 /* CoinsViewController.swift */ = {isa = PBXFileReference; lastKnownFileType = sourcecode.swift; path = CoinsViewController.swift; sourceTree = "<group>"; };
		B5276B3F21A27FDD000A74A5 /* PostsEndPoint.swift */ = {isa = PBXFileReference; lastKnownFileType = sourcecode.swift; path = PostsEndPoint.swift; sourceTree = "<group>"; };
		B5276B4521A28183000A74A5 /* PostsWorker.swift */ = {isa = PBXFileReference; lastKnownFileType = sourcecode.swift; path = PostsWorker.swift; sourceTree = "<group>"; };
		B5276B4721A28183000A74A5 /* PostsModels.swift */ = {isa = PBXFileReference; lastKnownFileType = sourcecode.swift; path = PostsModels.swift; sourceTree = "<group>"; };
		B5276B4821A28183000A74A5 /* PostsViewController.swift */ = {isa = PBXFileReference; lastKnownFileType = sourcecode.swift; path = PostsViewController.swift; sourceTree = "<group>"; };
		B5276B4921A28183000A74A5 /* PostsViewModel.swift */ = {isa = PBXFileReference; lastKnownFileType = sourcecode.swift; path = PostsViewModel.swift; sourceTree = "<group>"; };
		B5276B5E21A29DD9000A74A5 /* Post.swift */ = {isa = PBXFileReference; lastKnownFileType = sourcecode.swift; path = Post.swift; sourceTree = "<group>"; };
		B5276B6221A2A171000A74A5 /* PostsNetworkManager.swift */ = {isa = PBXFileReference; lastKnownFileType = sourcecode.swift; path = PostsNetworkManager.swift; sourceTree = "<group>"; };
		B5276B6721A2A29B000A74A5 /* ParameterEncoding.swift */ = {isa = PBXFileReference; lastKnownFileType = sourcecode.swift; path = ParameterEncoding.swift; sourceTree = "<group>"; };
		B5276B6B21A2A2C2000A74A5 /* URLParameterEncoder.swift */ = {isa = PBXFileReference; lastKnownFileType = sourcecode.swift; path = URLParameterEncoder.swift; sourceTree = "<group>"; };
		B5276B6F21A2A2D7000A74A5 /* JSONParameterEncoder.swift */ = {isa = PBXFileReference; lastKnownFileType = sourcecode.swift; path = JSONParameterEncoder.swift; sourceTree = "<group>"; };
		B5276B7421A2A2FD000A74A5 /* EndPointType.swift */ = {isa = PBXFileReference; lastKnownFileType = sourcecode.swift; path = EndPointType.swift; sourceTree = "<group>"; };
		B5276B7821A2A313000A74A5 /* HTTPMethod.swift */ = {isa = PBXFileReference; lastKnownFileType = sourcecode.swift; path = HTTPMethod.swift; sourceTree = "<group>"; };
		B5276B7C21A2A32A000A74A5 /* HTTPTask.swift */ = {isa = PBXFileReference; lastKnownFileType = sourcecode.swift; path = HTTPTask.swift; sourceTree = "<group>"; };
		B5276B8021A2A33F000A74A5 /* NetworkError.swift */ = {isa = PBXFileReference; lastKnownFileType = sourcecode.swift; path = NetworkError.swift; sourceTree = "<group>"; };
		B5276B8421A2A353000A74A5 /* NetworkRouter.swift */ = {isa = PBXFileReference; lastKnownFileType = sourcecode.swift; path = NetworkRouter.swift; sourceTree = "<group>"; };
		B5276B8821A2A369000A74A5 /* Router.swift */ = {isa = PBXFileReference; lastKnownFileType = sourcecode.swift; path = Router.swift; sourceTree = "<group>"; };
		B5276B8C21A2A37E000A74A5 /* NetworkManager.swift */ = {isa = PBXFileReference; lastKnownFileType = sourcecode.swift; path = NetworkManager.swift; sourceTree = "<group>"; };
		B54CACE6225635B400BE7127 /* CWError.swift */ = {isa = PBXFileReference; lastKnownFileType = sourcecode.swift; path = CWError.swift; sourceTree = "<group>"; };
		B54CACE82256587200BE7127 /* Sortable.swift */ = {isa = PBXFileReference; lastKnownFileType = sourcecode.swift; path = Sortable.swift; sourceTree = "<group>"; };
		B54CACEA2257068E00BE7127 /* DSError.swift */ = {isa = PBXFileReference; lastKnownFileType = sourcecode.swift; path = DSError.swift; sourceTree = "<group>"; };
		B54CACED225B411700BE7127 /* R.generated.swift */ = {isa = PBXFileReference; fileEncoding = 4; lastKnownFileType = sourcecode.swift; path = R.generated.swift; sourceTree = SOURCE_ROOT; };
		B54CACEF225B44D400BE7127 /* CoinsListView.swift */ = {isa = PBXFileReference; lastKnownFileType = sourcecode.swift; path = CoinsListView.swift; sourceTree = "<group>"; };
		B54CACF1225B463800BE7127 /* CoinsListHeaderView.swift */ = {isa = PBXFileReference; lastKnownFileType = sourcecode.swift; path = CoinsListHeaderView.swift; sourceTree = "<group>"; };
		B54CACF8225B473700BE7127 /* en */ = {isa = PBXFileReference; lastKnownFileType = text.plist.strings; name = en; path = en.lproj/Localizable.strings; sourceTree = "<group>"; };
		B55500FC2237953B00FB7165 /* Price.swift */ = {isa = PBXFileReference; lastKnownFileType = sourcecode.swift; path = Price.swift; sourceTree = "<group>"; };
		B55501002237A89C00FB7165 /* SVGKFastImageView+Extensions.swift */ = {isa = PBXFileReference; lastKnownFileType = sourcecode.swift; path = "SVGKFastImageView+Extensions.swift"; sourceTree = "<group>"; };
		B572E93E2202AD4F00778DA8 /* CRRoot.swift */ = {isa = PBXFileReference; lastKnownFileType = sourcecode.swift; path = CRRoot.swift; sourceTree = "<group>"; };
		B572E9422202AF0F00778DA8 /* CRDataList.swift */ = {isa = PBXFileReference; lastKnownFileType = sourcecode.swift; path = CRDataList.swift; sourceTree = "<group>"; };
		B572E9462202AFBA00778DA8 /* CRStats.swift */ = {isa = PBXFileReference; lastKnownFileType = sourcecode.swift; path = CRStats.swift; sourceTree = "<group>"; };
		B572E94A2202AFDF00778DA8 /* CRBase.swift */ = {isa = PBXFileReference; lastKnownFileType = sourcecode.swift; path = CRBase.swift; sourceTree = "<group>"; };
		B572E94E2202AFF700778DA8 /* CRCoin.swift */ = {isa = PBXFileReference; lastKnownFileType = sourcecode.swift; path = CRCoin.swift; sourceTree = "<group>"; };
		B572E9522202B31900778DA8 /* CRPrice.swift */ = {isa = PBXFileReference; lastKnownFileType = sourcecode.swift; path = CRPrice.swift; sourceTree = "<group>"; };
		B572E9562202B7A300778DA8 /* CRCoinDataHelper.swift */ = {isa = PBXFileReference; lastKnownFileType = sourcecode.swift; path = CRCoinDataHelper.swift; sourceTree = "<group>"; };
		B572E95A2202F34900778DA8 /* DataCache.swift */ = {isa = PBXFileReference; lastKnownFileType = sourcecode.swift; path = DataCache.swift; sourceTree = "<group>"; };
		B5737D4A2244E74A00C6A687 /* DateTests.swift */ = {isa = PBXFileReference; lastKnownFileType = sourcecode.swift; name = DateTests.swift; path = CryptotrackerTests/ServicesTests/DateTests.swift; sourceTree = SOURCE_ROOT; };
		B5737D4C2244E76E00C6A687 /* DateTimeService.swift */ = {isa = PBXFileReference; lastKnownFileType = sourcecode.swift; path = DateTimeService.swift; sourceTree = "<group>"; };
		B594F037223D3DBE005B8566 /* CryptotrackerTests.xctest */ = {isa = PBXFileReference; explicitFileType = wrapper.cfbundle; includeInIndex = 0; path = CryptotrackerTests.xctest; sourceTree = BUILT_PRODUCTS_DIR; };
		B594F03B223D3DBE005B8566 /* Info.plist */ = {isa = PBXFileReference; lastKnownFileType = text.plist.xml; path = Info.plist; sourceTree = "<group>"; };
		B594F043223D3E85005B8566 /* PriceTests.swift */ = {isa = PBXFileReference; lastKnownFileType = sourcecode.swift; path = PriceTests.swift; sourceTree = "<group>"; };
		B594F045223D43EC005B8566 /* CRCoinPriceTest.swift */ = {isa = PBXFileReference; lastKnownFileType = sourcecode.swift; path = CRCoinPriceTest.swift; sourceTree = "<group>"; };
		B594F048223D46BB005B8566 /* NormalCRCoin.json */ = {isa = PBXFileReference; lastKnownFileType = text.json; path = NormalCRCoin.json; sourceTree = "<group>"; };
		B594F04A223D55D2005B8566 /* CRCoinPrice.json */ = {isa = PBXFileReference; lastKnownFileType = text.json; path = CRCoinPrice.json; sourceTree = "<group>"; };
		B594F04C223E1DB6005B8566 /* SortableWorker.swift */ = {isa = PBXFileReference; lastKnownFileType = sourcecode.swift; path = SortableWorker.swift; sourceTree = "<group>"; };
		B5A1FE01225BC43300341CCC /* CoinsViewModel.swift */ = {isa = PBXFileReference; lastKnownFileType = sourcecode.swift; path = CoinsViewModel.swift; sourceTree = "<group>"; };
		B5A1FE06225C5E4400341CCC /* SortableProtocols.swift */ = {isa = PBXFileReference; lastKnownFileType = sourcecode.swift; path = SortableProtocols.swift; sourceTree = "<group>"; };
		B5A1FE08225C637600341CCC /* CoinsProtocols.swift */ = {isa = PBXFileReference; lastKnownFileType = sourcecode.swift; path = CoinsProtocols.swift; sourceTree = "<group>"; };
		B5A1FE0B225C666E00341CCC /* CoinsWorkerLogic.swift */ = {isa = PBXFileReference; lastKnownFileType = sourcecode.swift; path = CoinsWorkerLogic.swift; sourceTree = "<group>"; };
		B5A1FE0D225C899900341CCC /* SortableViewModel.swift */ = {isa = PBXFileReference; lastKnownFileType = sourcecode.swift; path = SortableViewModel.swift; sourceTree = "<group>"; };
		B5A1FE0F225C9C0300341CCC /* WatchlistProtocols.swift */ = {isa = PBXFileReference; lastKnownFileType = sourcecode.swift; path = WatchlistProtocols.swift; sourceTree = "<group>"; };
		B5A1FE11225CBB0C00341CCC /* PostsProtocols.swift */ = {isa = PBXFileReference; lastKnownFileType = sourcecode.swift; path = PostsProtocols.swift; sourceTree = "<group>"; };
		B5BFC89822537350000DD490 /* InvalidUrlCRCoin.json */ = {isa = PBXFileReference; lastKnownFileType = text.json; path = InvalidUrlCRCoin.json; sourceTree = "<group>"; };
		B5BFC89A225373F5000DD490 /* CRCoinWebsiteURLTests.swift */ = {isa = PBXFileReference; lastKnownFileType = sourcecode.swift; path = CRCoinWebsiteURLTests.swift; sourceTree = "<group>"; };
		B5CB365F221422ED00087C41 /* AddToWatchlistCell.swift */ = {isa = PBXFileReference; lastKnownFileType = sourcecode.swift; path = AddToWatchlistCell.swift; sourceTree = "<group>"; };
		B5E1D6BE221D6CCB005419C8 /* ErrorView.swift */ = {isa = PBXFileReference; lastKnownFileType = sourcecode.swift; path = ErrorView.swift; sourceTree = "<group>"; };
		B5E1D6C4221EDC2A005419C8 /* CoinsWorker.swift */ = {isa = PBXFileReference; lastKnownFileType = sourcecode.swift; path = CoinsWorker.swift; sourceTree = "<group>"; };
		B5E93CEF21A6A3AE00D1705A /* Constants.swift */ = {isa = PBXFileReference; lastKnownFileType = sourcecode.swift; path = Constants.swift; sourceTree = "<group>"; };
		B5E93D2D21A6B90F00D1705A /* SQLiteDataStore.swift */ = {isa = PBXFileReference; lastKnownFileType = sourcecode.swift; path = SQLiteDataStore.swift; sourceTree = "<group>"; };
		B5E93D3121A6B98E00D1705A /* DataHelperProtocol.swift */ = {isa = PBXFileReference; lastKnownFileType = sourcecode.swift; path = DataHelperProtocol.swift; sourceTree = "<group>"; };
		B5E93D3521A6B9B000D1705A /* DataAccessError.swift */ = {isa = PBXFileReference; lastKnownFileType = sourcecode.swift; path = DataAccessError.swift; sourceTree = "<group>"; };
		B5E93D3921A6B9DD00D1705A /* PostDataHelper.swift */ = {isa = PBXFileReference; lastKnownFileType = sourcecode.swift; path = PostDataHelper.swift; sourceTree = "<group>"; };
		B5E93D3D21A6CEFC00D1705A /* CategoryDataHelper.swift */ = {isa = PBXFileReference; lastKnownFileType = sourcecode.swift; path = CategoryDataHelper.swift; sourceTree = "<group>"; };
		B5E93D4121A6D83200D1705A /* PostCategoryDataHelper.swift */ = {isa = PBXFileReference; lastKnownFileType = sourcecode.swift; path = PostCategoryDataHelper.swift; sourceTree = "<group>"; };
		B5E93D4521A6E64200D1705A /* DataStore.swift */ = {isa = PBXFileReference; lastKnownFileType = sourcecode.swift; path = DataStore.swift; sourceTree = "<group>"; };
		B5E93D4A21A6FCE600D1705A /* MainTabBarController.swift */ = {isa = PBXFileReference; lastKnownFileType = sourcecode.swift; path = MainTabBarController.swift; sourceTree = "<group>"; };
		B5E93D5021A7C0BC00D1705A /* FontSelectorView.swift */ = {isa = PBXFileReference; lastKnownFileType = sourcecode.swift; path = FontSelectorView.swift; sourceTree = "<group>"; };
		B5E93D5421A7E68000D1705A /* PostNavigationView.swift */ = {isa = PBXFileReference; lastKnownFileType = sourcecode.swift; path = PostNavigationView.swift; sourceTree = "<group>"; };
		B5E93D6321A8213500D1705A /* CurrenciesEndPoint.swift */ = {isa = PBXFileReference; lastKnownFileType = sourcecode.swift; path = CurrenciesEndPoint.swift; sourceTree = "<group>"; };
		B5E93D6721A8214600D1705A /* CurrenciesNetworkManager.swift */ = {isa = PBXFileReference; lastKnownFileType = sourcecode.swift; path = CurrenciesNetworkManager.swift; sourceTree = "<group>"; };
		B5E93D8521A82C5900D1705A /* TVCCrypto.swift */ = {isa = PBXFileReference; fileEncoding = 4; lastKnownFileType = sourcecode.swift; path = TVCCrypto.swift; sourceTree = "<group>"; };
		B5E93D8621A82C5900D1705A /* TVCCrypto.xib */ = {isa = PBXFileReference; fileEncoding = 4; lastKnownFileType = file.xib; path = TVCCrypto.xib; sourceTree = "<group>"; };
		B5E93D8D21A90A6F00D1705A /* WidgetFactory.swift */ = {isa = PBXFileReference; lastKnownFileType = sourcecode.swift; path = WidgetFactory.swift; sourceTree = "<group>"; };
		B5F046EE2207EFA5007B7C0D /* CurrencyChartInfoView.swift */ = {isa = PBXFileReference; lastKnownFileType = sourcecode.swift; path = CurrencyChartInfoView.swift; sourceTree = "<group>"; };
		B5F14D2A22040B5300DE5E62 /* CRDataCoin.swift */ = {isa = PBXFileReference; lastKnownFileType = sourcecode.swift; path = CRDataCoin.swift; sourceTree = "<group>"; };
		B5F3D3E82248FFDF00B69295 /* CRPriceInitTests.swift */ = {isa = PBXFileReference; lastKnownFileType = sourcecode.swift; path = CRPriceInitTests.swift; sourceTree = "<group>"; };
		B5F3D3EA224900C100B69295 /* CRPriceInitFromJsonTests.swift */ = {isa = PBXFileReference; lastKnownFileType = sourcecode.swift; path = CRPriceInitFromJsonTests.swift; sourceTree = "<group>"; };
		B5F3D3EC2249013500B69295 /* CRPrice.json */ = {isa = PBXFileReference; lastKnownFileType = text.json; path = CRPrice.json; sourceTree = "<group>"; };
		B5F3D3EF2249262900B69295 /* CRCoin+Extensions.swift */ = {isa = PBXFileReference; lastKnownFileType = sourcecode.swift; path = "CRCoin+Extensions.swift"; sourceTree = "<group>"; };
		B5F3D3F12249DEEB00B69295 /* Theme.swift */ = {isa = PBXFileReference; lastKnownFileType = sourcecode.swift; path = Theme.swift; sourceTree = "<group>"; };
		B5F5BFA621A426680012599B /* PostsCell.swift */ = {isa = PBXFileReference; lastKnownFileType = sourcecode.swift; path = PostsCell.swift; sourceTree = "<group>"; };
		B5F6F13C2240D03D00E2D130 /* CRCoinTests.swift */ = {isa = PBXFileReference; lastKnownFileType = sourcecode.swift; path = CRCoinTests.swift; sourceTree = "<group>"; };
		B5F6F1402240E89E00E2D130 /* BaseConfig.xcconfig */ = {isa = PBXFileReference; lastKnownFileType = text.xcconfig; path = BaseConfig.xcconfig; sourceTree = "<group>"; };
		B5F6F141224110BD00E2D130 /* Cryptotracker.entitlements */ = {isa = PBXFileReference; lastKnownFileType = text.plist.entitlements; path = Cryptotracker.entitlements; sourceTree = "<group>"; };
		B5F6F142224111A100E2D130 /* StoreKit.framework */ = {isa = PBXFileReference; lastKnownFileType = wrapper.framework; name = StoreKit.framework; path = System/Library/Frameworks/StoreKit.framework; sourceTree = SDKROOT; };
		B5F6F144224111AA00E2D130 /* GameKit.framework */ = {isa = PBXFileReference; lastKnownFileType = wrapper.framework; name = GameKit.framework; path = System/Library/Frameworks/GameKit.framework; sourceTree = SDKROOT; };
		B5FCEA87220B05FB00E4B433 /* CurrencyDetailsBottomCell.swift */ = {isa = PBXFileReference; lastKnownFileType = sourcecode.swift; path = CurrencyDetailsBottomCell.swift; sourceTree = "<group>"; };
		B5FCEA8B220D6B4200E4B433 /* VCMenu.swift */ = {isa = PBXFileReference; lastKnownFileType = sourcecode.swift; path = VCMenu.swift; sourceTree = "<group>"; };
		B5FCEA8F220D900700E4B433 /* SFProText-Light.otf */ = {isa = PBXFileReference; lastKnownFileType = file; path = "SFProText-Light.otf"; sourceTree = "<group>"; };
		B5FCEA93220DA2D700E4B433 /* UIColor+Extensions.swift */ = {isa = PBXFileReference; lastKnownFileType = sourcecode.swift; path = "UIColor+Extensions.swift"; sourceTree = "<group>"; };
		B5FCEA97220DB0C400E4B433 /* SEmail.swift */ = {isa = PBXFileReference; lastKnownFileType = sourcecode.swift; path = SEmail.swift; sourceTree = "<group>"; };
		B5FCEA9C220EB77100E4B433 /* BDHamburger.swift */ = {isa = PBXFileReference; lastKnownFileType = sourcecode.swift; path = BDHamburger.swift; sourceTree = "<group>"; };
		B5FCEAB02212D8FC00E4B433 /* AddToWatchlistPresenter.swift */ = {isa = PBXFileReference; lastKnownFileType = sourcecode.swift; path = AddToWatchlistPresenter.swift; sourceTree = "<group>"; };
		B5FCEAB22212D8FC00E4B433 /* AddToWatchlistRouter.swift */ = {isa = PBXFileReference; lastKnownFileType = sourcecode.swift; path = AddToWatchlistRouter.swift; sourceTree = "<group>"; };
		B5FCEAB32212D8FC00E4B433 /* AddToWatchlistModels.swift */ = {isa = PBXFileReference; lastKnownFileType = sourcecode.swift; path = AddToWatchlistModels.swift; sourceTree = "<group>"; };
		B5FCEAB42212D8FC00E4B433 /* AddToWatchlistViewController.swift */ = {isa = PBXFileReference; lastKnownFileType = sourcecode.swift; path = AddToWatchlistViewController.swift; sourceTree = "<group>"; };
		B5FCEAB52212D8FC00E4B433 /* AddToWatchlistInteractor.swift */ = {isa = PBXFileReference; lastKnownFileType = sourcecode.swift; path = AddToWatchlistInteractor.swift; sourceTree = "<group>"; };
		BE5699FBAB6541F8D8B098DF /* Pods-DebugCryptotracker.debug.xcconfig */ = {isa = PBXFileReference; includeInIndex = 1; lastKnownFileType = text.xcconfig; name = "Pods-DebugCryptotracker.debug.xcconfig"; path = "Pods/Target Support Files/Pods-DebugCryptotracker/Pods-DebugCryptotracker.debug.xcconfig"; sourceTree = "<group>"; };
		C89D204088B1CE9DA386B707 /* Pods-Cryptotracker.debug.xcconfig */ = {isa = PBXFileReference; includeInIndex = 1; lastKnownFileType = text.xcconfig; name = "Pods-Cryptotracker.debug.xcconfig"; path = "Pods/Target Support Files/Pods-Cryptotracker/Pods-Cryptotracker.debug.xcconfig"; sourceTree = "<group>"; };
		E5B2530050E251A72770FCB3 /* Pods_DebugCryptotracker.framework */ = {isa = PBXFileReference; explicitFileType = wrapper.framework; includeInIndex = 0; path = Pods_DebugCryptotracker.framework; sourceTree = BUILT_PRODUCTS_DIR; };
/* End PBXFileReference section */

/* Begin PBXFrameworksBuildPhase section */
		B5276AA721A00F59000A74A5 /* Frameworks */ = {
			isa = PBXFrameworksBuildPhase;
			buildActionMask = 2147483647;
			files = (
				B5F6F145224111AA00E2D130 /* GameKit.framework in Frameworks */,
				C0CE4935DE67B38D9BD096C9 /* Pods_Cryptotracker.framework in Frameworks */,
				B5F6F143224111A100E2D130 /* StoreKit.framework in Frameworks */,
			);
			runOnlyForDeploymentPostprocessing = 0;
		};
		B594F034223D3DBE005B8566 /* Frameworks */ = {
			isa = PBXFrameworksBuildPhase;
			buildActionMask = 2147483647;
			files = (
			);
			runOnlyForDeploymentPostprocessing = 0;
		};
/* End PBXFrameworksBuildPhase section */

/* Begin PBXGroup section */
		4B779F8A4C99F81D4831474B /* Frameworks */ = {
			isa = PBXGroup;
			children = (
				B5F6F144224111AA00E2D130 /* GameKit.framework */,
				B5F6F142224111A100E2D130 /* StoreKit.framework */,
				8D2C2A8FD287D294CF24F89F /* Pods_Cryptotracker.framework */,
				E5B2530050E251A72770FCB3 /* Pods_DebugCryptotracker.framework */,
				084EF5BB3FCB474B5135431A /* Pods_StagingCryptotracker.framework */,
			);
			name = Frameworks;
			sourceTree = "<group>";
		};
		B501296821A940BA001B6A04 /* Watchlist */ = {
			isa = PBXGroup;
			children = (
				B501296C21A940DA001B6A04 /* WatchlistModels.swift */,
				B501296D21A940DA001B6A04 /* WatchlistViewController.swift */,
				B501296E21A940DA001B6A04 /* WatchlistViewModel.swift */,
				B5A1FE0F225C9C0300341CCC /* WatchlistProtocols.swift */,
			);
			path = Watchlist;
			sourceTree = "<group>";
		};
		B501298121A94BA7001B6A04 /* CurrencyDetails */ = {
			isa = PBXGroup;
			children = (
				B501298221A94BC0001B6A04 /* CurrencyDetailsPresenter.swift */,
				B501298421A94BC0001B6A04 /* CurrencyDetailsRouter.swift */,
				B501298521A94BC0001B6A04 /* CurrencyDetailsModels.swift */,
				B501298621A94BC0001B6A04 /* CurrencyDetailsViewController.swift */,
				B501298721A94BC0001B6A04 /* CurrencyDetailsInteractor.swift */,
				B50129AC21ABE1FB001B6A04 /* CurrencyDetailsCell.swift */,
				B5FCEA87220B05FB00E4B433 /* CurrencyDetailsBottomCell.swift */,
			);
			path = CurrencyDetails;
			sourceTree = "<group>";
		};
		B501299A21A95FEB001B6A04 /* CurrencyChart */ = {
			isa = PBXGroup;
			children = (
				B501299B21A9600E001B6A04 /* CurrencyChart.swift */,
				B5F046EE2207EFA5007B7C0D /* CurrencyChartInfoView.swift */,
			);
			path = CurrencyChart;
			sourceTree = "<group>";
		};
		B527120A2238CA2100D57639 /* ConfigNetwork */ = {
			isa = PBXGroup;
			children = (
				B527120B2238CF4D00D57639 /* ConfigEndPoint.swift */,
				B527120F2238D33800D57639 /* ConfigNetworkManager.swift */,
			);
			path = ConfigNetwork;
			sourceTree = "<group>";
		};
		B52712202238D8E100D57639 /* Config */ = {
			isa = PBXGroup;
			children = (
				B52712212238DA1A00D57639 /* ConfigPresenter.swift */,
				B52712222238DA1A00D57639 /* ConfigWorker.swift */,
				B52712232238DA1A00D57639 /* ConfigRouter.swift */,
				B52712252238DA1A00D57639 /* ConfigViewController.swift */,
				B52712262238DA1A00D57639 /* ConfigInteractor.swift */,
			);
			path = Config;
			sourceTree = "<group>";
		};
		B52712532239226900D57639 /* Configuration */ = {
			isa = PBXGroup;
			children = (
				B5271254223922BE00D57639 /* DebugConfig.xcconfig */,
				B5271255223922CE00D57639 /* StagingConfig.xcconfig */,
				B5271256223922DB00D57639 /* ReleaseConfig.xcconfig */,
				B5F6F1402240E89E00E2D130 /* BaseConfig.xcconfig */,
			);
			path = Configuration;
			sourceTree = "<group>";
		};
		B527125A223A35C000D57639 /* RateUs */ = {
			isa = PBXGroup;
			children = (
				B527125B223A365D00D57639 /* RateUsAssets.xcassets */,
				B527125F223A365D00D57639 /* RatingController.storyboard */,
				B527125C223A365D00D57639 /* RatingController.swift */,
				B527125E223A365D00D57639 /* VRateBar.swift */,
				B527125D223A365D00D57639 /* VRoundView.swift */,
			);
			path = RateUs;
			sourceTree = "<group>";
		};
		B5276AA121A00F59000A74A5 = {
			isa = PBXGroup;
			children = (
				B52712532239226900D57639 /* Configuration */,
				B5276ABF21A00F83000A74A5 /* Source */,
				B5276AAC21A00F59000A74A5 /* Cryptotracker */,
				B594F038223D3DBE005B8566 /* CryptotrackerTests */,
				B5276AAB21A00F59000A74A5 /* Products */,
				C507AE03D095A52756BA7150 /* Pods */,
				4B779F8A4C99F81D4831474B /* Frameworks */,
			);
			sourceTree = "<group>";
		};
		B5276AAB21A00F59000A74A5 /* Products */ = {
			isa = PBXGroup;
			children = (
				B5276AAA21A00F59000A74A5 /* Cryptotracker.app */,
				B594F037223D3DBE005B8566 /* CryptotrackerTests.xctest */,
			);
			name = Products;
			sourceTree = "<group>";
		};
		B5276AAC21A00F59000A74A5 /* Cryptotracker */ = {
			isa = PBXGroup;
			children = (
				B54CACED225B411700BE7127 /* R.generated.swift */,
				B5F6F141224110BD00E2D130 /* Cryptotracker.entitlements */,
				B5276AB921A00F5A000A74A5 /* Info.plist */,
				B5276AAD21A00F59000A74A5 /* AppDelegate.swift */,
				B5276AB421A00F5A000A74A5 /* Assets.xcassets */,
				B5276AB621A00F5A000A74A5 /* LaunchScreen.storyboard */,
				B54CACF9225B473700BE7127 /* Localizable.strings */,
			);
			path = Cryptotracker;
			sourceTree = "<group>";
		};
		B5276ABF21A00F83000A74A5 /* Source */ = {
			isa = PBXGroup;
			children = (
				B5E1D6C3221EDC14005419C8 /* Services */,
				B5E93D4E21A7C08000D1705A /* Views */,
				B5E93D2B21A6B44B00D1705A /* DataStore */,
				B5E93CF321A6A40C00D1705A /* Assets */,
				B5E93CEE21A6A39800D1705A /* Common */,
				B5276B5D21A29DC9000A74A5 /* Models */,
				B5276B5C21A29DB8000A74A5 /* Scenes */,
				B5276B3E21A27F17000A74A5 /* Network */,
			);
			path = Source;
			sourceTree = "<group>";
		};
		B5276AEE21A011ED000A74A5 /* Coins */ = {
			isa = PBXGroup;
			children = (
				B5276AF321A0124D000A74A5 /* CoinsViewController.swift */,
				B5A1FE01225BC43300341CCC /* CoinsViewModel.swift */,
				B5A1FE08225C637600341CCC /* CoinsProtocols.swift */,
			);
			path = Coins;
			sourceTree = "<group>";
		};
		B5276B3E21A27F17000A74A5 /* Network */ = {
			isa = PBXGroup;
			children = (
				B527120A2238CA2100D57639 /* ConfigNetwork */,
				B5E93D6221A8211500D1705A /* CurrenciesNetwork */,
				B5E93D6121A820FB00D1705A /* PostsNetwork */,
				B5276B7321A2A2EB000A74A5 /* Service */,
				B5276B6621A2A288000A74A5 /* Encoding */,
			);
			path = Network;
			sourceTree = "<group>";
		};
		B5276B4321A2816F000A74A5 /* Posts */ = {
			isa = PBXGroup;
			children = (
				B5276B4521A28183000A74A5 /* PostsWorker.swift */,
				B5276B4721A28183000A74A5 /* PostsModels.swift */,
				B5276B4821A28183000A74A5 /* PostsViewController.swift */,
				B5276B4921A28183000A74A5 /* PostsViewModel.swift */,
				B5F5BFA621A426680012599B /* PostsCell.swift */,
				B5A1FE11225CBB0C00341CCC /* PostsProtocols.swift */,
			);
			path = Posts;
			sourceTree = "<group>";
		};
		B5276B5C21A29DB8000A74A5 /* Scenes */ = {
			isa = PBXGroup;
			children = (
				B52712202238D8E100D57639 /* Config */,
				B5FCEAAF2212D8CD00E4B433 /* AddToWatchlist */,
				B501299A21A95FEB001B6A04 /* CurrencyChart */,
				B501298121A94BA7001B6A04 /* CurrencyDetails */,
				B501296821A940BA001B6A04 /* Watchlist */,
				B5276AEE21A011ED000A74A5 /* Coins */,
				B5276B4321A2816F000A74A5 /* Posts */,
			);
			path = Scenes;
			sourceTree = "<group>";
		};
		B5276B5D21A29DC9000A74A5 /* Models */ = {
			isa = PBXGroup;
			children = (
				B572E93D2202AC5700778DA8 /* Coins */,
				B5276B5E21A29DD9000A74A5 /* Post.swift */,
				B55500FC2237953B00FB7165 /* Price.swift */,
				B52712132238D38900D57639 /* Bootstrap.swift */,
				B54CACE6225635B400BE7127 /* CWError.swift */,
				B54CACE82256587200BE7127 /* Sortable.swift */,
			);
			path = Models;
			sourceTree = "<group>";
		};
		B5276B6621A2A288000A74A5 /* Encoding */ = {
			isa = PBXGroup;
			children = (
				B5276B6721A2A29B000A74A5 /* ParameterEncoding.swift */,
				B5276B6B21A2A2C2000A74A5 /* URLParameterEncoder.swift */,
				B5276B6F21A2A2D7000A74A5 /* JSONParameterEncoder.swift */,
			);
			path = Encoding;
			sourceTree = "<group>";
		};
		B5276B7321A2A2EB000A74A5 /* Service */ = {
			isa = PBXGroup;
			children = (
				B5276B7421A2A2FD000A74A5 /* EndPointType.swift */,
				B5276B7821A2A313000A74A5 /* HTTPMethod.swift */,
				B5276B7C21A2A32A000A74A5 /* HTTPTask.swift */,
				B5276B8021A2A33F000A74A5 /* NetworkError.swift */,
				B5276B8421A2A353000A74A5 /* NetworkRouter.swift */,
				B5276B8821A2A369000A74A5 /* Router.swift */,
				B5276B8C21A2A37E000A74A5 /* NetworkManager.swift */,
			);
			path = Service;
			sourceTree = "<group>";
		};
		B572E93D2202AC5700778DA8 /* Coins */ = {
			isa = PBXGroup;
			children = (
				B572E93E2202AD4F00778DA8 /* CRRoot.swift */,
				B572E9422202AF0F00778DA8 /* CRDataList.swift */,
				B572E9462202AFBA00778DA8 /* CRStats.swift */,
				B572E94A2202AFDF00778DA8 /* CRBase.swift */,
				B572E94E2202AFF700778DA8 /* CRCoin.swift */,
				B572E9522202B31900778DA8 /* CRPrice.swift */,
				B5F14D2A22040B5300DE5E62 /* CRDataCoin.swift */,
				B5217EAC2205948C00FF6DD5 /* CRTimeframe.swift */,
				B5217EB02205960100FF6DD5 /* CRDataHistory.swift */,
			);
			path = Coins;
			sourceTree = "<group>";
		};
		B5737D4E2244EE3200C6A687 /* ServicesTests */ = {
			isa = PBXGroup;
			children = (
				B5737D4A2244E74A00C6A687 /* DateTests.swift */,
			);
			path = ServicesTests;
			sourceTree = "<group>";
		};
		B594F038223D3DBE005B8566 /* CryptotrackerTests */ = {
			isa = PBXGroup;
			children = (
				B5F3D3EE224925CF00B69295 /* MockModels */,
				B5737D4E2244EE3200C6A687 /* ServicesTests */,
				B594F047223D4690005B8566 /* Data */,
				B594F042223D3E74005B8566 /* ModelsTests */,
				B594F03B223D3DBE005B8566 /* Info.plist */,
			);
			path = CryptotrackerTests;
			sourceTree = "<group>";
		};
		B594F042223D3E74005B8566 /* ModelsTests */ = {
			isa = PBXGroup;
			children = (
				B5F3D3E82248FFDF00B69295 /* CRPriceInitTests.swift */,
				B5F3D3EA224900C100B69295 /* CRPriceInitFromJsonTests.swift */,
				B5F6F13C2240D03D00E2D130 /* CRCoinTests.swift */,
				B594F043223D3E85005B8566 /* PriceTests.swift */,
				B594F045223D43EC005B8566 /* CRCoinPriceTest.swift */,
				B5BFC89A225373F5000DD490 /* CRCoinWebsiteURLTests.swift */,
			);
			path = ModelsTests;
			sourceTree = "<group>";
		};
		B594F047223D4690005B8566 /* Data */ = {
			isa = PBXGroup;
			children = (
				B594F048223D46BB005B8566 /* NormalCRCoin.json */,
				B594F04A223D55D2005B8566 /* CRCoinPrice.json */,
				B5F3D3EC2249013500B69295 /* CRPrice.json */,
				B5BFC89822537350000DD490 /* InvalidUrlCRCoin.json */,
			);
			path = Data;
			sourceTree = "<group>";
		};
		B5A1FE00225B502500341CCC /* CoinsList */ = {
			isa = PBXGroup;
			children = (
				B5E93D8421A82C3600D1705A /* Cell */,
				B54CACF1225B463800BE7127 /* CoinsListHeaderView.swift */,
				B54CACEF225B44D400BE7127 /* CoinsListView.swift */,
			);
			path = CoinsList;
			sourceTree = "<group>";
		};
		B5A1FE05225C5E2E00341CCC /* Sortable */ = {
			isa = PBXGroup;
			children = (
				B5A1FE06225C5E4400341CCC /* SortableProtocols.swift */,
				B594F04C223E1DB6005B8566 /* SortableWorker.swift */,
				B5A1FE0D225C899900341CCC /* SortableViewModel.swift */,
			);
			path = Sortable;
			sourceTree = "<group>";
		};
		B5A1FE0A225C665800341CCC /* Coins */ = {
			isa = PBXGroup;
			children = (
				B5E1D6C4221EDC2A005419C8 /* CoinsWorker.swift */,
				B5A1FE0B225C666E00341CCC /* CoinsWorkerLogic.swift */,
			);
			path = Coins;
			sourceTree = "<group>";
		};
		B5E1D6C3221EDC14005419C8 /* Services */ = {
			isa = PBXGroup;
			children = (
				B5A1FE0A225C665800341CCC /* Coins */,
				B5A1FE05225C5E2E00341CCC /* Sortable */,
				B55501002237A89C00FB7165 /* SVGKFastImageView+Extensions.swift */,
				B5737D4C2244E76E00C6A687 /* DateTimeService.swift */,
			);
			path = Services;
			sourceTree = "<group>";
		};
		B5E93CEE21A6A39800D1705A /* Common */ = {
			isa = PBXGroup;
			children = (
				B5E93CEF21A6A3AE00D1705A /* Constants.swift */,
				B5FCEA93220DA2D700E4B433 /* UIColor+Extensions.swift */,
				B5FCEA97220DB0C400E4B433 /* SEmail.swift */,
				B5F3D3F12249DEEB00B69295 /* Theme.swift */,
			);
			path = Common;
			sourceTree = "<group>";
		};
		B5E93CF321A6A40C00D1705A /* Assets */ = {
			isa = PBXGroup;
			children = (
				B5E93CF421A6A41200D1705A /* Fonts */,
			);
			path = Assets;
			sourceTree = "<group>";
		};
		B5E93CF421A6A41200D1705A /* Fonts */ = {
			isa = PBXGroup;
			children = (
				B51ECC6722253FB4006CE6FC /* SFProText-Bold.otf */,
				B51ECC6822253FB5006CE6FC /* SFProText-Heavy.otf */,
				B51ECC6922253FB5006CE6FC /* SFProText-Regular.otf */,
				B51ECC6322253F68006CE6FC /* SFProText-Semibold.otf */,
				B5FCEA8F220D900700E4B433 /* SFProText-Light.otf */,
			);
			path = Fonts;
			sourceTree = "<group>";
		};
		B5E93D2B21A6B44B00D1705A /* DataStore */ = {
			isa = PBXGroup;
			children = (
				B5E93D2C21A6B8DB00D1705A /* SQLite */,
				B5E93D4521A6E64200D1705A /* DataStore.swift */,
				B572E95A2202F34900778DA8 /* DataCache.swift */,
				B54CACEA2257068E00BE7127 /* DSError.swift */,
			);
			path = DataStore;
			sourceTree = "<group>";
		};
		B5E93D2C21A6B8DB00D1705A /* SQLite */ = {
			isa = PBXGroup;
			children = (
				B5E93D2D21A6B90F00D1705A /* SQLiteDataStore.swift */,
				B5E93D3121A6B98E00D1705A /* DataHelperProtocol.swift */,
				B5E93D3521A6B9B000D1705A /* DataAccessError.swift */,
				B5E93D3921A6B9DD00D1705A /* PostDataHelper.swift */,
				B5E93D3D21A6CEFC00D1705A /* CategoryDataHelper.swift */,
				B5E93D4121A6D83200D1705A /* PostCategoryDataHelper.swift */,
				B572E9562202B7A300778DA8 /* CRCoinDataHelper.swift */,
			);
			path = SQLite;
			sourceTree = "<group>";
		};
		B5E93D4921A6FC3700D1705A /* ViewControllers */ = {
			isa = PBXGroup;
			children = (
				B5E93D4A21A6FCE600D1705A /* MainTabBarController.swift */,
				B5FCEA8B220D6B4200E4B433 /* VCMenu.swift */,
			);
			path = ViewControllers;
			sourceTree = "<group>";
		};
		B5E93D4E21A7C08000D1705A /* Views */ = {
			isa = PBXGroup;
			children = (
				B5E93D4F21A7C09500D1705A /* Widgets */,
				B5E93D4921A6FC3700D1705A /* ViewControllers */,
			);
			path = Views;
			sourceTree = "<group>";
		};
		B5E93D4F21A7C09500D1705A /* Widgets */ = {
			isa = PBXGroup;
			children = (
				B5A1FE00225B502500341CCC /* CoinsList */,
				B527125A223A35C000D57639 /* RateUs */,
				B5E93D5021A7C0BC00D1705A /* FontSelectorView.swift */,
				B5E93D5421A7E68000D1705A /* PostNavigationView.swift */,
				B5E93D8D21A90A6F00D1705A /* WidgetFactory.swift */,
				B5FCEA9C220EB77100E4B433 /* BDHamburger.swift */,
				B5E1D6BE221D6CCB005419C8 /* ErrorView.swift */,
			);
			path = Widgets;
			sourceTree = "<group>";
		};
		B5E93D6121A820FB00D1705A /* PostsNetwork */ = {
			isa = PBXGroup;
			children = (
				B5276B3F21A27FDD000A74A5 /* PostsEndPoint.swift */,
				B5276B6221A2A171000A74A5 /* PostsNetworkManager.swift */,
			);
			path = PostsNetwork;
			sourceTree = "<group>";
		};
		B5E93D6221A8211500D1705A /* CurrenciesNetwork */ = {
			isa = PBXGroup;
			children = (
				B5E93D6321A8213500D1705A /* CurrenciesEndPoint.swift */,
				B5E93D6721A8214600D1705A /* CurrenciesNetworkManager.swift */,
			);
			path = CurrenciesNetwork;
			sourceTree = "<group>";
		};
		B5E93D8421A82C3600D1705A /* Cell */ = {
			isa = PBXGroup;
			children = (
				B5E93D8521A82C5900D1705A /* TVCCrypto.swift */,
				B5E93D8621A82C5900D1705A /* TVCCrypto.xib */,
			);
			path = Cell;
			sourceTree = "<group>";
		};
		B5F3D3EE224925CF00B69295 /* MockModels */ = {
			isa = PBXGroup;
			children = (
				B5F3D3EF2249262900B69295 /* CRCoin+Extensions.swift */,
			);
			path = MockModels;
			sourceTree = "<group>";
		};
		B5FCEAAF2212D8CD00E4B433 /* AddToWatchlist */ = {
			isa = PBXGroup;
			children = (
				B5FCEAB02212D8FC00E4B433 /* AddToWatchlistPresenter.swift */,
				B5FCEAB22212D8FC00E4B433 /* AddToWatchlistRouter.swift */,
				B5FCEAB32212D8FC00E4B433 /* AddToWatchlistModels.swift */,
				B5FCEAB42212D8FC00E4B433 /* AddToWatchlistViewController.swift */,
				B5FCEAB52212D8FC00E4B433 /* AddToWatchlistInteractor.swift */,
				B5CB365F221422ED00087C41 /* AddToWatchlistCell.swift */,
			);
			path = AddToWatchlist;
			sourceTree = "<group>";
		};
		C507AE03D095A52756BA7150 /* Pods */ = {
			isa = PBXGroup;
			children = (
				C89D204088B1CE9DA386B707 /* Pods-Cryptotracker.debug.xcconfig */,
				A987954D56EDBE59FCFB0C3C /* Pods-Cryptotracker.release.xcconfig */,
				BE5699FBAB6541F8D8B098DF /* Pods-DebugCryptotracker.debug.xcconfig */,
				A0CC2CCCAA2E062ED9822C81 /* Pods-DebugCryptotracker.release.xcconfig */,
				B3C7929EE344E49051F23381 /* Pods-StagingCryptotracker.debug.xcconfig */,
				5FCA7E08A6E532B728A4A8C5 /* Pods-StagingCryptotracker.release.xcconfig */,
				968AB835B3B98751D5272D8F /* Pods-Cryptotracker.staging.xcconfig */,
			);
			name = Pods;
			sourceTree = "<group>";
		};
/* End PBXGroup section */

/* Begin PBXNativeTarget section */
		B5276AA921A00F59000A74A5 /* Cryptotracker */ = {
			isa = PBXNativeTarget;
			buildConfigurationList = B5276ABC21A00F5A000A74A5 /* Build configuration list for PBXNativeTarget "Cryptotracker" */;
			buildPhases = (
				4120CDEE9F183875376742D0 /* [CP] Check Pods Manifest.lock */,
				B54CACEC225B3F5900BE7127 /* R.swift */,
				B5276AA621A00F59000A74A5 /* Sources */,
				B5276AA721A00F59000A74A5 /* Frameworks */,
				B5276AA821A00F59000A74A5 /* Resources */,
				B5276AFB21A01E5F000A74A5 /* SwiftLint */,
				1910188A9C07FC0D5A335470 /* [CP] Embed Pods Frameworks */,
				B5A23B1A223D05F600BA2B25 /* Fabric */,
			);
			buildRules = (
			);
			dependencies = (
			);
			name = Cryptotracker;
			productName = Cryptotracker;
			productReference = B5276AAA21A00F59000A74A5 /* Cryptotracker.app */;
			productType = "com.apple.product-type.application";
		};
		B594F036223D3DBE005B8566 /* CryptotrackerTests */ = {
			isa = PBXNativeTarget;
			buildConfigurationList = B594F03E223D3DBE005B8566 /* Build configuration list for PBXNativeTarget "CryptotrackerTests" */;
			buildPhases = (
				B594F033223D3DBE005B8566 /* Sources */,
				B594F034223D3DBE005B8566 /* Frameworks */,
				B594F035223D3DBE005B8566 /* Resources */,
			);
			buildRules = (
			);
			dependencies = (
				B594F03D223D3DBE005B8566 /* PBXTargetDependency */,
			);
			name = CryptotrackerTests;
			productName = CryptotrackerTests;
			productReference = B594F037223D3DBE005B8566 /* CryptotrackerTests.xctest */;
			productType = "com.apple.product-type.bundle.unit-test";
		};
/* End PBXNativeTarget section */

/* Begin PBXProject section */
		B5276AA221A00F59000A74A5 /* Project object */ = {
			isa = PBXProject;
			attributes = {
				LastSwiftUpdateCheck = 1010;
				LastUpgradeCheck = 0940;
				ORGANIZATIONNAME = makeuseof;
				TargetAttributes = {
					B5276AA921A00F59000A74A5 = {
						CreatedOnToolsVersion = 9.4.1;
						SystemCapabilities = {
							com.apple.GameCenter.iOS = {
								enabled = 1;
							};
							com.apple.InAppPurchase = {
								enabled = 1;
							};
							com.apple.Push = {
								enabled = 0;
							};
						};
					};
					B594F036223D3DBE005B8566 = {
						CreatedOnToolsVersion = 10.1;
						TestTargetID = B5276AA921A00F59000A74A5;
					};
				};
			};
			buildConfigurationList = B5276AA521A00F59000A74A5 /* Build configuration list for PBXProject "Cryptotracker" */;
			compatibilityVersion = "Xcode 9.3";
			developmentRegion = en;
			hasScannedForEncodings = 0;
			knownRegions = (
				en,
				Base,
			);
			mainGroup = B5276AA121A00F59000A74A5;
			productRefGroup = B5276AAB21A00F59000A74A5 /* Products */;
			projectDirPath = "";
			projectRoot = "";
			targets = (
				B5276AA921A00F59000A74A5 /* Cryptotracker */,
				B594F036223D3DBE005B8566 /* CryptotrackerTests */,
			);
		};
/* End PBXProject section */

/* Begin PBXResourcesBuildPhase section */
		B5276AA821A00F59000A74A5 /* Resources */ = {
			isa = PBXResourcesBuildPhase;
			buildActionMask = 2147483647;
			files = (
				B51ECC6A22253FB5006CE6FC /* SFProText-Bold.otf in Resources */,
				B5E93D8A21A82C5900D1705A /* TVCCrypto.xib in Resources */,
				B54CACF7225B473700BE7127 /* Localizable.strings in Resources */,
				B51ECC7022253FB5006CE6FC /* SFProText-Regular.otf in Resources */,
				B5271260223A365D00D57639 /* RateUsAssets.xcassets in Resources */,
				B5276AB821A00F5A000A74A5 /* LaunchScreen.storyboard in Resources */,
				B5276AB521A00F5A000A74A5 /* Assets.xcassets in Resources */,
				B51ECC6422253F69006CE6FC /* SFProText-Semibold.otf in Resources */,
				B5271264223A365D00D57639 /* RatingController.storyboard in Resources */,
				B51ECC6D22253FB5006CE6FC /* SFProText-Heavy.otf in Resources */,
				B5FCEA90220D900800E4B433 /* SFProText-Light.otf in Resources */,
			);
			runOnlyForDeploymentPostprocessing = 0;
		};
		B594F035223D3DBE005B8566 /* Resources */ = {
			isa = PBXResourcesBuildPhase;
			buildActionMask = 2147483647;
			files = (
				B5F3D3ED2249013500B69295 /* CRPrice.json in Resources */,
				B5BFC89922537350000DD490 /* InvalidUrlCRCoin.json in Resources */,
				B594F049223D46BB005B8566 /* NormalCRCoin.json in Resources */,
				B594F04B223D55D2005B8566 /* CRCoinPrice.json in Resources */,
			);
			runOnlyForDeploymentPostprocessing = 0;
		};
/* End PBXResourcesBuildPhase section */

/* Begin PBXShellScriptBuildPhase section */
		1910188A9C07FC0D5A335470 /* [CP] Embed Pods Frameworks */ = {
			isa = PBXShellScriptBuildPhase;
			buildActionMask = 2147483647;
			files = (
			);
			inputFileListPaths = (
			);
			inputPaths = (
				"${PODS_ROOT}/Target Support Files/Pods-Cryptotracker/Pods-Cryptotracker-frameworks.sh",
				"${BUILT_PRODUCTS_DIR}/Charts/Charts.framework",
				"${BUILT_PRODUCTS_DIR}/CocoaLumberjack/CocoaLumberjack.framework",
				"${BUILT_PRODUCTS_DIR}/Kingfisher/Kingfisher.framework",
				"${BUILT_PRODUCTS_DIR}/NVActivityIndicatorView/NVActivityIndicatorView.framework",
				"${BUILT_PRODUCTS_DIR}/R.swift.Library/Rswift.framework",
				"${BUILT_PRODUCTS_DIR}/SQLite.swift/SQLite.framework",
				"${BUILT_PRODUCTS_DIR}/SVGKit/SVGKit.framework",
				"${BUILT_PRODUCTS_DIR}/SideMenu/SideMenu.framework",
				"${BUILT_PRODUCTS_DIR}/SnapKit/SnapKit.framework",
			);
			name = "[CP] Embed Pods Frameworks";
			outputFileListPaths = (
			);
			outputPaths = (
				"${TARGET_BUILD_DIR}/${FRAMEWORKS_FOLDER_PATH}/Charts.framework",
				"${TARGET_BUILD_DIR}/${FRAMEWORKS_FOLDER_PATH}/CocoaLumberjack.framework",
				"${TARGET_BUILD_DIR}/${FRAMEWORKS_FOLDER_PATH}/Kingfisher.framework",
				"${TARGET_BUILD_DIR}/${FRAMEWORKS_FOLDER_PATH}/NVActivityIndicatorView.framework",
				"${TARGET_BUILD_DIR}/${FRAMEWORKS_FOLDER_PATH}/Rswift.framework",
				"${TARGET_BUILD_DIR}/${FRAMEWORKS_FOLDER_PATH}/SQLite.framework",
				"${TARGET_BUILD_DIR}/${FRAMEWORKS_FOLDER_PATH}/SVGKit.framework",
				"${TARGET_BUILD_DIR}/${FRAMEWORKS_FOLDER_PATH}/SideMenu.framework",
				"${TARGET_BUILD_DIR}/${FRAMEWORKS_FOLDER_PATH}/SnapKit.framework",
			);
			runOnlyForDeploymentPostprocessing = 0;
			shellPath = /bin/sh;
			shellScript = "\"${PODS_ROOT}/Target Support Files/Pods-Cryptotracker/Pods-Cryptotracker-frameworks.sh\"\n";
			showEnvVarsInLog = 0;
		};
		4120CDEE9F183875376742D0 /* [CP] Check Pods Manifest.lock */ = {
			isa = PBXShellScriptBuildPhase;
			buildActionMask = 2147483647;
			files = (
			);
			inputPaths = (
				"${PODS_PODFILE_DIR_PATH}/Podfile.lock",
				"${PODS_ROOT}/Manifest.lock",
			);
			name = "[CP] Check Pods Manifest.lock";
			outputPaths = (
				"$(DERIVED_FILE_DIR)/Pods-Cryptotracker-checkManifestLockResult.txt",
			);
			runOnlyForDeploymentPostprocessing = 0;
			shellPath = /bin/sh;
			shellScript = "diff \"${PODS_PODFILE_DIR_PATH}/Podfile.lock\" \"${PODS_ROOT}/Manifest.lock\" > /dev/null\nif [ $? != 0 ] ; then\n    # print error to STDERR\n    echo \"error: The sandbox is not in sync with the Podfile.lock. Run 'pod install' or update your CocoaPods installation.\" >&2\n    exit 1\nfi\n# This output is used by Xcode 'outputs' to avoid re-running this script phase.\necho \"SUCCESS\" > \"${SCRIPT_OUTPUT_FILE_0}\"\n";
			showEnvVarsInLog = 0;
		};
		B5276AFB21A01E5F000A74A5 /* SwiftLint */ = {
			isa = PBXShellScriptBuildPhase;
			buildActionMask = 2147483647;
			files = (
			);
			inputPaths = (
			);
			name = SwiftLint;
			outputPaths = (
			);
			runOnlyForDeploymentPostprocessing = 0;
			shellPath = /bin/sh;
			shellScript = "if which swiftlint >/dev/null; then\nswiftlint\nelse\necho \"warning: SwiftLint not installed, download from https://github.com/realm/SwiftLint\"\nfi\n";
		};
		B54CACEC225B3F5900BE7127 /* R.swift */ = {
			isa = PBXShellScriptBuildPhase;
			buildActionMask = 2147483647;
			files = (
			);
			inputFileListPaths = (
			);
			inputPaths = (
				"$TEMP_DIR/rswift-lastrun",
			);
			name = R.swift;
			outputFileListPaths = (
			);
			outputPaths = (
				$SRCROOT/R.generated.swift,
			);
			runOnlyForDeploymentPostprocessing = 0;
			shellPath = /bin/sh;
			shellScript = "# Type a script or drag a script file from your workspace to insert its path.\n\"$PODS_ROOT/R.swift/rswift\" generate \"$SRCROOT/R.generated.swift\"\n";
		};
		B5A23B1A223D05F600BA2B25 /* Fabric */ = {
			isa = PBXShellScriptBuildPhase;
			buildActionMask = 2147483647;
			files = (
			);
			inputFileListPaths = (
			);
			inputPaths = (
				"$(BUILT_PRODUCTS_DIR)/$(INFOPLIST_PATH)",
			);
			name = Fabric;
			outputFileListPaths = (
			);
			outputPaths = (
			);
			runOnlyForDeploymentPostprocessing = 0;
			shellPath = /bin/sh;
			shellScript = "# Type a script or drag a script file from your workspace to insert its path.\n\"${PODS_ROOT}/Fabric/run\" a1913f7ef45473ccd9922c0a7ee2ee06690f81e1 83addb1810900c2c667ad287ef803bbda5cb0fe0205aca6e63e4e652907d1868\n";
		};
/* End PBXShellScriptBuildPhase section */

/* Begin PBXSourcesBuildPhase section */
		B5276AA621A00F59000A74A5 /* Sources */ = {
			isa = PBXSourcesBuildPhase;
			buildActionMask = 2147483647;
			files = (
				B5FCEA88220B05FB00E4B433 /* CurrencyDetailsBottomCell.swift in Sources */,
				B55501012237A89C00FB7165 /* SVGKFastImageView+Extensions.swift in Sources */,
				B572E93F2202AD4F00778DA8 /* CRRoot.swift in Sources */,
				B5E93D4621A6E64200D1705A /* DataStore.swift in Sources */,
				B501297821A940DA001B6A04 /* WatchlistModels.swift in Sources */,
				B5276B8D21A2A37E000A74A5 /* NetworkManager.swift in Sources */,
				B50129AD21ABE1FB001B6A04 /* CurrencyDetailsCell.swift in Sources */,
				B5E93D8E21A90A6F00D1705A /* WidgetFactory.swift in Sources */,
				B5276B7021A2A2D7000A74A5 /* JSONParameterEncoder.swift in Sources */,
				B5276B6C21A2A2C2000A74A5 /* URLParameterEncoder.swift in Sources */,
				B5276B6821A2A29B000A74A5 /* ParameterEncoding.swift in Sources */,
				B5276B5621A28183000A74A5 /* PostsViewController.swift in Sources */,
				B5E1D6BF221D6CCB005419C8 /* ErrorView.swift in Sources */,
				B5E93CF021A6A3AE00D1705A /* Constants.swift in Sources */,
				B501299721A94BC0001B6A04 /* CurrencyDetailsInteractor.swift in Sources */,
				B5FCEAC52212D8FC00E4B433 /* AddToWatchlistInteractor.swift in Sources */,
				B5276AAE21A00F59000A74A5 /* AppDelegate.swift in Sources */,
				B5276B5921A28183000A74A5 /* PostsViewModel.swift in Sources */,
				B501299121A94BC0001B6A04 /* CurrencyDetailsModels.swift in Sources */,
				B572E95B2202F34900778DA8 /* DataCache.swift in Sources */,
				B55500FD2237953B00FB7165 /* Price.swift in Sources */,
				B5271261223A365D00D57639 /* RatingController.swift in Sources */,
				B5E93D5121A7C0BC00D1705A /* FontSelectorView.swift in Sources */,
				B54CACE7225635B400BE7127 /* CWError.swift in Sources */,
				B54CACEE225B411700BE7127 /* R.generated.swift in Sources */,
				B5F3D3F22249DEEB00B69295 /* Theme.swift in Sources */,
				B527122D2238DA1A00D57639 /* ConfigRouter.swift in Sources */,
				B5276B8521A2A353000A74A5 /* NetworkRouter.swift in Sources */,
				B5E93D3621A6B9B000D1705A /* DataAccessError.swift in Sources */,
				B5E1D6C5221EDC2A005419C8 /* CoinsWorker.swift in Sources */,
				B5276B4D21A28183000A74A5 /* PostsWorker.swift in Sources */,
				B5276B8121A2A33F000A74A5 /* NetworkError.swift in Sources */,
				B5E93D4B21A6FCE600D1705A /* MainTabBarController.swift in Sources */,
				B54CACF0225B44D400BE7127 /* CoinsListView.swift in Sources */,
				B5276B5321A28183000A74A5 /* PostsModels.swift in Sources */,
				B5276B8921A2A369000A74A5 /* Router.swift in Sources */,
				B572E9472202AFBA00778DA8 /* CRStats.swift in Sources */,
				B5A1FE0E225C899900341CCC /* SortableViewModel.swift in Sources */,
				B5276B6321A2A171000A74A5 /* PostsNetworkManager.swift in Sources */,
				B5276B7D21A2A32A000A74A5 /* HTTPTask.swift in Sources */,
				B52712142238D38900D57639 /* Bootstrap.swift in Sources */,
				B5217EAD2205948C00FF6DD5 /* CRTimeframe.swift in Sources */,
				B5CB3660221422ED00087C41 /* AddToWatchlistCell.swift in Sources */,
				B5F14D2B22040B5300DE5E62 /* CRDataCoin.swift in Sources */,
				B5FCEABC2212D8FC00E4B433 /* AddToWatchlistRouter.swift in Sources */,
				B572E9432202AF0F00778DA8 /* CRDataList.swift in Sources */,
				B5276AF921A0124D000A74A5 /* CoinsViewController.swift in Sources */,
				B52712102238D33800D57639 /* ConfigNetworkManager.swift in Sources */,
				B501298821A94BC0001B6A04 /* CurrencyDetailsPresenter.swift in Sources */,
				B501298E21A94BC0001B6A04 /* CurrencyDetailsRouter.swift in Sources */,
				B5217EB12205960100FF6DD5 /* CRDataHistory.swift in Sources */,
				B54CACF2225B463800BE7127 /* CoinsListHeaderView.swift in Sources */,
				B5E93D5521A7E68000D1705A /* PostNavigationView.swift in Sources */,
				B5A1FE07225C5E4400341CCC /* SortableProtocols.swift in Sources */,
				B527120C2238CF4D00D57639 /* ConfigEndPoint.swift in Sources */,
				B5E93D6421A8213500D1705A /* CurrenciesEndPoint.swift in Sources */,
				B5271263223A365D00D57639 /* VRateBar.swift in Sources */,
				B501299C21A9600E001B6A04 /* CurrencyChart.swift in Sources */,
				B5E93D3A21A6B9DD00D1705A /* PostDataHelper.swift in Sources */,
				B527122A2238DA1A00D57639 /* ConfigWorker.swift in Sources */,
				B5F5BFA721A426680012599B /* PostsCell.swift in Sources */,
				B5FCEA8C220D6B4200E4B433 /* VCMenu.swift in Sources */,
				B5E93D3E21A6CEFC00D1705A /* CategoryDataHelper.swift in Sources */,
				B501297E21A940DA001B6A04 /* WatchlistViewModel.swift in Sources */,
				B5F046EF2207EFA5007B7C0D /* CurrencyChartInfoView.swift in Sources */,
				B52712272238DA1A00D57639 /* ConfigPresenter.swift in Sources */,
				B5E93D2E21A6B90F00D1705A /* SQLiteDataStore.swift in Sources */,
				B572E9532202B31900778DA8 /* CRPrice.swift in Sources */,
				B5A1FE09225C637600341CCC /* CoinsProtocols.swift in Sources */,
				B5E93D8721A82C5900D1705A /* TVCCrypto.swift in Sources */,
				B5A1FE10225C9C0300341CCC /* WatchlistProtocols.swift in Sources */,
				B5FCEA9D220EB77100E4B433 /* BDHamburger.swift in Sources */,
				B5276B7921A2A313000A74A5 /* HTTPMethod.swift in Sources */,
				B5FCEAB62212D8FC00E4B433 /* AddToWatchlistPresenter.swift in Sources */,
				B572E94F2202AFF700778DA8 /* CRCoin.swift in Sources */,
				B5FCEA94220DA2D700E4B433 /* UIColor+Extensions.swift in Sources */,
				B594F04D223E1DB6005B8566 /* SortableWorker.swift in Sources */,
				B52712332238DA1A00D57639 /* ConfigViewController.swift in Sources */,
				B501297B21A940DA001B6A04 /* WatchlistViewController.swift in Sources */,
				B5276B5F21A29DD9000A74A5 /* Post.swift in Sources */,
				B5E93D4221A6D83200D1705A /* PostCategoryDataHelper.swift in Sources */,
				B5737D4D2244E76E00C6A687 /* DateTimeService.swift in Sources */,
				B5E93D6821A8214600D1705A /* CurrenciesNetworkManager.swift in Sources */,
				B5FCEAC22212D8FC00E4B433 /* AddToWatchlistViewController.swift in Sources */,
				B572E9572202B7A300778DA8 /* CRCoinDataHelper.swift in Sources */,
				B5A1FE12225CBB0C00341CCC /* PostsProtocols.swift in Sources */,
				B54CACEB2257068E00BE7127 /* DSError.swift in Sources */,
				B54CACE92256587200BE7127 /* Sortable.swift in Sources */,
				B5A1FE02225BC43300341CCC /* CoinsViewModel.swift in Sources */,
				B5E93D3221A6B98E00D1705A /* DataHelperProtocol.swift in Sources */,
				B5FCEABF2212D8FC00E4B433 /* AddToWatchlistModels.swift in Sources */,
				B52712362238DA1A00D57639 /* ConfigInteractor.swift in Sources */,
				B5276B4021A27FDD000A74A5 /* PostsEndPoint.swift in Sources */,
				B5271262223A365D00D57639 /* VRoundView.swift in Sources */,
				B572E94B2202AFDF00778DA8 /* CRBase.swift in Sources */,
				B5A1FE0C225C666E00341CCC /* CoinsWorkerLogic.swift in Sources */,
				B5FCEA98220DB0C400E4B433 /* SEmail.swift in Sources */,
				B501299421A94BC0001B6A04 /* CurrencyDetailsViewController.swift in Sources */,
				B5276B7521A2A2FD000A74A5 /* EndPointType.swift in Sources */,
			);
			runOnlyForDeploymentPostprocessing = 0;
		};
		B594F033223D3DBE005B8566 /* Sources */ = {
			isa = PBXSourcesBuildPhase;
			buildActionMask = 2147483647;
			files = (
				B5F3D3F02249262900B69295 /* CRCoin+Extensions.swift in Sources */,
				B5F3D3EB224900C100B69295 /* CRPriceInitFromJsonTests.swift in Sources */,
				B5F6F13D2240D03D00E2D130 /* CRCoinTests.swift in Sources */,
				B5F3D3E92248FFDF00B69295 /* CRPriceInitTests.swift in Sources */,
				B594F046223D43EC005B8566 /* CRCoinPriceTest.swift in Sources */,
				B5BFC89B225373F5000DD490 /* CRCoinWebsiteURLTests.swift in Sources */,
				B594F044223D3E85005B8566 /* PriceTests.swift in Sources */,
				B5737D4B2244E74A00C6A687 /* DateTests.swift in Sources */,
			);
			runOnlyForDeploymentPostprocessing = 0;
		};
/* End PBXSourcesBuildPhase section */

/* Begin PBXTargetDependency section */
		B594F03D223D3DBE005B8566 /* PBXTargetDependency */ = {
			isa = PBXTargetDependency;
			target = B5276AA921A00F59000A74A5 /* Cryptotracker */;
			targetProxy = B594F03C223D3DBE005B8566 /* PBXContainerItemProxy */;
		};
/* End PBXTargetDependency section */

/* Begin PBXVariantGroup section */
		B5276AB621A00F5A000A74A5 /* LaunchScreen.storyboard */ = {
			isa = PBXVariantGroup;
			children = (
				B5276AB721A00F5A000A74A5 /* Base */,
			);
			name = LaunchScreen.storyboard;
			sourceTree = "<group>";
		};
		B54CACF9225B473700BE7127 /* Localizable.strings */ = {
			isa = PBXVariantGroup;
			children = (
				B54CACF8225B473700BE7127 /* en */,
			);
			name = Localizable.strings;
			sourceTree = "<group>";
		};
/* End PBXVariantGroup section */

/* Begin XCBuildConfiguration section */
		B527124F2239216B00D57639 /* Staging */ = {
			isa = XCBuildConfiguration;
			baseConfigurationReference = B5271255223922CE00D57639 /* StagingConfig.xcconfig */;
			buildSettings = {
				ALWAYS_SEARCH_USER_PATHS = NO;
				CLANG_ANALYZER_NONNULL = YES;
				CLANG_ANALYZER_NUMBER_OBJECT_CONVERSION = YES_AGGRESSIVE;
				CLANG_CXX_LANGUAGE_STANDARD = "gnu++14";
				CLANG_CXX_LIBRARY = "libc++";
				CLANG_ENABLE_MODULES = YES;
				CLANG_ENABLE_OBJC_ARC = YES;
				CLANG_ENABLE_OBJC_WEAK = YES;
				CLANG_WARN_BLOCK_CAPTURE_AUTORELEASING = YES;
				CLANG_WARN_BOOL_CONVERSION = YES;
				CLANG_WARN_COMMA = YES;
				CLANG_WARN_CONSTANT_CONVERSION = YES;
				CLANG_WARN_DEPRECATED_OBJC_IMPLEMENTATIONS = YES;
				CLANG_WARN_DIRECT_OBJC_ISA_USAGE = YES_ERROR;
				CLANG_WARN_DOCUMENTATION_COMMENTS = YES;
				CLANG_WARN_EMPTY_BODY = YES;
				CLANG_WARN_ENUM_CONVERSION = YES;
				CLANG_WARN_INFINITE_RECURSION = YES;
				CLANG_WARN_INT_CONVERSION = YES;
				CLANG_WARN_NON_LITERAL_NULL_CONVERSION = YES;
				CLANG_WARN_OBJC_IMPLICIT_RETAIN_SELF = YES;
				CLANG_WARN_OBJC_LITERAL_CONVERSION = YES;
				CLANG_WARN_OBJC_ROOT_CLASS = YES_ERROR;
				CLANG_WARN_RANGE_LOOP_ANALYSIS = YES;
				CLANG_WARN_STRICT_PROTOTYPES = YES;
				CLANG_WARN_SUSPICIOUS_MOVE = YES;
				CLANG_WARN_UNGUARDED_AVAILABILITY = YES_AGGRESSIVE;
				CLANG_WARN_UNREACHABLE_CODE = YES;
				CLANG_WARN__DUPLICATE_METHOD_MATCH = YES;
				CODE_SIGN_IDENTITY = "iPhone Developer";
				COPY_PHASE_STRIP = NO;
				CURRENT_PROJECT_VERSION = 12;
				DEBUG_INFORMATION_FORMAT = dwarf;
				ENABLE_STRICT_OBJC_MSGSEND = YES;
				ENABLE_TESTABILITY = YES;
				GCC_C_LANGUAGE_STANDARD = gnu11;
				GCC_DYNAMIC_NO_PIC = NO;
				GCC_NO_COMMON_BLOCKS = YES;
				GCC_OPTIMIZATION_LEVEL = 0;
				GCC_PREPROCESSOR_DEFINITIONS = (
					"DEBUG=1",
					"$(inherited)",
				);
				GCC_WARN_64_TO_32_BIT_CONVERSION = YES;
				GCC_WARN_ABOUT_RETURN_TYPE = YES_ERROR;
				GCC_WARN_UNDECLARED_SELECTOR = YES;
				GCC_WARN_UNINITIALIZED_AUTOS = YES_AGGRESSIVE;
				GCC_WARN_UNUSED_FUNCTION = YES;
				GCC_WARN_UNUSED_VARIABLE = YES;
				IPHONEOS_DEPLOYMENT_TARGET = 11.4;
				MTL_ENABLE_DEBUG_INFO = YES;
				ONLY_ACTIVE_ARCH = YES;
				SDKROOT = iphoneos;
				SWIFT_ACTIVE_COMPILATION_CONDITIONS = DEBUG;
				SWIFT_OPTIMIZATION_LEVEL = "-Onone";
				SWIFT_VERSION = 4.2;
				VERSIONING_SYSTEM = "apple-generic";
			};
			name = Staging;
		};
		B52712502239216B00D57639 /* Staging */ = {
			isa = XCBuildConfiguration;
			baseConfigurationReference = B5271255223922CE00D57639 /* StagingConfig.xcconfig */;
			buildSettings = {
				ASSETCATALOG_COMPILER_APPICON_NAME = "$(C_APP_ICON)";
				CODE_SIGN_IDENTITY = "iPhone Developer";
				CODE_SIGN_STYLE = Automatic;
				CURRENT_PROJECT_VERSION = 12;
				DEVELOPMENT_TEAM = U4R65QQKZ7;
				INFOPLIST_FILE = Cryptotracker/Info.plist;
				LD_RUNPATH_SEARCH_PATHS = (
					"$(inherited)",
					"@executable_path/Frameworks",
				);
				PRODUCT_BUNDLE_IDENTIFIER = "$(C_APP_BUNDLE_ID)";
				PRODUCT_NAME = "$(TARGET_NAME)";
				PROVISIONING_PROFILE_SPECIFIER = "";
				SWIFT_VERSION = 5.0;
				TARGETED_DEVICE_FAMILY = "1,2";
				VERSIONING_SYSTEM = "apple-generic";
			};
			name = Staging;
		};
		B5276ABA21A00F5A000A74A5 /* Debug */ = {
			isa = XCBuildConfiguration;
			baseConfigurationReference = B5271254223922BE00D57639 /* DebugConfig.xcconfig */;
			buildSettings = {
				ALWAYS_SEARCH_USER_PATHS = NO;
				CLANG_ANALYZER_NONNULL = YES;
				CLANG_ANALYZER_NUMBER_OBJECT_CONVERSION = YES_AGGRESSIVE;
				CLANG_CXX_LANGUAGE_STANDARD = "gnu++14";
				CLANG_CXX_LIBRARY = "libc++";
				CLANG_ENABLE_MODULES = YES;
				CLANG_ENABLE_OBJC_ARC = YES;
				CLANG_ENABLE_OBJC_WEAK = YES;
				CLANG_WARN_BLOCK_CAPTURE_AUTORELEASING = YES;
				CLANG_WARN_BOOL_CONVERSION = YES;
				CLANG_WARN_COMMA = YES;
				CLANG_WARN_CONSTANT_CONVERSION = YES;
				CLANG_WARN_DEPRECATED_OBJC_IMPLEMENTATIONS = YES;
				CLANG_WARN_DIRECT_OBJC_ISA_USAGE = YES_ERROR;
				CLANG_WARN_DOCUMENTATION_COMMENTS = YES;
				CLANG_WARN_EMPTY_BODY = YES;
				CLANG_WARN_ENUM_CONVERSION = YES;
				CLANG_WARN_INFINITE_RECURSION = YES;
				CLANG_WARN_INT_CONVERSION = YES;
				CLANG_WARN_NON_LITERAL_NULL_CONVERSION = YES;
				CLANG_WARN_OBJC_IMPLICIT_RETAIN_SELF = YES;
				CLANG_WARN_OBJC_LITERAL_CONVERSION = YES;
				CLANG_WARN_OBJC_ROOT_CLASS = YES_ERROR;
				CLANG_WARN_RANGE_LOOP_ANALYSIS = YES;
				CLANG_WARN_STRICT_PROTOTYPES = YES;
				CLANG_WARN_SUSPICIOUS_MOVE = YES;
				CLANG_WARN_UNGUARDED_AVAILABILITY = YES_AGGRESSIVE;
				CLANG_WARN_UNREACHABLE_CODE = YES;
				CLANG_WARN__DUPLICATE_METHOD_MATCH = YES;
				CODE_SIGN_IDENTITY = "iPhone Developer";
				COPY_PHASE_STRIP = NO;
				CURRENT_PROJECT_VERSION = 12;
				DEBUG_INFORMATION_FORMAT = dwarf;
				ENABLE_STRICT_OBJC_MSGSEND = YES;
				ENABLE_TESTABILITY = YES;
				GCC_C_LANGUAGE_STANDARD = gnu11;
				GCC_DYNAMIC_NO_PIC = NO;
				GCC_NO_COMMON_BLOCKS = YES;
				GCC_OPTIMIZATION_LEVEL = 0;
				GCC_PREPROCESSOR_DEFINITIONS = (
					"DEBUG=1",
					"$(inherited)",
				);
				GCC_WARN_64_TO_32_BIT_CONVERSION = YES;
				GCC_WARN_ABOUT_RETURN_TYPE = YES_ERROR;
				GCC_WARN_UNDECLARED_SELECTOR = YES;
				GCC_WARN_UNINITIALIZED_AUTOS = YES_AGGRESSIVE;
				GCC_WARN_UNUSED_FUNCTION = YES;
				GCC_WARN_UNUSED_VARIABLE = YES;
				IPHONEOS_DEPLOYMENT_TARGET = 11.4;
				MTL_ENABLE_DEBUG_INFO = YES;
				ONLY_ACTIVE_ARCH = YES;
				SDKROOT = iphoneos;
				SWIFT_ACTIVE_COMPILATION_CONDITIONS = DEBUG;
				SWIFT_OPTIMIZATION_LEVEL = "-Onone";
				SWIFT_VERSION = 4.2;
				VERSIONING_SYSTEM = "apple-generic";
			};
			name = Debug;
		};
		B5276ABB21A00F5A000A74A5 /* Release */ = {
			isa = XCBuildConfiguration;
			baseConfigurationReference = B5271256223922DB00D57639 /* ReleaseConfig.xcconfig */;
			buildSettings = {
				ALWAYS_SEARCH_USER_PATHS = NO;
				CLANG_ANALYZER_NONNULL = YES;
				CLANG_ANALYZER_NUMBER_OBJECT_CONVERSION = YES_AGGRESSIVE;
				CLANG_CXX_LANGUAGE_STANDARD = "gnu++14";
				CLANG_CXX_LIBRARY = "libc++";
				CLANG_ENABLE_MODULES = YES;
				CLANG_ENABLE_OBJC_ARC = YES;
				CLANG_ENABLE_OBJC_WEAK = YES;
				CLANG_WARN_BLOCK_CAPTURE_AUTORELEASING = YES;
				CLANG_WARN_BOOL_CONVERSION = YES;
				CLANG_WARN_COMMA = YES;
				CLANG_WARN_CONSTANT_CONVERSION = YES;
				CLANG_WARN_DEPRECATED_OBJC_IMPLEMENTATIONS = YES;
				CLANG_WARN_DIRECT_OBJC_ISA_USAGE = YES_ERROR;
				CLANG_WARN_DOCUMENTATION_COMMENTS = YES;
				CLANG_WARN_EMPTY_BODY = YES;
				CLANG_WARN_ENUM_CONVERSION = YES;
				CLANG_WARN_INFINITE_RECURSION = YES;
				CLANG_WARN_INT_CONVERSION = YES;
				CLANG_WARN_NON_LITERAL_NULL_CONVERSION = YES;
				CLANG_WARN_OBJC_IMPLICIT_RETAIN_SELF = YES;
				CLANG_WARN_OBJC_LITERAL_CONVERSION = YES;
				CLANG_WARN_OBJC_ROOT_CLASS = YES_ERROR;
				CLANG_WARN_RANGE_LOOP_ANALYSIS = YES;
				CLANG_WARN_STRICT_PROTOTYPES = YES;
				CLANG_WARN_SUSPICIOUS_MOVE = YES;
				CLANG_WARN_UNGUARDED_AVAILABILITY = YES_AGGRESSIVE;
				CLANG_WARN_UNREACHABLE_CODE = YES;
				CLANG_WARN__DUPLICATE_METHOD_MATCH = YES;
				CODE_SIGN_IDENTITY = "iPhone Developer";
				COPY_PHASE_STRIP = NO;
				CURRENT_PROJECT_VERSION = 12;
				DEBUG_INFORMATION_FORMAT = "dwarf-with-dsym";
				ENABLE_NS_ASSERTIONS = NO;
				ENABLE_STRICT_OBJC_MSGSEND = YES;
				GCC_C_LANGUAGE_STANDARD = gnu11;
				GCC_NO_COMMON_BLOCKS = YES;
				GCC_WARN_64_TO_32_BIT_CONVERSION = YES;
				GCC_WARN_ABOUT_RETURN_TYPE = YES_ERROR;
				GCC_WARN_UNDECLARED_SELECTOR = YES;
				GCC_WARN_UNINITIALIZED_AUTOS = YES_AGGRESSIVE;
				GCC_WARN_UNUSED_FUNCTION = YES;
				GCC_WARN_UNUSED_VARIABLE = YES;
				IPHONEOS_DEPLOYMENT_TARGET = 11.4;
				MTL_ENABLE_DEBUG_INFO = NO;
				SDKROOT = iphoneos;
				SWIFT_COMPILATION_MODE = wholemodule;
				SWIFT_OPTIMIZATION_LEVEL = "-O";
				SWIFT_VERSION = 4.2;
				VALIDATE_PRODUCT = YES;
				VERSIONING_SYSTEM = "apple-generic";
			};
			name = Release;
		};
		B5276ABD21A00F5A000A74A5 /* Debug */ = {
			isa = XCBuildConfiguration;
			baseConfigurationReference = B5271254223922BE00D57639 /* DebugConfig.xcconfig */;
			buildSettings = {
				ASSETCATALOG_COMPILER_APPICON_NAME = "$(C_APP_ICON)";
				CODE_SIGN_IDENTITY = "iPhone Developer";
				CODE_SIGN_STYLE = Automatic;
				CURRENT_PROJECT_VERSION = 12;
				DEVELOPMENT_TEAM = U4R65QQKZ7;
				INFOPLIST_FILE = Cryptotracker/Info.plist;
				LD_RUNPATH_SEARCH_PATHS = (
					"$(inherited)",
					"@executable_path/Frameworks",
				);
				PRODUCT_BUNDLE_IDENTIFIER = "$(C_APP_BUNDLE_ID)";
				PRODUCT_NAME = "$(TARGET_NAME)";
				PROVISIONING_PROFILE_SPECIFIER = "";
				SWIFT_VERSION = 5.0;
				TARGETED_DEVICE_FAMILY = "1,2";
				VERSIONING_SYSTEM = "apple-generic";
			};
			name = Debug;
		};
		B5276ABE21A00F5A000A74A5 /* Release */ = {
			isa = XCBuildConfiguration;
			baseConfigurationReference = B5271256223922DB00D57639 /* ReleaseConfig.xcconfig */;
			buildSettings = {
				ASSETCATALOG_COMPILER_APPICON_NAME = "$(C_APP_ICON)";
				CODE_SIGN_IDENTITY = "iPhone Developer";
				CODE_SIGN_STYLE = Automatic;
				CURRENT_PROJECT_VERSION = 12;
				DEVELOPMENT_TEAM = U4R65QQKZ7;
				INFOPLIST_FILE = Cryptotracker/Info.plist;
				LD_RUNPATH_SEARCH_PATHS = (
					"$(inherited)",
					"@executable_path/Frameworks",
				);
				PRODUCT_BUNDLE_IDENTIFIER = "$(C_APP_BUNDLE_ID)";
				PRODUCT_NAME = "$(TARGET_NAME)";
				PROVISIONING_PROFILE_SPECIFIER = "";
				SWIFT_VERSION = 5.0;
				TARGETED_DEVICE_FAMILY = "1,2";
				VERSIONING_SYSTEM = "apple-generic";
			};
			name = Release;
		};
		B594F03F223D3DBE005B8566 /* Debug */ = {
			isa = XCBuildConfiguration;
			buildSettings = {
				BUNDLE_LOADER = "$(TEST_HOST)";
				CODE_SIGN_STYLE = Automatic;
				DEVELOPMENT_TEAM = U4R65QQKZ7;
				INFOPLIST_FILE = CryptotrackerTests/Info.plist;
				IPHONEOS_DEPLOYMENT_TARGET = 12.1;
				LD_RUNPATH_SEARCH_PATHS = (
					"$(inherited)",
					"@executable_path/Frameworks",
					"@loader_path/Frameworks",
				);
				MTL_ENABLE_DEBUG_INFO = INCLUDE_SOURCE;
				MTL_FAST_MATH = YES;
				PRODUCT_BUNDLE_IDENTIFIER = com.makeuseof.CryptotrackerTests;
				PRODUCT_NAME = "$(TARGET_NAME)";
				SWIFT_VERSION = 4.2;
				TARGETED_DEVICE_FAMILY = "1,2";
				TEST_HOST = "$(BUILT_PRODUCTS_DIR)/Cryptotracker.app/Cryptotracker";
			};
			name = Debug;
		};
		B594F040223D3DBE005B8566 /* Staging */ = {
			isa = XCBuildConfiguration;
			buildSettings = {
				BUNDLE_LOADER = "$(TEST_HOST)";
				CODE_SIGN_STYLE = Automatic;
				DEVELOPMENT_TEAM = U4R65QQKZ7;
				INFOPLIST_FILE = CryptotrackerTests/Info.plist;
				IPHONEOS_DEPLOYMENT_TARGET = 12.1;
				LD_RUNPATH_SEARCH_PATHS = (
					"$(inherited)",
					"@executable_path/Frameworks",
					"@loader_path/Frameworks",
				);
				MTL_FAST_MATH = YES;
				PRODUCT_BUNDLE_IDENTIFIER = com.makeuseof.CryptotrackerTests;
				PRODUCT_NAME = "$(TARGET_NAME)";
				SWIFT_VERSION = 4.2;
				TARGETED_DEVICE_FAMILY = "1,2";
				TEST_HOST = "$(BUILT_PRODUCTS_DIR)/Cryptotracker.app/Cryptotracker";
			};
			name = Staging;
		};
		B594F041223D3DBE005B8566 /* Release */ = {
			isa = XCBuildConfiguration;
			buildSettings = {
				BUNDLE_LOADER = "$(TEST_HOST)";
				CODE_SIGN_STYLE = Automatic;
				DEVELOPMENT_TEAM = U4R65QQKZ7;
				INFOPLIST_FILE = CryptotrackerTests/Info.plist;
				IPHONEOS_DEPLOYMENT_TARGET = 12.1;
				LD_RUNPATH_SEARCH_PATHS = (
					"$(inherited)",
					"@executable_path/Frameworks",
					"@loader_path/Frameworks",
				);
				MTL_FAST_MATH = YES;
				PRODUCT_BUNDLE_IDENTIFIER = com.makeuseof.CryptotrackerTests;
				PRODUCT_NAME = "$(TARGET_NAME)";
				SWIFT_VERSION = 4.2;
				TARGETED_DEVICE_FAMILY = "1,2";
				TEST_HOST = "$(BUILT_PRODUCTS_DIR)/Cryptotracker.app/Cryptotracker";
			};
			name = Release;
		};
/* End XCBuildConfiguration section */

/* Begin XCConfigurationList section */
		B5276AA521A00F59000A74A5 /* Build configuration list for PBXProject "Cryptotracker" */ = {
			isa = XCConfigurationList;
			buildConfigurations = (
				B5276ABA21A00F5A000A74A5 /* Debug */,
				B527124F2239216B00D57639 /* Staging */,
				B5276ABB21A00F5A000A74A5 /* Release */,
			);
			defaultConfigurationIsVisible = 0;
			defaultConfigurationName = Release;
		};
		B5276ABC21A00F5A000A74A5 /* Build configuration list for PBXNativeTarget "Cryptotracker" */ = {
			isa = XCConfigurationList;
			buildConfigurations = (
				B5276ABD21A00F5A000A74A5 /* Debug */,
				B52712502239216B00D57639 /* Staging */,
				B5276ABE21A00F5A000A74A5 /* Release */,
			);
			defaultConfigurationIsVisible = 0;
			defaultConfigurationName = Release;
		};
		B594F03E223D3DBE005B8566 /* Build configuration list for PBXNativeTarget "CryptotrackerTests" */ = {
			isa = XCConfigurationList;
			buildConfigurations = (
				B594F03F223D3DBE005B8566 /* Debug */,
				B594F040223D3DBE005B8566 /* Staging */,
				B594F041223D3DBE005B8566 /* Release */,
			);
			defaultConfigurationIsVisible = 0;
			defaultConfigurationName = Release;
		};
/* End XCConfigurationList section */
	};
	rootObject = B5276AA221A00F59000A74A5 /* Project object */;
}
